<?xml version="1.0" encoding="utf-8"?>
<Project ToolsVersion="4.0" xmlns="http://schemas.microsoft.com/developer/msbuild/2003">
  <ItemGroup>
    <Filter Include="Source Files">
      <UniqueIdentifier>{4FC737F1-C7A5-4376-A066-2A32D752A2FF}</UniqueIdentifier>
      <Extensions>cpp;c;cc;cxx;def;odl;idl;hpj;bat;asm;asmx</Extensions>
    </Filter>
    <Filter Include="Header Files">
      <UniqueIdentifier>{93995380-89BD-4b04-88EB-625FBE52EBFB}</UniqueIdentifier>
      <Extensions>h;hh;hpp;hxx;hm;inl;inc;xsd</Extensions>
    </Filter>
    <Filter Include="Source Files\States">
      <UniqueIdentifier>{61f62bb9-5bfc-46f4-98b2-ff9f822154ae}</UniqueIdentifier>
    </Filter>
    <Filter Include="miniball">
      <UniqueIdentifier>{baa8049b-5ef1-4af6-b8b7-d019e52f0867}</UniqueIdentifier>
    </Filter>
    <Filter Include="convhull">
      <UniqueIdentifier>{16b0aa13-3ea7-4211-bef6-e7a1047efd87}</UniqueIdentifier>
    </Filter>
    <Filter Include="Source Files\Objects">
      <UniqueIdentifier>{1689bc2d-d82d-43f4-9860-bd96a42fc04e}</UniqueIdentifier>
    </Filter>
    <Filter Include="engine">
      <UniqueIdentifier>{b825812d-d6d9-4db8-b627-5449dfc6db6a}</UniqueIdentifier>
    </Filter>
    <Filter Include="engine\input">
      <UniqueIdentifier>{0facde4d-d456-4b50-9ce9-daab74ad9b27}</UniqueIdentifier>
    </Filter>
    <Filter Include="engine\MeshObject">
      <UniqueIdentifier>{10b2c2b0-8208-4a3d-ba5d-b1cf1c0f5dc4}</UniqueIdentifier>
    </Filter>
    <Filter Include="engine\sound">
      <UniqueIdentifier>{af2fe3bc-45b1-4b7b-a4bf-f2b78430cea2}</UniqueIdentifier>
    </Filter>
    <Filter Include="Source Files\UI">
      <UniqueIdentifier>{7b68a3d5-73eb-423e-b48e-9b44561208f6}</UniqueIdentifier>
    </Filter>
    <Filter Include="Physics">
      <UniqueIdentifier>{25bd00d9-4d5e-4732-bac4-aec51435a245}</UniqueIdentifier>
    </Filter>
    <Filter Include="Source Files\Utils">
      <UniqueIdentifier>{c5ffcde2-dc23-4afa-a0da-d27a2ced2fdd}</UniqueIdentifier>
    </Filter>
    <Filter Include="engine\collision">
      <UniqueIdentifier>{a8ab60a4-23c7-4a80-9ea5-930f359b0744}</UniqueIdentifier>
    </Filter>
    <Filter Include="engine\animation">
      <UniqueIdentifier>{b0dd8b9e-8e51-446d-ae91-0badfcc86648}</UniqueIdentifier>
    </Filter>
    <Filter Include="Resource Files">
      <UniqueIdentifier>{67DA6AB6-F800-4c08-8B7A-83BB121AAD01}</UniqueIdentifier>
      <Extensions>rc;ico;cur;bmp;dlg;rc2;rct;bin;rgs;gif;jpg;jpeg;jpe;resx;tiff;tif;png;wav;mfcribbon-ms</Extensions>
    </Filter>
  </ItemGroup>
  <ItemGroup>
    <ClCompile Include="engine\input\ApplicationEventListener.cpp">
      <Filter>engine\input</Filter>
    </ClCompile>
    <ClCompile Include="engine\input\EventDispatcher.cpp">
      <Filter>engine\input</Filter>
    </ClCompile>
    <ClCompile Include="engine\input\Keyboard.cpp">
      <Filter>engine\input</Filter>
    </ClCompile>
    <ClCompile Include="engine\input\KeyboardEventListener.cpp">
      <Filter>engine\input</Filter>
    </ClCompile>
    <ClCompile Include="engine\input\MouseEventListener.cpp">
      <Filter>engine\input</Filter>
    </ClCompile>
    <ClCompile Include="engine\MeshObject\MeshCapsule.cpp">
      <Filter>engine\MeshObject</Filter>
    </ClCompile>
    <ClCompile Include="engine\MeshObject\MeshCube.cpp">
      <Filter>engine\MeshObject</Filter>
    </ClCompile>
    <ClCompile Include="engine\MeshObject\MeshCylinder.cpp">
      <Filter>engine\MeshObject</Filter>
    </ClCompile>
    <ClCompile Include="engine\MeshObject\MeshDisk.cpp">
      <Filter>engine\MeshObject</Filter>
    </ClCompile>
    <ClCompile Include="engine\MeshObject\MeshQuad.cpp">
      <Filter>engine\MeshObject</Filter>
    </ClCompile>
    <ClCompile Include="engine\MeshObject\MeshSphere.cpp">
      <Filter>engine\MeshObject</Filter>
    </ClCompile>
    <ClCompile Include="engine\MeshObject\MeshSpiral.cpp">
      <Filter>engine\MeshObject</Filter>
    </ClCompile>
    <ClCompile Include="engine\MeshObject\MeshTorus.cpp">
      <Filter>engine\MeshObject</Filter>
    </ClCompile>
    <ClCompile Include="engine\MeshObject\Shape.cpp">
      <Filter>engine\MeshObject</Filter>
    </ClCompile>
    <ClCompile Include="engine\Batchrenderer.cpp">
      <Filter>engine</Filter>
    </ClCompile>
    <ClCompile Include="engine\BuiltInShader.cpp">
      <Filter>engine</Filter>
    </ClCompile>
    <ClCompile Include="engine\Camera.cpp">
      <Filter>engine</Filter>
    </ClCompile>
    <ClCompile Include="engine\CharacterSet.cpp">
      <Filter>engine</Filter>
    </ClCompile>
    <ClCompile Include="engine\Cube.cpp">
      <Filter>engine</Filter>
    </ClCompile>
    <ClCompile Include="engine\Fontrenderer.cpp">
      <Filter>engine</Filter>
    </ClCompile>
    <ClCompile Include="engine\Framebuffer.cpp">
      <Filter>engine</Filter>
    </ClCompile>
    <ClCompile Include="engine\Frustum.cpp">
      <Filter>engine</Filter>
    </ClCompile>
    <ClCompile Include="engine\Line.cpp">
      <Filter>engine</Filter>
    </ClCompile>
    <ClCompile Include="engine\Material.cpp">
      <Filter>engine</Filter>
    </ClCompile>
    <ClCompile Include="engine\ObjModel.cpp">
      <Filter>engine</Filter>
    </ClCompile>
    <ClCompile Include="engine\PerlinNoise.cpp">
      <Filter>engine</Filter>
    </ClCompile>
    <ClCompile Include="engine\Quad.cpp">
      <Filter>engine</Filter>
    </ClCompile>
    <ClCompile Include="engine\Random.cpp">
      <Filter>engine</Filter>
    </ClCompile>
    <ClCompile Include="engine\Shader.cpp">
      <Filter>engine</Filter>
    </ClCompile>
    <ClCompile Include="engine\SlicedCube.cpp">
      <Filter>engine</Filter>
    </ClCompile>
    <ClCompile Include="engine\Spritesheet.cpp">
      <Filter>engine</Filter>
    </ClCompile>
    <ClCompile Include="engine\Tetraedron.cpp">
      <Filter>engine</Filter>
    </ClCompile>
    <ClCompile Include="engine\Texture.cpp">
      <Filter>engine</Filter>
    </ClCompile>
    <ClCompile Include="engine\Timer.cpp">
      <Filter>engine</Filter>
    </ClCompile>
    <ClCompile Include="engine\TrackBall.cpp">
      <Filter>engine</Filter>
    </ClCompile>
    <ClCompile Include="engine\Transform.cpp">
      <Filter>engine</Filter>
    </ClCompile>
    <ClCompile Include="engine\Vector.cpp">
      <Filter>engine</Filter>
    </ClCompile>
    <ClCompile Include="engine\VolumeBuffer.cpp">
      <Filter>engine</Filter>
    </ClCompile>
    <ClCompile Include="engine\ArrayBuffer.cpp">
      <Filter>engine</Filter>
    </ClCompile>
    <ClCompile Include="engine\CubeBuffer.cpp">
      <Filter>engine</Filter>
    </ClCompile>
    <ClCompile Include="engine\input\Mouse.cpp">
      <Filter>engine\input</Filter>
    </ClCompile>
    <ClCompile Include="engine\OctreeNew.cpp">
      <Filter>engine</Filter>
    </ClCompile>
    <ClCompile Include="Physics\BspConverter.cpp">
      <Filter>Physics</Filter>
    </ClCompile>
    <ClCompile Include="Physics\BspLoader.cpp">
      <Filter>Physics</Filter>
    </ClCompile>
    <ClCompile Include="Physics\DebugDrawer.cpp">
      <Filter>Physics</Filter>
    </ClCompile>
    <ClCompile Include="Physics\HeightField.cpp">
      <Filter>Physics</Filter>
    </ClCompile>
    <ClCompile Include="Physics\heightfield128x128.cpp">
      <Filter>Physics</Filter>
    </ClCompile>
    <ClCompile Include="Physics\KinematicObject.cpp">
      <Filter>Physics</Filter>
    </ClCompile>
    <ClCompile Include="Physics\KinematicTrigger.cpp">
      <Filter>Physics</Filter>
    </ClCompile>
    <ClCompile Include="Physics\MousePicker.cpp">
      <Filter>Physics</Filter>
    </ClCompile>
    <ClCompile Include="Physics\Physics.cpp">
      <Filter>Physics</Filter>
    </ClCompile>
    <ClCompile Include="Physics\PhysicsCar.cpp">
      <Filter>Physics</Filter>
    </ClCompile>
    <ClCompile Include="Physics\Ragdoll.cpp">
      <Filter>Physics</Filter>
    </ClCompile>
    <ClCompile Include="Physics\ShapeDrawer.cpp">
      <Filter>Physics</Filter>
    </ClCompile>
    <ClCompile Include="Physics\StaticTrigger.cpp">
      <Filter>Physics</Filter>
    </ClCompile>
    <ClCompile Include="src\Application.cpp">
      <Filter>Source Files</Filter>
    </ClCompile>
    <ClCompile Include="src\Objects\Object.cpp">
      <Filter>Source Files\Objects</Filter>
    </ClCompile>
    <ClCompile Include="src\Objects\RenderableObject.cpp">
      <Filter>Source Files\Objects</Filter>
    </ClCompile>
    <ClCompile Include="src\States\Menu.cpp">
      <Filter>Source Files\States</Filter>
    </ClCompile>
    <ClCompile Include="src\UI\Button.cpp">
      <Filter>Source Files\UI</Filter>
    </ClCompile>
    <ClCompile Include="src\UI\SeekerBar.cpp">
      <Filter>Source Files\UI</Filter>
    </ClCompile>
    <ClCompile Include="src\UI\TextField.cpp">
      <Filter>Source Files\UI</Filter>
    </ClCompile>
    <ClCompile Include="src\UI\Widget.cpp">
      <Filter>Source Files\UI</Filter>
    </ClCompile>
    <ClCompile Include="src\Utils\SolidIO.cpp">
      <Filter>Source Files\Utils</Filter>
    </ClCompile>
    <ClCompile Include="src\Utils\Utils.cpp">
      <Filter>Source Files\Utils</Filter>
    </ClCompile>
    <ClCompile Include="src\UI\CheckBox.cpp">
      <Filter>Source Files\UI</Filter>
    </ClCompile>
    <ClCompile Include="src\States\Game.cpp">
      <Filter>Source Files\States</Filter>
    </ClCompile>
    <ClCompile Include="engine\Pixelbuffer.cpp">
      <Filter>engine</Filter>
    </ClCompile>
    <ClCompile Include="src\Background.cpp">
      <Filter>Source Files</Filter>
    </ClCompile>
    <ClCompile Include="src\RandomColor.cpp">
      <Filter>Source Files</Filter>
    </ClCompile>
    <ClCompile Include="src\States\StateMachine.cpp">
      <Filter>Source Files\States</Filter>
    </ClCompile>
    <ClCompile Include="engine\collision\Collision.cpp">
      <Filter>engine\collision</Filter>
    </ClCompile>
    <ClCompile Include="src\main.cpp">
      <Filter>Source Files</Filter>
    </ClCompile>
    <ClCompile Include="src\States\TilePlacing.cpp">
      <Filter>Source Files\States</Filter>
    </ClCompile>
    <ClCompile Include="_Vector.cpp">
      <Filter>Source Files</Filter>
    </ClCompile>
    <ClCompile Include="Bounds.cpp">
      <Filter>Source Files</Filter>
    </ClCompile>
    <ClCompile Include="Bounds3D.cpp">
      <Filter>Source Files</Filter>
    </ClCompile>
    <ClCompile Include="RenderImage.cpp">
      <Filter>Source Files</Filter>
    </ClCompile>
    <ClCompile Include="_Game.cpp">
      <Filter>Source Files</Filter>
    </ClCompile>
    <ClCompile Include="Map.cpp">
      <Filter>Source Files</Filter>
    </ClCompile>
    <ClCompile Include="_Camera.cpp">
      <Filter>Source Files</Filter>
    </ClCompile>
    <ClCompile Include="GridCell.cpp">
      <Filter>Source Files</Filter>
    </ClCompile>
    <ClCompile Include="Tile.cpp">
      <Filter>Source Files</Filter>
    </ClCompile>
    <ClCompile Include="GameObject.cpp">
      <Filter>Source Files</Filter>
    </ClCompile>
    <ClCompile Include="AnimationController.cpp">
      <Filter>Source Files</Filter>
    </ClCompile>
    <ClCompile Include="CollisionModel.cpp">
      <Filter>Source Files</Filter>
    </ClCompile>
    <ClCompile Include="Movement.cpp">
      <Filter>Source Files</Filter>
    </ClCompile>
    <ClCompile Include="AnimationState.cpp">
      <Filter>Source Files</Filter>
    </ClCompile>
    <ClCompile Include="BlendState.cpp">
      <Filter>Source Files</Filter>
    </ClCompile>
    <ClCompile Include="HashIndex.cpp">
      <Filter>Source Files</Filter>
    </ClCompile>
    <ClCompile Include="StateNode.cpp">
      <Filter>Source Files</Filter>
    </ClCompile>
    <ClCompile Include="_Collision.cpp">
      <Filter>Source Files</Filter>
    </ClCompile>
    <ClCompile Include="Box.cpp">
      <Filter>Source Files</Filter>
    </ClCompile>
    <ClCompile Include="RenderTarget.cpp">
      <Filter>Source Files</Filter>
    </ClCompile>
    <ClCompile Include="Entity.cpp">
      <Filter>Source Files</Filter>
    </ClCompile>
    <ClCompile Include="Dictionary.cpp">
      <Filter>Source Files</Filter>
    </ClCompile>
    <ClCompile Include="Renderer.cpp">
      <Filter>Source Files</Filter>
    </ClCompile>
    <ClCompile Include="ErrorLogger.cpp">
      <Filter>Source Files</Filter>
    </ClCompile>
    <ClCompile Include="AnimationControllerManager.cpp">
      <Filter>Source Files</Filter>
    </ClCompile>
    <ClCompile Include="ImageManager.cpp">
      <Filter>Source Files</Filter>
    </ClCompile>
    <ClCompile Include="AnimationManager.cpp">
      <Filter>Source Files</Filter>
    </ClCompile>
    <ClCompile Include="EntityPrefabManager.cpp">
      <Filter>Source Files</Filter>
    </ClCompile>
    <ClCompile Include="CreateEntityPrefabStrategies.cpp">
      <Filter>Source Files</Filter>
    </ClCompile>
    <ClCompile Include="sHero.cpp">
      <Filter>Source Files</Filter>
    </ClCompile>
    <ClCompile Include="TileSet.cpp">
      <Filter>Source Files</Filter>
    </ClCompile>
    <ClCompile Include="src\States\ZomPan.cpp">
      <Filter>Source Files\States</Filter>
    </ClCompile>
    <ClCompile Include="src\States\Plot.cpp">
      <Filter>Source Files\States</Filter>
    </ClCompile>
    <ClCompile Include="engine\ZoomableQuad.cpp">
      <Filter>engine</Filter>
    </ClCompile>
    <ClCompile Include="src\Utils\Rasterizer.cpp">
      <Filter>Source Files\Utils</Filter>
    </ClCompile>
  </ItemGroup>
  <ItemGroup>
    <ClInclude Include="convhull\convhull_3d.h">
      <Filter>convhull</Filter>
    </ClInclude>
    <ClInclude Include="Miniball\Miniball.h">
      <Filter>miniball</Filter>
    </ClInclude>
    <ClInclude Include="engine\input\ApplicationEventListener.h">
      <Filter>engine\input</Filter>
    </ClInclude>
    <ClInclude Include="engine\input\Event.h">
      <Filter>engine\input</Filter>
    </ClInclude>
    <ClInclude Include="engine\input\EventDispatcher.h">
      <Filter>engine\input</Filter>
    </ClInclude>
    <ClInclude Include="engine\input\Keyboard.h">
      <Filter>engine\input</Filter>
    </ClInclude>
    <ClInclude Include="engine\input\KeyboardEventListener.h">
      <Filter>engine\input</Filter>
    </ClInclude>
    <ClInclude Include="engine\input\MouseEventListener.h">
      <Filter>engine\input</Filter>
    </ClInclude>
    <ClInclude Include="engine\MeshObject\MeshCapsule.h">
      <Filter>engine\MeshObject</Filter>
    </ClInclude>
    <ClInclude Include="engine\MeshObject\MeshCube.h">
      <Filter>engine\MeshObject</Filter>
    </ClInclude>
    <ClInclude Include="engine\MeshObject\MeshCylinder.h">
      <Filter>engine\MeshObject</Filter>
    </ClInclude>
    <ClInclude Include="engine\MeshObject\MeshDisk.h">
      <Filter>engine\MeshObject</Filter>
    </ClInclude>
    <ClInclude Include="engine\MeshObject\MeshQuad.h">
      <Filter>engine\MeshObject</Filter>
    </ClInclude>
    <ClInclude Include="engine\MeshObject\MeshSphere.h">
      <Filter>engine\MeshObject</Filter>
    </ClInclude>
    <ClInclude Include="engine\MeshObject\MeshSpiral.h">
      <Filter>engine\MeshObject</Filter>
    </ClInclude>
    <ClInclude Include="engine\MeshObject\MeshTorus.h">
      <Filter>engine\MeshObject</Filter>
    </ClInclude>
    <ClInclude Include="engine\MeshObject\Shape.h">
      <Filter>engine\MeshObject</Filter>
    </ClInclude>
    <ClInclude Include="engine\AssetManger.h">
      <Filter>engine</Filter>
    </ClInclude>
    <ClInclude Include="engine\Batchrenderer.h">
      <Filter>engine</Filter>
    </ClInclude>
    <ClInclude Include="engine\BuiltInShader.h">
      <Filter>engine</Filter>
    </ClInclude>
    <ClInclude Include="engine\Camera.h">
      <Filter>engine</Filter>
    </ClInclude>
    <ClInclude Include="engine\CharacterSet.h">
      <Filter>engine</Filter>
    </ClInclude>
    <ClInclude Include="engine\Clock.h">
      <Filter>engine</Filter>
    </ClInclude>
    <ClInclude Include="engine\Cube.h">
      <Filter>engine</Filter>
    </ClInclude>
    <ClInclude Include="engine\Fontrenderer.h">
      <Filter>engine</Filter>
    </ClInclude>
    <ClInclude Include="engine\Framebuffer.h">
      <Filter>engine</Filter>
    </ClInclude>
    <ClInclude Include="engine\Frustum.h">
      <Filter>engine</Filter>
    </ClInclude>
    <ClInclude Include="engine\Line.h">
      <Filter>engine</Filter>
    </ClInclude>
    <ClInclude Include="engine\Material.h">
      <Filter>engine</Filter>
    </ClInclude>
    <ClInclude Include="engine\ObjModel.h">
      <Filter>engine</Filter>
    </ClInclude>
    <ClInclude Include="engine\PerlinNoise.h">
      <Filter>engine</Filter>
    </ClInclude>
    <ClInclude Include="engine\Quad.h">
      <Filter>engine</Filter>
    </ClInclude>
    <ClInclude Include="engine\Random.h">
      <Filter>engine</Filter>
    </ClInclude>
    <ClInclude Include="engine\Shader.h">
      <Filter>engine</Filter>
    </ClInclude>
    <ClInclude Include="engine\SlicedCube.h">
      <Filter>engine</Filter>
    </ClInclude>
    <ClInclude Include="engine\Spritesheet.h">
      <Filter>engine</Filter>
    </ClInclude>
    <ClInclude Include="engine\Tetraedron.h">
      <Filter>engine</Filter>
    </ClInclude>
    <ClInclude Include="engine\Texture.h">
      <Filter>engine</Filter>
    </ClInclude>
    <ClInclude Include="engine\Timer.h">
      <Filter>engine</Filter>
    </ClInclude>
    <ClInclude Include="engine\TrackBall.h">
      <Filter>engine</Filter>
    </ClInclude>
    <ClInclude Include="engine\Transform.h">
      <Filter>engine</Filter>
    </ClInclude>
    <ClInclude Include="engine\Vector.h">
      <Filter>engine</Filter>
    </ClInclude>
    <ClInclude Include="engine\VolumeBuffer.h">
      <Filter>engine</Filter>
    </ClInclude>
    <ClInclude Include="engine\ArrayBuffer.h">
      <Filter>engine</Filter>
    </ClInclude>
    <ClInclude Include="engine\CubeBuffer.h">
      <Filter>engine</Filter>
    </ClInclude>
    <ClInclude Include="engine\input\Mouse.h">
      <Filter>engine\input</Filter>
    </ClInclude>
    <ClInclude Include="engine\OctreeNew.h">
      <Filter>engine</Filter>
    </ClInclude>
    <ClInclude Include="Physics\BspConverter.h">
      <Filter>Physics</Filter>
    </ClInclude>
    <ClInclude Include="Physics\BspLoader.h">
      <Filter>Physics</Filter>
    </ClInclude>
    <ClInclude Include="Physics\BspToBulletConverter.h">
      <Filter>Physics</Filter>
    </ClInclude>
    <ClInclude Include="Physics\DebugDrawer.h">
      <Filter>Physics</Filter>
    </ClInclude>
    <ClInclude Include="Physics\HeightField.h">
      <Filter>Physics</Filter>
    </ClInclude>
    <ClInclude Include="Physics\KinematicObject.h">
      <Filter>Physics</Filter>
    </ClInclude>
    <ClInclude Include="Physics\KinematicTrigger.h">
      <Filter>Physics</Filter>
    </ClInclude>
    <ClInclude Include="Physics\MousePicker.h">
      <Filter>Physics</Filter>
    </ClInclude>
    <ClInclude Include="Physics\Physics.h">
      <Filter>Physics</Filter>
    </ClInclude>
    <ClInclude Include="Physics\PhysicsCar.h">
      <Filter>Physics</Filter>
    </ClInclude>
    <ClInclude Include="Physics\Ragdoll.h">
      <Filter>Physics</Filter>
    </ClInclude>
    <ClInclude Include="Physics\ShapeDrawer.h">
      <Filter>Physics</Filter>
    </ClInclude>
    <ClInclude Include="Physics\StaticTrigger.h">
      <Filter>Physics</Filter>
    </ClInclude>
    <ClInclude Include="src\Objects\Object.h">
      <Filter>Source Files\Objects</Filter>
    </ClInclude>
    <ClInclude Include="src\Objects\RenderableObject.h">
      <Filter>Source Files\Objects</Filter>
    </ClInclude>
    <ClInclude Include="src\States\Menu.h">
      <Filter>Source Files\States</Filter>
    </ClInclude>
    <ClInclude Include="src\UI\Button.h">
      <Filter>Source Files\UI</Filter>
    </ClInclude>
    <ClInclude Include="src\UI\SeekerBar.h">
      <Filter>Source Files\UI</Filter>
    </ClInclude>
    <ClInclude Include="src\UI\TextField.h">
      <Filter>Source Files\UI</Filter>
    </ClInclude>
    <ClInclude Include="src\UI\Widget.h">
      <Filter>Source Files\UI</Filter>
    </ClInclude>
    <ClInclude Include="src\Utils\SolidIO.h">
      <Filter>Source Files\Utils</Filter>
    </ClInclude>
    <ClInclude Include="src\Utils\Utils.h">
      <Filter>Source Files\Utils</Filter>
    </ClInclude>
    <ClInclude Include="src\UI\CheckBox.h">
      <Filter>Source Files\UI</Filter>
    </ClInclude>
    <ClInclude Include="src\States\Game.h">
      <Filter>Source Files\States</Filter>
    </ClInclude>
    <ClInclude Include="engine\Pixelbuffer.h">
      <Filter>engine</Filter>
    </ClInclude>
    <ClInclude Include="src\Application.h">
      <Filter>Header Files</Filter>
    </ClInclude>
    <ClInclude Include="src\RandomColor.h">
      <Filter>Header Files</Filter>
    </ClInclude>
    <ClInclude Include="src\Background.h">
      <Filter>Header Files</Filter>
    </ClInclude>
    <ClInclude Include="src\Globals.h">
      <Filter>Header Files</Filter>
    </ClInclude>
    <ClInclude Include="src\States\StateMachine.h">
      <Filter>Source Files\States</Filter>
    </ClInclude>
    <ClInclude Include="engine\collision\Collider.h">
      <Filter>engine\collision</Filter>
    </ClInclude>
    <ClInclude Include="engine\collision\Collision.h">
      <Filter>engine\collision</Filter>
    </ClInclude>
    <ClInclude Include="src\States\TilePlacing.h">
      <Filter>Source Files\States</Filter>
    </ClInclude>
    <ClInclude Include="_Math.h">
      <Filter>Header Files</Filter>
    </ClInclude>
    <ClInclude Include="Vector.h">
      <Filter>Header Files</Filter>
    </ClInclude>
    <ClInclude Include="Bounds.h">
      <Filter>Header Files</Filter>
    </ClInclude>
    <ClInclude Include="Bounds3D.h">
      <Filter>Header Files</Filter>
    </ClInclude>
    <ClInclude Include="Class.h">
      <Filter>Header Files</Filter>
    </ClInclude>
    <ClInclude Include="ClassTypes.h">
      <Filter>Header Files</Filter>
    </ClInclude>
    <ClInclude Include="Component.h">
      <Filter>Header Files</Filter>
    </ClInclude>
    <ClInclude Include="Definitions.h">
      <Filter>Header Files</Filter>
    </ClInclude>
    <ClInclude Include="Image.h">
      <Filter>Header Files</Filter>
    </ClInclude>
    <ClInclude Include="RenderImage.h">
      <Filter>Header Files</Filter>
    </ClInclude>
    <ClInclude Include="Resource.h">
      <Filter>Header Files</Filter>
    </ClInclude>
    <ClInclude Include="Sort.h">
      <Filter>Header Files</Filter>
    </ClInclude>
    <ClInclude Include="Map.h">
      <Filter>Header Files</Filter>
    </ClInclude>
    <ClInclude Include="Camera.h">
      <Filter>Header Files</Filter>
    </ClInclude>
    <ClInclude Include="GridCell.h">
      <Filter>Header Files</Filter>
    </ClInclude>
    <ClInclude Include="SpatialIndexGrid.h">
      <Filter>Header Files</Filter>
    </ClInclude>
    <ClInclude Include="Tile.h">
      <Filter>Header Files</Filter>
    </ClInclude>
    <ClInclude Include="GameObject.h">
      <Filter>Header Files</Filter>
    </ClInclude>
    <ClInclude Include="AnimationController.h">
      <Filter>Header Files</Filter>
    </ClInclude>
    <ClInclude Include="CollisionModel.h">
      <Filter>Header Files</Filter>
    </ClInclude>
    <ClInclude Include="Movement.h">
      <Filter>Header Files</Filter>
    </ClInclude>
    <ClInclude Include="AnimationState.h">
      <Filter>Header Files</Filter>
    </ClInclude>
    <ClInclude Include="BlendState.h">
      <Filter>Header Files</Filter>
    </ClInclude>
    <ClInclude Include="HashIndex.h">
      <Filter>Header Files</Filter>
    </ClInclude>
    <ClInclude Include="StateTransition.h">
      <Filter>Header Files</Filter>
    </ClInclude>
    <ClInclude Include="StateNode.h">
      <Filter>Header Files</Filter>
    </ClInclude>
    <ClInclude Include="Animation.h">
      <Filter>Header Files</Filter>
    </ClInclude>
    <ClInclude Include="Collision.h">
      <Filter>Header Files</Filter>
    </ClInclude>
    <ClInclude Include="Box.h">
      <Filter>Header Files</Filter>
    </ClInclude>
    <ClInclude Include="RenderTarget.h">
      <Filter>Header Files</Filter>
    </ClInclude>
    <ClInclude Include="Deque.h">
      <Filter>Header Files</Filter>
    </ClInclude>
    <ClInclude Include="Entity.h">
      <Filter>Header Files</Filter>
    </ClInclude>
    <ClInclude Include="Dictionary.h">
      <Filter>Header Files</Filter>
    </ClInclude>
    <ClInclude Include="Renderer.h">
      <Filter>Header Files</Filter>
    </ClInclude>
    <ClInclude Include="ErrorLogger.h">
      <Filter>Header Files</Filter>
    </ClInclude>
    <ClInclude Include="AnimationControllerManager.h">
      <Filter>Header Files</Filter>
    </ClInclude>
    <ClInclude Include="ResourceManager.h">
      <Filter>Header Files</Filter>
    </ClInclude>
    <ClInclude Include="ImageManager.h">
      <Filter>Header Files</Filter>
    </ClInclude>
    <ClInclude Include="AnimationManager.h">
      <Filter>Header Files</Filter>
    </ClInclude>
    <ClInclude Include="EntityPrefabManager.h">
      <Filter>Header Files</Filter>
    </ClInclude>
    <ClInclude Include="_Game.h">
      <Filter>Header Files</Filter>
    </ClInclude>
    <ClInclude Include="CreatePrefabStrategies.h">
      <Filter>Header Files</Filter>
    </ClInclude>
    <ClInclude Include="sHero.h">
      <Filter>Header Files</Filter>
    </ClInclude>
    <ClInclude Include="TileSet.h">
      <Filter>Header Files</Filter>
    </ClInclude>
    <ClInclude Include="engine\Rect.h">
      <Filter>engine</Filter>
    </ClInclude>
    <ClInclude Include="src\States\ZoomPan.h">
      <Filter>Source Files\States</Filter>
    </ClInclude>
    <ClInclude Include="src\States\Plot.h">
      <Filter>Source Files\States</Filter>
    </ClInclude>
    <ClInclude Include="engine\ZoomableQuad.h">
      <Filter>engine</Filter>
    </ClInclude>
    <ClInclude Include="src\Utils\Rasterizer.h">
      <Filter>Source Files\Utils</Filter>
    </ClInclude>
  </ItemGroup>
</Project>