
Microsoft Visual Studio Solution File, Format Version 12.00
# Visual Studio 15
VisualStudioVersion = 15.0.33919.361
MinimumVisualStudioVersion = 10.0.40219.1
Project("{8BC9CEB8-8B4A-11D0-8D11-00A0C91BC942}") = "01Platformer", "01Platformer\01Platformer.vcxproj", "{F3A95EB7-0E2A-4436-8C8F-D8F416FDDBE6}"
EndProject
Project("{8BC9CEB8-8B4A-11D0-8D11-00A0C91BC942}") = "02Deathjump", "02Deathjump\02Deathjump.vcxproj", "{DB0C0ED6-877A-42BC-9EEA-CA93BD0DD9CD}"
	ProjectSection(ProjectDependencies) = postProject
		{A4AAC14A-246B-43A7-B9A1-EB17B0045117} = {A4AAC14A-246B-43A7-B9A1-EB17B0045117}
		{2960C69F-C728-452D-A08F-42A7436567FE} = {2960C69F-C728-452D-A08F-42A7436567FE}
		{B7FA57D4-2886-4BA3-BCE1-E8057C460326} = {B7FA57D4-2886-4BA3-BCE1-E8057C460326}
	EndProjectSection
EndProject
Project("{8BC9CEB8-8B4A-11D0-8D11-00A0C91BC942}") = "flac", "flac\flac.vcxproj", "{937B1071-B61A-4698-A5AD-50FEA4A21EDB}"
	ProjectSection(ProjectDependencies) = postProject
		{3A835B71-24B8-4268-AD6F-74A4950BD45D} = {3A835B71-24B8-4268-AD6F-74A4950BD45D}
	EndProjectSection
EndProject
Project("{8BC9CEB8-8B4A-11D0-8D11-00A0C91BC942}") = "libflac", "libflac\libflac.vcxproj", "{B7FA57D4-2886-4BA3-BCE1-E8057C460326}"
EndProject
Project("{8BC9CEB8-8B4A-11D0-8D11-00A0C91BC942}") = "libogg", "libogg\libogg.vcxproj", "{7812A865-7504-4BEE-9613-F4141B5E6313}"
EndProject
Project("{8BC9CEB8-8B4A-11D0-8D11-00A0C91BC942}") = "libopus", "libopus\libopus.vcxproj", "{43E98B8E-00D1-4FD1-87DB-B94613012B4F}"
EndProject
Project("{8BC9CEB8-8B4A-11D0-8D11-00A0C91BC942}") = "libsndfile", "libsndfile\libsndfile.vcxproj", "{A4AAC14A-246B-43A7-B9A1-EB17B0045117}"
	ProjectSection(ProjectDependencies) = postProject
		{683D1B47-138B-4575-9DEC-27A74F4B7615} = {683D1B47-138B-4575-9DEC-27A74F4B7615}
		{7812A865-7504-4BEE-9613-F4141B5E6313} = {7812A865-7504-4BEE-9613-F4141B5E6313}
		{43E98B8E-00D1-4FD1-87DB-B94613012B4F} = {43E98B8E-00D1-4FD1-87DB-B94613012B4F}
	EndProjectSection
EndProject
Project("{8BC9CEB8-8B4A-11D0-8D11-00A0C91BC942}") = "libvorbis", "libvorbis\libvorbis.vcxproj", "{683D1B47-138B-4575-9DEC-27A74F4B7615}"
EndProject
Project("{8BC9CEB8-8B4A-11D0-8D11-00A0C91BC942}") = "ogg", "ogg\ogg.vcxproj", "{3A835B71-24B8-4268-AD6F-74A4950BD45D}"
EndProject
Project("{8BC9CEB8-8B4A-11D0-8D11-00A0C91BC942}") = "opus", "opus\opus.vcxproj", "{5CEE542F-D051-4F7E-962A-EA898A5CE2B7}"
EndProject
Project("{8BC9CEB8-8B4A-11D0-8D11-00A0C91BC942}") = "sndfile", "sndfile\sndfile.vcxproj", "{D9BADA50-19A0-466F-B7B1-440535861CA2}"
	ProjectSection(ProjectDependencies) = postProject
		{1C3BB32E-8296-4B6B-B565-DF6974A260C3} = {1C3BB32E-8296-4B6B-B565-DF6974A260C3}
		{5CEE542F-D051-4F7E-962A-EA898A5CE2B7} = {5CEE542F-D051-4F7E-962A-EA898A5CE2B7}
		{937B1071-B61A-4698-A5AD-50FEA4A21EDB} = {937B1071-B61A-4698-A5AD-50FEA4A21EDB}
		{3A835B71-24B8-4268-AD6F-74A4950BD45D} = {3A835B71-24B8-4268-AD6F-74A4950BD45D}
		{F73DB4BD-674A-441A-9AB2-9E7BC823DA5D} = {F73DB4BD-674A-441A-9AB2-9E7BC823DA5D}
		{B5CF95CE-C3F6-4FF6-9652-472AABE2F739} = {B5CF95CE-C3F6-4FF6-9652-472AABE2F739}
		{A2FE10E6-6309-42AF-BC97-0AFFC4D5CD7D} = {A2FE10E6-6309-42AF-BC97-0AFFC4D5CD7D}
	EndProjectSection
EndProject
Project("{8BC9CEB8-8B4A-11D0-8D11-00A0C91BC942}") = "vorbis", "vorbis\vorbis.vcxproj", "{B5CF95CE-C3F6-4FF6-9652-472AABE2F739}"
	ProjectSection(ProjectDependencies) = postProject
		{3A835B71-24B8-4268-AD6F-74A4950BD45D} = {3A835B71-24B8-4268-AD6F-74A4950BD45D}
	EndProjectSection
EndProject
Project("{8BC9CEB8-8B4A-11D0-8D11-00A0C91BC942}") = "alure", "alure\alure.vcxproj", "{EA68998B-3B93-45F0-ACFF-BCD71F1B0CAB}"
EndProject
Project("{8BC9CEB8-8B4A-11D0-8D11-00A0C91BC942}") = "libalure", "libalure\libalure.vcxproj", "{538F5588-D239-4843-ADA3-577A4C3F4A83}"
EndProject
Project("{8BC9CEB8-8B4A-11D0-8D11-00A0C91BC942}") = "vorbisfile", "vorbisfile\vorbisfile.vcxproj", "{57F67AA8-84B2-4132-AE1F-72572FF561DA}"
	ProjectSection(ProjectDependencies) = postProject
		{5CEE542F-D051-4F7E-962A-EA898A5CE2B7} = {5CEE542F-D051-4F7E-962A-EA898A5CE2B7}
		{B5CF95CE-C3F6-4FF6-9652-472AABE2F739} = {B5CF95CE-C3F6-4FF6-9652-472AABE2F739}
	EndProjectSection
EndProject
Project("{8BC9CEB8-8B4A-11D0-8D11-00A0C91BC942}") = "libvorbisfile", "libvorbisfile\libvorbisfile.vcxproj", "{2EB153F6-1DBA-4CF8-8F9D-BE3DB30C7F26}"
EndProject
Project("{8BC9CEB8-8B4A-11D0-8D11-00A0C91BC942}") = "03Marvin", "03Marvin\03Marvin.vcxproj", "{6EDC2AFE-EC74-4BEB-9384-2DACE9D3739F}"
	ProjectSection(ProjectDependencies) = postProject
		{A4AAC14A-246B-43A7-B9A1-EB17B0045117} = {A4AAC14A-246B-43A7-B9A1-EB17B0045117}
		{2960C69F-C728-452D-A08F-42A7436567FE} = {2960C69F-C728-452D-A08F-42A7436567FE}
		{B7FA57D4-2886-4BA3-BCE1-E8057C460326} = {B7FA57D4-2886-4BA3-BCE1-E8057C460326}
		{40019CFF-D32E-4BCF-9831-17F1F15690C5} = {40019CFF-D32E-4BCF-9831-17F1F15690C5}
	EndProjectSection
EndProject
Project("{8BC9CEB8-8B4A-11D0-8D11-00A0C91BC942}") = "CharacterController", "CharacterController\CharacterController.vcxproj", "{54364E33-CFDF-4410-81B0-35DC17AC22E0}"
EndProject
Project("{8BC9CEB8-8B4A-11D0-8D11-00A0C91BC942}") = "Isometric", "Isometric\Isometric.vcxproj", "{F6B63F9C-48F4-45CE-B77B-EB9B47E5DA83}"
EndProject
Project("{8BC9CEB8-8B4A-11D0-8D11-00A0C91BC942}") = "04Virtueror", "04Virtueror\04Virtueror.vcxproj", "{FFAD9F74-A93E-410B-A724-BBE9058329AA}"
EndProject
Project("{8BC9CEB8-8B4A-11D0-8D11-00A0C91BC942}") = "05UniversityRacer", "05UniversityRacer\05UniversityRacer.vcxproj", "{21531790-12F2-4CE9-AE3E-6D4FACFF5394}"
EndProject
Project("{8BC9CEB8-8B4A-11D0-8D11-00A0C91BC942}") = "libzlib", "libzlib\libzlib.vcxproj", "{3EDA72B4-0BF1-4D04-ADE4-B6ED77CDB985}"
EndProject
Project("{8BC9CEB8-8B4A-11D0-8D11-00A0C91BC942}") = "libassimp", "libassimp\libassimp.vcxproj", "{5B6070E9-F688-4BA9-A26B-7B2997D67DFA}"
EndProject
Project("{8BC9CEB8-8B4A-11D0-8D11-00A0C91BC942}") = "assimp", "assimp\assimp.vcxproj", "{8376EB68-6E32-483B-A918-190832C7C7CB}"
	ProjectSection(ProjectDependencies) = postProject
		{3EDA72B4-0BF1-4D04-ADE4-B6ED77CDB985} = {3EDA72B4-0BF1-4D04-ADE4-B6ED77CDB985}
	EndProjectSection
EndProject
Project("{8BC9CEB8-8B4A-11D0-8D11-00A0C91BC942}") = "lua", "lua\lua.vcxproj", "{5E5C7687-D0F5-4BF7-B537-19067A0A9428}"
EndProject
Project("{8BC9CEB8-8B4A-11D0-8D11-00A0C91BC942}") = "liblua", "liblua\liblua.vcxproj", "{CAE547BA-A0F1-4422-A586-FDBA2481828B}"
EndProject
Project("{8BC9CEB8-8B4A-11D0-8D11-00A0C91BC942}") = "libtolua", "libtolua\libtolua.vcxproj", "{627E7E0F-C1B5-4011-A268-DAFA767FC326}"
EndProject
Project("{8BC9CEB8-8B4A-11D0-8D11-00A0C91BC942}") = "toluapp", "toluapp\toluapp.vcxproj", "{DD5B87D9-48D4-43E2-A566-8B614880A97C}"
EndProject
Project("{8BC9CEB8-8B4A-11D0-8D11-00A0C91BC942}") = "07Dawn", "07Dawn\07Dawn.vcxproj", "{D893A0F4-9B11-474D-AA4D-35FC3D878105}"
	ProjectSection(ProjectDependencies) = postProject
		{627E7E0F-C1B5-4011-A268-DAFA767FC326} = {627E7E0F-C1B5-4011-A268-DAFA767FC326}
		{A4AAC14A-246B-43A7-B9A1-EB17B0045117} = {A4AAC14A-246B-43A7-B9A1-EB17B0045117}
		{CAE547BA-A0F1-4422-A586-FDBA2481828B} = {CAE547BA-A0F1-4422-A586-FDBA2481828B}
		{897C5FC6-9EF7-4EE9-BAF8-BDACA2827BC1} = {897C5FC6-9EF7-4EE9-BAF8-BDACA2827BC1}
		{B7FA57D4-2886-4BA3-BCE1-E8057C460326} = {B7FA57D4-2886-4BA3-BCE1-E8057C460326}
		{40019CFF-D32E-4BCF-9831-17F1F15690C5} = {40019CFF-D32E-4BCF-9831-17F1F15690C5}
	EndProjectSection
EndProject
Project("{8BC9CEB8-8B4A-11D0-8D11-00A0C91BC942}") = "libfreetype", "libfreetype\libfreetype.vcxproj", "{40019CFF-D32E-4BCF-9831-17F1F15690C5}"
EndProject
Project("{8BC9CEB8-8B4A-11D0-8D11-00A0C91BC942}") = "libopenal", "libopenal\libopenal.vcxproj", "{897C5FC6-9EF7-4EE9-BAF8-BDACA2827BC1}"
EndProject
Project("{8BC9CEB8-8B4A-11D0-8D11-00A0C91BC942}") = "openal", "OpenAL\openal.vcxproj", "{2960C69F-C728-452D-A08F-42A7436567FE}"
EndProject
Project("{8BC9CEB8-8B4A-11D0-8D11-00A0C91BC942}") = "08Decals", "08Decals\08Decals.vcxproj", "{725AE08F-6A32-4D7A-A359-96716B96DD3D}"
	ProjectSection(ProjectDependencies) = postProject
		{8376EB68-6E32-483B-A918-190832C7C7CB} = {8376EB68-6E32-483B-A918-190832C7C7CB}
		{3EDA72B4-0BF1-4D04-ADE4-B6ED77CDB985} = {3EDA72B4-0BF1-4D04-ADE4-B6ED77CDB985}
		{D89051CF-A9FA-4FDD-9957-C163AA695306} = {D89051CF-A9FA-4FDD-9957-C163AA695306}
	EndProjectSection
EndProject
Project("{8BC9CEB8-8B4A-11D0-8D11-00A0C91BC942}") = "09HDRBloom", "09HDRBloom\09HDRBloom.vcxproj", "{9CEBACBA-4FD5-43CB-B3D1-912975E86F63}"
EndProject
Project("{8BC9CEB8-8B4A-11D0-8D11-00A0C91BC942}") = "10SSS", "10SSS\10SSS.vcxproj", "{DDD4E23D-5FA9-44FD-8CC7-E1C0A5B38FD1}"
EndProject
Project("{8BC9CEB8-8B4A-11D0-8D11-00A0C91BC942}") = "11VolumetricTexture", "11VolumetricTexture\11VolumetricTexture.vcxproj", "{BAC935D6-E98C-4702-A490-A78D48032360}"
EndProject
Project("{8BC9CEB8-8B4A-11D0-8D11-00A0C91BC942}") = "12Thikness", "12Thikness\12Thikness.vcxproj", "{C1B9621B-0390-4DBD-B513-8E30872F3E4A}"
EndProject
Project("{8BC9CEB8-8B4A-11D0-8D11-00A0C91BC942}") = "13DepthPeeling", "13DepthPeeling\13DepthPeeling.vcxproj", "{A45C121F-22A9-490C-BFE3-CC8965FB435D}"
EndProject
Project("{8BC9CEB8-8B4A-11D0-8D11-00A0C91BC942}") = "14HDR", "14HDR\14HDR.vcxproj", "{24B521B2-DD6A-4012-81C8-F1D024E8F09E}"
	ProjectSection(ProjectDependencies) = postProject
		{3160706F-23B1-4D5F-83DE-7F33577325FB} = {3160706F-23B1-4D5F-83DE-7F33577325FB}
		{9DBCE6B3-8CBD-4A62-BFD1-315A8459C8B0} = {9DBCE6B3-8CBD-4A62-BFD1-315A8459C8B0}
	EndProjectSection
EndProject
Project("{8BC9CEB8-8B4A-11D0-8D11-00A0C91BC942}") = "libglew", "libglew\libglew.vcxproj", "{9DBCE6B3-8CBD-4A62-BFD1-315A8459C8B0}"
EndProject
Project("{8BC9CEB8-8B4A-11D0-8D11-00A0C91BC942}") = "libimgui", "libimgui\libimgui.vcxproj", "{3160706F-23B1-4D5F-83DE-7F33577325FB}"
	ProjectSection(ProjectDependencies) = postProject
		{9DBCE6B3-8CBD-4A62-BFD1-315A8459C8B0} = {9DBCE6B3-8CBD-4A62-BFD1-315A8459C8B0}
	EndProjectSection
EndProject
Project("{8BC9CEB8-8B4A-11D0-8D11-00A0C91BC942}") = "15Tessellation", "15Tessellation\15Tessellation.vcxproj", "{35E4A7BF-68CA-4906-AF7D-F230FCD73315}"
	ProjectSection(ProjectDependencies) = postProject
		{3160706F-23B1-4D5F-83DE-7F33577325FB} = {3160706F-23B1-4D5F-83DE-7F33577325FB}
		{9DBCE6B3-8CBD-4A62-BFD1-315A8459C8B0} = {9DBCE6B3-8CBD-4A62-BFD1-315A8459C8B0}
	EndProjectSection
EndProject
Project("{8BC9CEB8-8B4A-11D0-8D11-00A0C91BC942}") = "16Isosurface", "16Isosurface\16Isosurface.vcxproj", "{05C7503D-8B84-4862-BED4-DB1188F98496}"
	ProjectSection(ProjectDependencies) = postProject
		{3160706F-23B1-4D5F-83DE-7F33577325FB} = {3160706F-23B1-4D5F-83DE-7F33577325FB}
		{9DBCE6B3-8CBD-4A62-BFD1-315A8459C8B0} = {9DBCE6B3-8CBD-4A62-BFD1-315A8459C8B0}
	EndProjectSection
EndProject
Project("{8BC9CEB8-8B4A-11D0-8D11-00A0C91BC942}") = "17FroggyAA", "17FroggyAA\17FroggyAA.vcxproj", "{120042FE-FEBD-4E78-A2FA-351482ADD781}"
	ProjectSection(ProjectDependencies) = postProject
		{3160706F-23B1-4D5F-83DE-7F33577325FB} = {3160706F-23B1-4D5F-83DE-7F33577325FB}
		{9DBCE6B3-8CBD-4A62-BFD1-315A8459C8B0} = {9DBCE6B3-8CBD-4A62-BFD1-315A8459C8B0}
	EndProjectSection
EndProject
Project("{8BC9CEB8-8B4A-11D0-8D11-00A0C91BC942}") = "18FeedbackFractal", "18FeedbackFractal\18FeedbackFractal.vcxproj", "{8CBF0B91-8089-4E78-A1DF-D7BEBFBD2E5A}"
	ProjectSection(ProjectDependencies) = postProject
		{3160706F-23B1-4D5F-83DE-7F33577325FB} = {3160706F-23B1-4D5F-83DE-7F33577325FB}
		{9DBCE6B3-8CBD-4A62-BFD1-315A8459C8B0} = {9DBCE6B3-8CBD-4A62-BFD1-315A8459C8B0}
	EndProjectSection
EndProject
Project("{8BC9CEB8-8B4A-11D0-8D11-00A0C91BC942}") = "19ChristmasTree", "19ChristmasTree\19ChristmasTree.vcxproj", "{6B5CAC36-2ECA-4B2F-9F56-C5F1EB1CC234}"
	ProjectSection(ProjectDependencies) = postProject
		{3160706F-23B1-4D5F-83DE-7F33577325FB} = {3160706F-23B1-4D5F-83DE-7F33577325FB}
		{9DBCE6B3-8CBD-4A62-BFD1-315A8459C8B0} = {9DBCE6B3-8CBD-4A62-BFD1-315A8459C8B0}
	EndProjectSection
EndProject
Project("{8BC9CEB8-8B4A-11D0-8D11-00A0C91BC942}") = "20CSM", "20CSM\20CSM.vcxproj", "{980831DF-F379-442A-96F8-9FDF76F07DD6}"
	ProjectSection(ProjectDependencies) = postProject
		{3160706F-23B1-4D5F-83DE-7F33577325FB} = {3160706F-23B1-4D5F-83DE-7F33577325FB}
		{9DBCE6B3-8CBD-4A62-BFD1-315A8459C8B0} = {9DBCE6B3-8CBD-4A62-BFD1-315A8459C8B0}
	EndProjectSection
EndProject
Project("{8BC9CEB8-8B4A-11D0-8D11-00A0C91BC942}") = "libjsoncpp", "libjsoncpp\libjsoncpp.vcxproj", "{E88433BB-496B-4EFB-AF76-369DB3275264}"
EndProject
Project("{8BC9CEB8-8B4A-11D0-8D11-00A0C91BC942}") = "libpng", "libpng\libpng.vcxproj", "{9FA093F1-A096-447A-979A-B9E9D808C82C}"
EndProject
Project("{8BC9CEB8-8B4A-11D0-8D11-00A0C91BC942}") = "libjpeg", "libjpeg\libjpeg.vcxproj", "{5E1D4E5F-E10C-4BA3-B663-F33014FD21D9}"
EndProject
Project("{8BC9CEB8-8B4A-11D0-8D11-00A0C91BC942}") = "libfreeglut", "libfreeglut\libfreeglut.vcxproj", "{AD2A9583-A590-4474-B5F8-D2D0754F8C25}"
EndProject
Project("{8BC9CEB8-8B4A-11D0-8D11-00A0C91BC942}") = "21Lugaru", "21Lugaru\21Lugaru.vcxproj", "{9F9CA101-088C-46BF-BF27-2A10D239A92E}"
EndProject
Project("{8BC9CEB8-8B4A-11D0-8D11-00A0C91BC942}") = "22Voyager", "22Voyager\22Voyager.vcxproj", "{8B7DD922-C2B3-45FB-B61B-C5CFB75F55F1}"
EndProject
Project("{8BC9CEB8-8B4A-11D0-8D11-00A0C91BC942}") = "liblame", "liblame\liblame.vcxproj", "{1C3BB32E-8296-4B6B-B565-DF6974A260C3}"
EndProject
Project("{8BC9CEB8-8B4A-11D0-8D11-00A0C91BC942}") = "libmpg64", "libmpg64\libmpg64.vcxproj", "{A2FE10E6-6309-42AF-BC97-0AFFC4D5CD7D}"
EndProject
Project("{8BC9CEB8-8B4A-11D0-8D11-00A0C91BC942}") = "libmpg32", "libmpg32\libmpg32.vcxproj", "{F73DB4BD-674A-441A-9AB2-9E7BC823DA5D}"
EndProject
Project("{8BC9CEB8-8B4A-11D0-8D11-00A0C91BC942}") = "06Animation", "06Animation\06Animation.vcxproj", "{3FE51A66-9E62-4159-A33D-D5E589915CE9}"
EndProject
Project("{8BC9CEB8-8B4A-11D0-8D11-00A0C91BC942}") = "23Ballenger", "23Ballenger\23Ballenger.vcxproj", "{413AA133-EBBE-40B3-B003-3356CC3DA856}"
EndProject
Project("{8BC9CEB8-8B4A-11D0-8D11-00A0C91BC942}") = "24Ragdoll", "24Ragdoll\24Ragdoll.vcxproj", "{09E69C6D-5643-448B-8832-64B23953602E}"
EndProject
Project("{8BC9CEB8-8B4A-11D0-8D11-00A0C91BC942}") = "libsoil2", "libsoil2\libsoil2.vcxproj", "{5CA45C92-0666-4C96-B9D8-5962E67DE055}"
EndProject
Project("{8BC9CEB8-8B4A-11D0-8D11-00A0C91BC942}") = "libsdl", "libsdl\libsdl.vcxproj", "{AA108F9C-1500-479F-A91C-8F01254EDB0B}"
EndProject
Project("{8BC9CEB8-8B4A-11D0-8D11-00A0C91BC942}") = "libbullet", "libbullet\libbullet.vcxproj", "{D89051CF-A9FA-4FDD-9957-C163AA695306}"
EndProject
Project("{8BC9CEB8-8B4A-11D0-8D11-00A0C91BC942}") = "zlib", "zlib\zlib.vcxproj", "{2942F596-3AD9-46DC-865B-F84BECFE8BDB}"
EndProject
Project("{8BC9CEB8-8B4A-11D0-8D11-00A0C91BC942}") = "glew", "glew\glew.vcxproj", "{587C2B17-CB09-4CD4-B809-84A499B9B89F}"
EndProject
Project("{8BC9CEB8-8B4A-11D0-8D11-00A0C91BC942}") = "25FallingSand", "25FallingSand\25FallingSand.vcxproj", "{81BB800D-2F94-4523-AB00-983D9688FA24}"
EndProject
Project("{8BC9CEB8-8B4A-11D0-8D11-00A0C91BC942}") = "libbox2d", "libbox2d\libbox2d.vcxproj", "{897AA571-0923-4A69-A222-FE7ECF5B884C}"
EndProject
Project("{8BC9CEB8-8B4A-11D0-8D11-00A0C91BC942}") = "liblz4", "liblz4\liblz4.vcxproj", "{14F4308A-C7D1-4533-A0A1-72DB74C78BB7}"
EndProject
Project("{8BC9CEB8-8B4A-11D0-8D11-00A0C91BC942}") = "libenet", "libenet\libenet.vcxproj", "{4B06F4AA-FC6B-4FF1-A939-20994E9FD7E3}"
EndProject
Project("{8BC9CEB8-8B4A-11D0-8D11-00A0C91BC942}") = "SDL2_image", "SDL2_image\SDL2_image.vcxproj", "{83DBF906-D144-4920-9207-E1038B26C88D}"
EndProject
Project("{8BC9CEB8-8B4A-11D0-8D11-00A0C91BC942}") = "SDL_gpu", "SDL_gpu\SDL_gpu.vcxproj", "{E89B6DE9-E7F3-4FF8-92F8-D71E7BAC87E7}"
EndProject
Project("{8BC9CEB8-8B4A-11D0-8D11-00A0C91BC942}") = "SDL2", "SDL2\SDL2.vcxproj", "{AC35D4B2-8AFD-4C45-AFF7-423BD2EF6107}"
EndProject
Project("{8BC9CEB8-8B4A-11D0-8D11-00A0C91BC942}") = "SDL2_ttf", "SDL2_ttf\SDL2_ttf.vcxproj", "{5730A80F-A173-4F10-BF32-31BFF25BB49A}"
EndProject
Project("{8BC9CEB8-8B4A-11D0-8D11-00A0C91BC942}") = "Hexagonal", "Hexagonal\Hexagonal.vcxproj", "{1B5F26AE-3D52-4594-85AD-E566C5B809AD}"
EndProject
Project("{8BC9CEB8-8B4A-11D0-8D11-00A0C91BC942}") = "26SDF", "26SDF\26SDF.vcxproj", "{A666EC43-6FC6-4EC9-B7A8-2BB7ED7A6F6E}"
EndProject
Project("{8BC9CEB8-8B4A-11D0-8D11-00A0C91BC942}") = "27JellyCar", "27JellyCar\27JellyCar.vcxproj", "{B4931B20-A005-4195-8A9A-5C7DB8447979}"
EndProject
Project("{8BC9CEB8-8B4A-11D0-8D11-00A0C91BC942}") = "libfreetypegl", "libfreetypegl\libfreetypegl.vcxproj", "{6EEEC1BB-0DFE-46F4-818C-89D7D0BFB0AF}"
EndProject
Project("{8BC9CEB8-8B4A-11D0-8D11-00A0C91BC942}") = "libtinyxml", "libtinyxml\libtinyxml.vcxproj", "{639C83DB-AD7F-4FEA-ACA7-06C89227019B}"
EndProject
Project("{8BC9CEB8-8B4A-11D0-8D11-00A0C91BC942}") = "28TowerDefense", "28TowerDefense\28TowerDefense.vcxproj", "{1B3796DC-8A47-4E76-A7B9-2B0EE9A0128D}"
EndProject
Project("{8BC9CEB8-8B4A-11D0-8D11-00A0C91BC942}") = "29VideoEncodeFFMPEG", "29VideoEncodeFFMPEG\29VideoEncodeFFMPEG.vcxproj", "{FFAB625D-99DC-4D1B-8E3F-3ECB8F53AAF3}"
EndProject
Project("{8BC9CEB8-8B4A-11D0-8D11-00A0C91BC942}") = "30Robot", "30Robot\30Robot.vcxproj", "{C6E35C59-3C74-4DFD-BF89-47247024395D}"
EndProject
Project("{8BC9CEB8-8B4A-11D0-8D11-00A0C91BC942}") = "31ECSLua", "31ECSLua\31ECSLua.vcxproj", "{C00B1E95-C3E7-4312-B166-BED8E80240F7}"
EndProject
Project("{8BC9CEB8-8B4A-11D0-8D11-00A0C91BC942}") = "32CrimsonRush", "32CrimsonRush\32CrimsonRush.vcxproj", "{2F0B44A9-F642-4900-A230-8E14687D3014}"
EndProject
Project("{8BC9CEB8-8B4A-11D0-8D11-00A0C91BC942}") = "libglfw3", "libglfw3\libglfw3.vcxproj", "{9710D0E6-CE03-447E-9DB7-00982363C58A}"
EndProject
Project("{8BC9CEB8-8B4A-11D0-8D11-00A0C91BC942}") = "34Animation", "34Animation\34Animation.vcxproj", "{2415BDA5-98A9-4C06-B9E5-08A0C9E67522}"
EndProject
Project("{8BC9CEB8-8B4A-11D0-8D11-00A0C91BC942}") = "33AntWare", "33AntWare\33AntWare.vcxproj", "{B45D7ED4-4AD6-42D6-B685-F29F1EF31BD7}"
EndProject
Global
	GlobalSection(SolutionConfigurationPlatforms) = preSolution
		Debug|x64 = Debug|x64
		Debug|x86 = Debug|x86
		Release|x64 = Release|x64
		Release|x86 = Release|x86
	EndGlobalSection
	GlobalSection(ProjectConfigurationPlatforms) = postSolution
		{F3A95EB7-0E2A-4436-8C8F-D8F416FDDBE6}.Debug|x64.ActiveCfg = Debug|x64
		{F3A95EB7-0E2A-4436-8C8F-D8F416FDDBE6}.Debug|x64.Build.0 = Debug|x64
		{F3A95EB7-0E2A-4436-8C8F-D8F416FDDBE6}.Debug|x86.ActiveCfg = Debug|Win32
		{F3A95EB7-0E2A-4436-8C8F-D8F416FDDBE6}.Debug|x86.Build.0 = Debug|Win32
		{F3A95EB7-0E2A-4436-8C8F-D8F416FDDBE6}.Release|x64.ActiveCfg = Release|x64
		{F3A95EB7-0E2A-4436-8C8F-D8F416FDDBE6}.Release|x64.Build.0 = Release|x64
		{F3A95EB7-0E2A-4436-8C8F-D8F416FDDBE6}.Release|x86.ActiveCfg = Release|Win32
		{F3A95EB7-0E2A-4436-8C8F-D8F416FDDBE6}.Release|x86.Build.0 = Release|Win32
		{DB0C0ED6-877A-42BC-9EEA-CA93BD0DD9CD}.Debug|x64.ActiveCfg = Debug|x64
		{DB0C0ED6-877A-42BC-9EEA-CA93BD0DD9CD}.Debug|x64.Build.0 = Debug|x64
		{DB0C0ED6-877A-42BC-9EEA-CA93BD0DD9CD}.Debug|x86.ActiveCfg = Debug|Win32
		{DB0C0ED6-877A-42BC-9EEA-CA93BD0DD9CD}.Debug|x86.Build.0 = Debug|Win32
		{DB0C0ED6-877A-42BC-9EEA-CA93BD0DD9CD}.Release|x64.ActiveCfg = Release|x64
		{DB0C0ED6-877A-42BC-9EEA-CA93BD0DD9CD}.Release|x64.Build.0 = Release|x64
		{DB0C0ED6-877A-42BC-9EEA-CA93BD0DD9CD}.Release|x86.ActiveCfg = Release|Win32
		{DB0C0ED6-877A-42BC-9EEA-CA93BD0DD9CD}.Release|x86.Build.0 = Release|Win32
		{937B1071-B61A-4698-A5AD-50FEA4A21EDB}.Debug|x64.ActiveCfg = Debug|x64
		{937B1071-B61A-4698-A5AD-50FEA4A21EDB}.Debug|x64.Build.0 = Debug|x64
		{937B1071-B61A-4698-A5AD-50FEA4A21EDB}.Debug|x86.ActiveCfg = Debug|Win32
		{937B1071-B61A-4698-A5AD-50FEA4A21EDB}.Debug|x86.Build.0 = Debug|Win32
		{937B1071-B61A-4698-A5AD-50FEA4A21EDB}.Release|x64.ActiveCfg = Release|x64
		{937B1071-B61A-4698-A5AD-50FEA4A21EDB}.Release|x64.Build.0 = Release|x64
		{937B1071-B61A-4698-A5AD-50FEA4A21EDB}.Release|x86.ActiveCfg = Release|Win32
		{937B1071-B61A-4698-A5AD-50FEA4A21EDB}.Release|x86.Build.0 = Release|Win32
		{B7FA57D4-2886-4BA3-BCE1-E8057C460326}.Debug|x64.ActiveCfg = Debug|x64
		{B7FA57D4-2886-4BA3-BCE1-E8057C460326}.Debug|x64.Build.0 = Debug|x64
		{B7FA57D4-2886-4BA3-BCE1-E8057C460326}.Debug|x86.ActiveCfg = Debug|Win32
		{B7FA57D4-2886-4BA3-BCE1-E8057C460326}.Debug|x86.Build.0 = Debug|Win32
		{B7FA57D4-2886-4BA3-BCE1-E8057C460326}.Release|x64.ActiveCfg = Release|x64
		{B7FA57D4-2886-4BA3-BCE1-E8057C460326}.Release|x64.Build.0 = Release|x64
		{B7FA57D4-2886-4BA3-BCE1-E8057C460326}.Release|x86.ActiveCfg = Release|Win32
		{B7FA57D4-2886-4BA3-BCE1-E8057C460326}.Release|x86.Build.0 = Release|Win32
		{7812A865-7504-4BEE-9613-F4141B5E6313}.Debug|x64.ActiveCfg = Debug|x64
		{7812A865-7504-4BEE-9613-F4141B5E6313}.Debug|x64.Build.0 = Debug|x64
		{7812A865-7504-4BEE-9613-F4141B5E6313}.Debug|x86.ActiveCfg = Debug|Win32
		{7812A865-7504-4BEE-9613-F4141B5E6313}.Debug|x86.Build.0 = Debug|Win32
		{7812A865-7504-4BEE-9613-F4141B5E6313}.Release|x64.ActiveCfg = Release|x64
		{7812A865-7504-4BEE-9613-F4141B5E6313}.Release|x64.Build.0 = Release|x64
		{7812A865-7504-4BEE-9613-F4141B5E6313}.Release|x86.ActiveCfg = Release|Win32
		{7812A865-7504-4BEE-9613-F4141B5E6313}.Release|x86.Build.0 = Release|Win32
		{43E98B8E-00D1-4FD1-87DB-B94613012B4F}.Debug|x64.ActiveCfg = Debug|x64
		{43E98B8E-00D1-4FD1-87DB-B94613012B4F}.Debug|x64.Build.0 = Debug|x64
		{43E98B8E-00D1-4FD1-87DB-B94613012B4F}.Debug|x86.ActiveCfg = Debug|Win32
		{43E98B8E-00D1-4FD1-87DB-B94613012B4F}.Debug|x86.Build.0 = Debug|Win32
		{43E98B8E-00D1-4FD1-87DB-B94613012B4F}.Release|x64.ActiveCfg = Release|x64
		{43E98B8E-00D1-4FD1-87DB-B94613012B4F}.Release|x64.Build.0 = Release|x64
		{43E98B8E-00D1-4FD1-87DB-B94613012B4F}.Release|x86.ActiveCfg = Release|Win32
		{43E98B8E-00D1-4FD1-87DB-B94613012B4F}.Release|x86.Build.0 = Release|Win32
		{A4AAC14A-246B-43A7-B9A1-EB17B0045117}.Debug|x64.ActiveCfg = Debug|x64
		{A4AAC14A-246B-43A7-B9A1-EB17B0045117}.Debug|x64.Build.0 = Debug|x64
		{A4AAC14A-246B-43A7-B9A1-EB17B0045117}.Debug|x86.ActiveCfg = Debug|Win32
		{A4AAC14A-246B-43A7-B9A1-EB17B0045117}.Debug|x86.Build.0 = Debug|Win32
		{A4AAC14A-246B-43A7-B9A1-EB17B0045117}.Release|x64.ActiveCfg = Release|x64
		{A4AAC14A-246B-43A7-B9A1-EB17B0045117}.Release|x64.Build.0 = Release|x64
		{A4AAC14A-246B-43A7-B9A1-EB17B0045117}.Release|x86.ActiveCfg = Release|Win32
		{A4AAC14A-246B-43A7-B9A1-EB17B0045117}.Release|x86.Build.0 = Release|Win32
		{683D1B47-138B-4575-9DEC-27A74F4B7615}.Debug|x64.ActiveCfg = Debug|x64
		{683D1B47-138B-4575-9DEC-27A74F4B7615}.Debug|x64.Build.0 = Debug|x64
		{683D1B47-138B-4575-9DEC-27A74F4B7615}.Debug|x86.ActiveCfg = Debug|Win32
		{683D1B47-138B-4575-9DEC-27A74F4B7615}.Debug|x86.Build.0 = Debug|Win32
		{683D1B47-138B-4575-9DEC-27A74F4B7615}.Release|x64.ActiveCfg = Release|x64
		{683D1B47-138B-4575-9DEC-27A74F4B7615}.Release|x64.Build.0 = Release|x64
		{683D1B47-138B-4575-9DEC-27A74F4B7615}.Release|x86.ActiveCfg = Release|Win32
		{683D1B47-138B-4575-9DEC-27A74F4B7615}.Release|x86.Build.0 = Release|Win32
		{3A835B71-24B8-4268-AD6F-74A4950BD45D}.Debug|x64.ActiveCfg = Debug|x64
		{3A835B71-24B8-4268-AD6F-74A4950BD45D}.Debug|x64.Build.0 = Debug|x64
		{3A835B71-24B8-4268-AD6F-74A4950BD45D}.Debug|x86.ActiveCfg = Debug|Win32
		{3A835B71-24B8-4268-AD6F-74A4950BD45D}.Debug|x86.Build.0 = Debug|Win32
		{3A835B71-24B8-4268-AD6F-74A4950BD45D}.Release|x64.ActiveCfg = Release|x64
		{3A835B71-24B8-4268-AD6F-74A4950BD45D}.Release|x64.Build.0 = Release|x64
		{3A835B71-24B8-4268-AD6F-74A4950BD45D}.Release|x86.ActiveCfg = Release|Win32
		{3A835B71-24B8-4268-AD6F-74A4950BD45D}.Release|x86.Build.0 = Release|Win32
		{5CEE542F-D051-4F7E-962A-EA898A5CE2B7}.Debug|x64.ActiveCfg = Debug|x64
		{5CEE542F-D051-4F7E-962A-EA898A5CE2B7}.Debug|x64.Build.0 = Debug|x64
		{5CEE542F-D051-4F7E-962A-EA898A5CE2B7}.Debug|x86.ActiveCfg = Debug|Win32
		{5CEE542F-D051-4F7E-962A-EA898A5CE2B7}.Debug|x86.Build.0 = Debug|Win32
		{5CEE542F-D051-4F7E-962A-EA898A5CE2B7}.Release|x64.ActiveCfg = Release|x64
		{5CEE542F-D051-4F7E-962A-EA898A5CE2B7}.Release|x64.Build.0 = Release|x64
		{5CEE542F-D051-4F7E-962A-EA898A5CE2B7}.Release|x86.ActiveCfg = Release|Win32
		{5CEE542F-D051-4F7E-962A-EA898A5CE2B7}.Release|x86.Build.0 = Release|Win32
		{D9BADA50-19A0-466F-B7B1-440535861CA2}.Debug|x64.ActiveCfg = Debug|x64
		{D9BADA50-19A0-466F-B7B1-440535861CA2}.Debug|x64.Build.0 = Debug|x64
		{D9BADA50-19A0-466F-B7B1-440535861CA2}.Debug|x86.ActiveCfg = Debug|Win32
		{D9BADA50-19A0-466F-B7B1-440535861CA2}.Debug|x86.Build.0 = Debug|Win32
		{D9BADA50-19A0-466F-B7B1-440535861CA2}.Release|x64.ActiveCfg = Release|x64
		{D9BADA50-19A0-466F-B7B1-440535861CA2}.Release|x64.Build.0 = Release|x64
		{D9BADA50-19A0-466F-B7B1-440535861CA2}.Release|x86.ActiveCfg = Release|Win32
		{D9BADA50-19A0-466F-B7B1-440535861CA2}.Release|x86.Build.0 = Release|Win32
		{B5CF95CE-C3F6-4FF6-9652-472AABE2F739}.Debug|x64.ActiveCfg = Debug|x64
		{B5CF95CE-C3F6-4FF6-9652-472AABE2F739}.Debug|x64.Build.0 = Debug|x64
		{B5CF95CE-C3F6-4FF6-9652-472AABE2F739}.Debug|x86.ActiveCfg = Debug|Win32
		{B5CF95CE-C3F6-4FF6-9652-472AABE2F739}.Debug|x86.Build.0 = Debug|Win32
		{B5CF95CE-C3F6-4FF6-9652-472AABE2F739}.Release|x64.ActiveCfg = Release|x64
		{B5CF95CE-C3F6-4FF6-9652-472AABE2F739}.Release|x64.Build.0 = Release|x64
		{B5CF95CE-C3F6-4FF6-9652-472AABE2F739}.Release|x86.ActiveCfg = Release|Win32
		{B5CF95CE-C3F6-4FF6-9652-472AABE2F739}.Release|x86.Build.0 = Release|Win32
		{EA68998B-3B93-45F0-ACFF-BCD71F1B0CAB}.Debug|x64.ActiveCfg = Debug|x64
		{EA68998B-3B93-45F0-ACFF-BCD71F1B0CAB}.Debug|x64.Build.0 = Debug|x64
		{EA68998B-3B93-45F0-ACFF-BCD71F1B0CAB}.Debug|x86.ActiveCfg = Debug|Win32
		{EA68998B-3B93-45F0-ACFF-BCD71F1B0CAB}.Debug|x86.Build.0 = Debug|Win32
		{EA68998B-3B93-45F0-ACFF-BCD71F1B0CAB}.Release|x64.ActiveCfg = Release|x64
		{EA68998B-3B93-45F0-ACFF-BCD71F1B0CAB}.Release|x64.Build.0 = Release|x64
		{EA68998B-3B93-45F0-ACFF-BCD71F1B0CAB}.Release|x86.ActiveCfg = Release|Win32
		{EA68998B-3B93-45F0-ACFF-BCD71F1B0CAB}.Release|x86.Build.0 = Release|Win32
		{538F5588-D239-4843-ADA3-577A4C3F4A83}.Debug|x64.ActiveCfg = Debug|x64
		{538F5588-D239-4843-ADA3-577A4C3F4A83}.Debug|x64.Build.0 = Debug|x64
		{538F5588-D239-4843-ADA3-577A4C3F4A83}.Debug|x86.ActiveCfg = Debug|Win32
		{538F5588-D239-4843-ADA3-577A4C3F4A83}.Debug|x86.Build.0 = Debug|Win32
		{538F5588-D239-4843-ADA3-577A4C3F4A83}.Release|x64.ActiveCfg = Release|x64
		{538F5588-D239-4843-ADA3-577A4C3F4A83}.Release|x64.Build.0 = Release|x64
		{538F5588-D239-4843-ADA3-577A4C3F4A83}.Release|x86.ActiveCfg = Release|Win32
		{538F5588-D239-4843-ADA3-577A4C3F4A83}.Release|x86.Build.0 = Release|Win32
		{57F67AA8-84B2-4132-AE1F-72572FF561DA}.Debug|x64.ActiveCfg = Debug|x64
		{57F67AA8-84B2-4132-AE1F-72572FF561DA}.Debug|x64.Build.0 = Debug|x64
		{57F67AA8-84B2-4132-AE1F-72572FF561DA}.Debug|x86.ActiveCfg = Debug|Win32
		{57F67AA8-84B2-4132-AE1F-72572FF561DA}.Debug|x86.Build.0 = Debug|Win32
		{57F67AA8-84B2-4132-AE1F-72572FF561DA}.Release|x64.ActiveCfg = Release|x64
		{57F67AA8-84B2-4132-AE1F-72572FF561DA}.Release|x64.Build.0 = Release|x64
		{57F67AA8-84B2-4132-AE1F-72572FF561DA}.Release|x86.ActiveCfg = Release|Win32
		{57F67AA8-84B2-4132-AE1F-72572FF561DA}.Release|x86.Build.0 = Release|Win32
		{2EB153F6-1DBA-4CF8-8F9D-BE3DB30C7F26}.Debug|x64.ActiveCfg = Debug|x64
		{2EB153F6-1DBA-4CF8-8F9D-BE3DB30C7F26}.Debug|x64.Build.0 = Debug|x64
		{2EB153F6-1DBA-4CF8-8F9D-BE3DB30C7F26}.Debug|x86.ActiveCfg = Debug|Win32
		{2EB153F6-1DBA-4CF8-8F9D-BE3DB30C7F26}.Debug|x86.Build.0 = Debug|Win32
		{2EB153F6-1DBA-4CF8-8F9D-BE3DB30C7F26}.Release|x64.ActiveCfg = Release|x64
		{2EB153F6-1DBA-4CF8-8F9D-BE3DB30C7F26}.Release|x64.Build.0 = Release|x64
		{2EB153F6-1DBA-4CF8-8F9D-BE3DB30C7F26}.Release|x86.ActiveCfg = Release|Win32
		{2EB153F6-1DBA-4CF8-8F9D-BE3DB30C7F26}.Release|x86.Build.0 = Release|Win32
		{6EDC2AFE-EC74-4BEB-9384-2DACE9D3739F}.Debug|x64.ActiveCfg = Debug|x64
		{6EDC2AFE-EC74-4BEB-9384-2DACE9D3739F}.Debug|x64.Build.0 = Debug|x64
		{6EDC2AFE-EC74-4BEB-9384-2DACE9D3739F}.Debug|x86.ActiveCfg = Debug|Win32
		{6EDC2AFE-EC74-4BEB-9384-2DACE9D3739F}.Debug|x86.Build.0 = Debug|Win32
		{6EDC2AFE-EC74-4BEB-9384-2DACE9D3739F}.Release|x64.ActiveCfg = Release|x64
		{6EDC2AFE-EC74-4BEB-9384-2DACE9D3739F}.Release|x64.Build.0 = Release|x64
		{6EDC2AFE-EC74-4BEB-9384-2DACE9D3739F}.Release|x86.ActiveCfg = Release|Win32
		{6EDC2AFE-EC74-4BEB-9384-2DACE9D3739F}.Release|x86.Build.0 = Release|Win32
		{54364E33-CFDF-4410-81B0-35DC17AC22E0}.Debug|x64.ActiveCfg = Debug|x64
		{54364E33-CFDF-4410-81B0-35DC17AC22E0}.Debug|x64.Build.0 = Debug|x64
		{54364E33-CFDF-4410-81B0-35DC17AC22E0}.Debug|x86.ActiveCfg = Debug|Win32
		{54364E33-CFDF-4410-81B0-35DC17AC22E0}.Debug|x86.Build.0 = Debug|Win32
		{54364E33-CFDF-4410-81B0-35DC17AC22E0}.Release|x64.ActiveCfg = Release|x64
		{54364E33-CFDF-4410-81B0-35DC17AC22E0}.Release|x64.Build.0 = Release|x64
		{54364E33-CFDF-4410-81B0-35DC17AC22E0}.Release|x86.ActiveCfg = Release|Win32
		{54364E33-CFDF-4410-81B0-35DC17AC22E0}.Release|x86.Build.0 = Release|Win32
		{F6B63F9C-48F4-45CE-B77B-EB9B47E5DA83}.Debug|x64.ActiveCfg = Debug|x64
		{F6B63F9C-48F4-45CE-B77B-EB9B47E5DA83}.Debug|x64.Build.0 = Debug|x64
		{F6B63F9C-48F4-45CE-B77B-EB9B47E5DA83}.Debug|x86.ActiveCfg = Debug|Win32
		{F6B63F9C-48F4-45CE-B77B-EB9B47E5DA83}.Debug|x86.Build.0 = Debug|Win32
		{F6B63F9C-48F4-45CE-B77B-EB9B47E5DA83}.Release|x64.ActiveCfg = Release|x64
		{F6B63F9C-48F4-45CE-B77B-EB9B47E5DA83}.Release|x64.Build.0 = Release|x64
		{F6B63F9C-48F4-45CE-B77B-EB9B47E5DA83}.Release|x86.ActiveCfg = Release|Win32
		{F6B63F9C-48F4-45CE-B77B-EB9B47E5DA83}.Release|x86.Build.0 = Release|Win32
		{FFAD9F74-A93E-410B-A724-BBE9058329AA}.Debug|x64.ActiveCfg = Debug|x64
		{FFAD9F74-A93E-410B-A724-BBE9058329AA}.Debug|x64.Build.0 = Debug|x64
		{FFAD9F74-A93E-410B-A724-BBE9058329AA}.Debug|x86.ActiveCfg = Debug|Win32
		{FFAD9F74-A93E-410B-A724-BBE9058329AA}.Debug|x86.Build.0 = Debug|Win32
		{FFAD9F74-A93E-410B-A724-BBE9058329AA}.Release|x64.ActiveCfg = Release|x64
		{FFAD9F74-A93E-410B-A724-BBE9058329AA}.Release|x64.Build.0 = Release|x64
		{FFAD9F74-A93E-410B-A724-BBE9058329AA}.Release|x86.ActiveCfg = Release|Win32
		{FFAD9F74-A93E-410B-A724-BBE9058329AA}.Release|x86.Build.0 = Release|Win32
		{21531790-12F2-4CE9-AE3E-6D4FACFF5394}.Debug|x64.ActiveCfg = Debug|x64
		{21531790-12F2-4CE9-AE3E-6D4FACFF5394}.Debug|x64.Build.0 = Debug|x64
		{21531790-12F2-4CE9-AE3E-6D4FACFF5394}.Debug|x86.ActiveCfg = Debug|Win32
		{21531790-12F2-4CE9-AE3E-6D4FACFF5394}.Debug|x86.Build.0 = Debug|Win32
		{21531790-12F2-4CE9-AE3E-6D4FACFF5394}.Release|x64.ActiveCfg = Release|x64
		{21531790-12F2-4CE9-AE3E-6D4FACFF5394}.Release|x64.Build.0 = Release|x64
		{21531790-12F2-4CE9-AE3E-6D4FACFF5394}.Release|x86.ActiveCfg = Release|Win32
		{21531790-12F2-4CE9-AE3E-6D4FACFF5394}.Release|x86.Build.0 = Release|Win32
		{3EDA72B4-0BF1-4D04-ADE4-B6ED77CDB985}.Debug|x64.ActiveCfg = Debug|x64
		{3EDA72B4-0BF1-4D04-ADE4-B6ED77CDB985}.Debug|x64.Build.0 = Debug|x64
		{3EDA72B4-0BF1-4D04-ADE4-B6ED77CDB985}.Debug|x86.ActiveCfg = Debug|Win32
		{3EDA72B4-0BF1-4D04-ADE4-B6ED77CDB985}.Debug|x86.Build.0 = Debug|Win32
		{3EDA72B4-0BF1-4D04-ADE4-B6ED77CDB985}.Release|x64.ActiveCfg = Release|x64
		{3EDA72B4-0BF1-4D04-ADE4-B6ED77CDB985}.Release|x64.Build.0 = Release|x64
		{3EDA72B4-0BF1-4D04-ADE4-B6ED77CDB985}.Release|x86.ActiveCfg = Release|Win32
		{3EDA72B4-0BF1-4D04-ADE4-B6ED77CDB985}.Release|x86.Build.0 = Release|Win32
		{5B6070E9-F688-4BA9-A26B-7B2997D67DFA}.Debug|x64.ActiveCfg = Debug|x64
		{5B6070E9-F688-4BA9-A26B-7B2997D67DFA}.Debug|x64.Build.0 = Debug|x64
		{5B6070E9-F688-4BA9-A26B-7B2997D67DFA}.Debug|x86.ActiveCfg = Debug|Win32
		{5B6070E9-F688-4BA9-A26B-7B2997D67DFA}.Debug|x86.Build.0 = Debug|Win32
		{5B6070E9-F688-4BA9-A26B-7B2997D67DFA}.Release|x64.ActiveCfg = Release|x64
		{5B6070E9-F688-4BA9-A26B-7B2997D67DFA}.Release|x64.Build.0 = Release|x64
		{5B6070E9-F688-4BA9-A26B-7B2997D67DFA}.Release|x86.ActiveCfg = Release|Win32
		{5B6070E9-F688-4BA9-A26B-7B2997D67DFA}.Release|x86.Build.0 = Release|Win32
		{8376EB68-6E32-483B-A918-190832C7C7CB}.Debug|x64.ActiveCfg = Debug|x64
		{8376EB68-6E32-483B-A918-190832C7C7CB}.Debug|x64.Build.0 = Debug|x64
		{8376EB68-6E32-483B-A918-190832C7C7CB}.Debug|x86.ActiveCfg = Debug|Win32
		{8376EB68-6E32-483B-A918-190832C7C7CB}.Debug|x86.Build.0 = Debug|Win32
		{8376EB68-6E32-483B-A918-190832C7C7CB}.Release|x64.ActiveCfg = Release|x64
		{8376EB68-6E32-483B-A918-190832C7C7CB}.Release|x64.Build.0 = Release|x64
		{8376EB68-6E32-483B-A918-190832C7C7CB}.Release|x86.ActiveCfg = Release|Win32
		{8376EB68-6E32-483B-A918-190832C7C7CB}.Release|x86.Build.0 = Release|Win32
		{5E5C7687-D0F5-4BF7-B537-19067A0A9428}.Debug|x64.ActiveCfg = Debug|x64
		{5E5C7687-D0F5-4BF7-B537-19067A0A9428}.Debug|x64.Build.0 = Debug|x64
		{5E5C7687-D0F5-4BF7-B537-19067A0A9428}.Debug|x86.ActiveCfg = Debug|Win32
		{5E5C7687-D0F5-4BF7-B537-19067A0A9428}.Debug|x86.Build.0 = Debug|Win32
		{5E5C7687-D0F5-4BF7-B537-19067A0A9428}.Release|x64.ActiveCfg = Release|x64
		{5E5C7687-D0F5-4BF7-B537-19067A0A9428}.Release|x64.Build.0 = Release|x64
		{5E5C7687-D0F5-4BF7-B537-19067A0A9428}.Release|x86.ActiveCfg = Release|Win32
		{5E5C7687-D0F5-4BF7-B537-19067A0A9428}.Release|x86.Build.0 = Release|Win32
		{CAE547BA-A0F1-4422-A586-FDBA2481828B}.Debug|x64.ActiveCfg = Debug|x64
		{CAE547BA-A0F1-4422-A586-FDBA2481828B}.Debug|x64.Build.0 = Debug|x64
		{CAE547BA-A0F1-4422-A586-FDBA2481828B}.Debug|x86.ActiveCfg = Debug|Win32
		{CAE547BA-A0F1-4422-A586-FDBA2481828B}.Debug|x86.Build.0 = Debug|Win32
		{CAE547BA-A0F1-4422-A586-FDBA2481828B}.Release|x64.ActiveCfg = Release|x64
		{CAE547BA-A0F1-4422-A586-FDBA2481828B}.Release|x64.Build.0 = Release|x64
		{CAE547BA-A0F1-4422-A586-FDBA2481828B}.Release|x86.ActiveCfg = Release|Win32
		{CAE547BA-A0F1-4422-A586-FDBA2481828B}.Release|x86.Build.0 = Release|Win32
		{627E7E0F-C1B5-4011-A268-DAFA767FC326}.Debug|x64.ActiveCfg = Debug|x64
		{627E7E0F-C1B5-4011-A268-DAFA767FC326}.Debug|x64.Build.0 = Debug|x64
		{627E7E0F-C1B5-4011-A268-DAFA767FC326}.Debug|x86.ActiveCfg = Debug|Win32
		{627E7E0F-C1B5-4011-A268-DAFA767FC326}.Debug|x86.Build.0 = Debug|Win32
		{627E7E0F-C1B5-4011-A268-DAFA767FC326}.Release|x64.ActiveCfg = Release|x64
		{627E7E0F-C1B5-4011-A268-DAFA767FC326}.Release|x64.Build.0 = Release|x64
		{627E7E0F-C1B5-4011-A268-DAFA767FC326}.Release|x86.ActiveCfg = Release|Win32
		{627E7E0F-C1B5-4011-A268-DAFA767FC326}.Release|x86.Build.0 = Release|Win32
		{DD5B87D9-48D4-43E2-A566-8B614880A97C}.Debug|x64.ActiveCfg = Debug|x64
		{DD5B87D9-48D4-43E2-A566-8B614880A97C}.Debug|x64.Build.0 = Debug|x64
		{DD5B87D9-48D4-43E2-A566-8B614880A97C}.Debug|x86.ActiveCfg = Debug|Win32
		{DD5B87D9-48D4-43E2-A566-8B614880A97C}.Debug|x86.Build.0 = Debug|Win32
		{DD5B87D9-48D4-43E2-A566-8B614880A97C}.Release|x64.ActiveCfg = Release|x64
		{DD5B87D9-48D4-43E2-A566-8B614880A97C}.Release|x64.Build.0 = Release|x64
		{DD5B87D9-48D4-43E2-A566-8B614880A97C}.Release|x86.ActiveCfg = Release|Win32
		{DD5B87D9-48D4-43E2-A566-8B614880A97C}.Release|x86.Build.0 = Release|Win32
		{D893A0F4-9B11-474D-AA4D-35FC3D878105}.Debug|x64.ActiveCfg = Debug|x64
		{D893A0F4-9B11-474D-AA4D-35FC3D878105}.Debug|x64.Build.0 = Debug|x64
		{D893A0F4-9B11-474D-AA4D-35FC3D878105}.Debug|x86.ActiveCfg = Debug|Win32
		{D893A0F4-9B11-474D-AA4D-35FC3D878105}.Debug|x86.Build.0 = Debug|Win32
		{D893A0F4-9B11-474D-AA4D-35FC3D878105}.Release|x64.ActiveCfg = Release|x64
		{D893A0F4-9B11-474D-AA4D-35FC3D878105}.Release|x64.Build.0 = Release|x64
		{D893A0F4-9B11-474D-AA4D-35FC3D878105}.Release|x86.ActiveCfg = Release|Win32
		{D893A0F4-9B11-474D-AA4D-35FC3D878105}.Release|x86.Build.0 = Release|Win32
		{40019CFF-D32E-4BCF-9831-17F1F15690C5}.Debug|x64.ActiveCfg = Debug|x64
		{40019CFF-D32E-4BCF-9831-17F1F15690C5}.Debug|x64.Build.0 = Debug|x64
		{40019CFF-D32E-4BCF-9831-17F1F15690C5}.Debug|x86.ActiveCfg = Debug|Win32
		{40019CFF-D32E-4BCF-9831-17F1F15690C5}.Debug|x86.Build.0 = Debug|Win32
		{40019CFF-D32E-4BCF-9831-17F1F15690C5}.Release|x64.ActiveCfg = Release|x64
		{40019CFF-D32E-4BCF-9831-17F1F15690C5}.Release|x64.Build.0 = Release|x64
		{40019CFF-D32E-4BCF-9831-17F1F15690C5}.Release|x86.ActiveCfg = Release|Win32
		{40019CFF-D32E-4BCF-9831-17F1F15690C5}.Release|x86.Build.0 = Release|Win32
		{897C5FC6-9EF7-4EE9-BAF8-BDACA2827BC1}.Debug|x64.ActiveCfg = Debug|x64
		{897C5FC6-9EF7-4EE9-BAF8-BDACA2827BC1}.Debug|x64.Build.0 = Debug|x64
		{897C5FC6-9EF7-4EE9-BAF8-BDACA2827BC1}.Debug|x86.ActiveCfg = Debug|Win32
		{897C5FC6-9EF7-4EE9-BAF8-BDACA2827BC1}.Debug|x86.Build.0 = Debug|Win32
		{897C5FC6-9EF7-4EE9-BAF8-BDACA2827BC1}.Release|x64.ActiveCfg = Release|x64
		{897C5FC6-9EF7-4EE9-BAF8-BDACA2827BC1}.Release|x64.Build.0 = Release|x64
		{897C5FC6-9EF7-4EE9-BAF8-BDACA2827BC1}.Release|x86.ActiveCfg = Release|Win32
		{897C5FC6-9EF7-4EE9-BAF8-BDACA2827BC1}.Release|x86.Build.0 = Release|Win32
		{2960C69F-C728-452D-A08F-42A7436567FE}.Debug|x64.ActiveCfg = Debug|x64
		{2960C69F-C728-452D-A08F-42A7436567FE}.Debug|x64.Build.0 = Debug|x64
		{2960C69F-C728-452D-A08F-42A7436567FE}.Debug|x86.ActiveCfg = Debug|Win32
		{2960C69F-C728-452D-A08F-42A7436567FE}.Debug|x86.Build.0 = Debug|Win32
		{2960C69F-C728-452D-A08F-42A7436567FE}.Release|x64.ActiveCfg = Release|x64
		{2960C69F-C728-452D-A08F-42A7436567FE}.Release|x64.Build.0 = Release|x64
		{2960C69F-C728-452D-A08F-42A7436567FE}.Release|x86.ActiveCfg = Release|Win32
		{2960C69F-C728-452D-A08F-42A7436567FE}.Release|x86.Build.0 = Release|Win32
		{725AE08F-6A32-4D7A-A359-96716B96DD3D}.Debug|x64.ActiveCfg = Debug|x64
		{725AE08F-6A32-4D7A-A359-96716B96DD3D}.Debug|x64.Build.0 = Debug|x64
		{725AE08F-6A32-4D7A-A359-96716B96DD3D}.Debug|x86.ActiveCfg = Debug|Win32
		{725AE08F-6A32-4D7A-A359-96716B96DD3D}.Debug|x86.Build.0 = Debug|Win32
		{725AE08F-6A32-4D7A-A359-96716B96DD3D}.Release|x64.ActiveCfg = Release|x64
		{725AE08F-6A32-4D7A-A359-96716B96DD3D}.Release|x64.Build.0 = Release|x64
		{725AE08F-6A32-4D7A-A359-96716B96DD3D}.Release|x86.ActiveCfg = Release|Win32
		{725AE08F-6A32-4D7A-A359-96716B96DD3D}.Release|x86.Build.0 = Release|Win32
		{9CEBACBA-4FD5-43CB-B3D1-912975E86F63}.Debug|x64.ActiveCfg = Debug|x64
		{9CEBACBA-4FD5-43CB-B3D1-912975E86F63}.Debug|x64.Build.0 = Debug|x64
		{9CEBACBA-4FD5-43CB-B3D1-912975E86F63}.Debug|x86.ActiveCfg = Debug|Win32
		{9CEBACBA-4FD5-43CB-B3D1-912975E86F63}.Debug|x86.Build.0 = Debug|Win32
		{9CEBACBA-4FD5-43CB-B3D1-912975E86F63}.Release|x64.ActiveCfg = Release|x64
		{9CEBACBA-4FD5-43CB-B3D1-912975E86F63}.Release|x64.Build.0 = Release|x64
		{9CEBACBA-4FD5-43CB-B3D1-912975E86F63}.Release|x86.ActiveCfg = Release|Win32
		{9CEBACBA-4FD5-43CB-B3D1-912975E86F63}.Release|x86.Build.0 = Release|Win32
		{DDD4E23D-5FA9-44FD-8CC7-E1C0A5B38FD1}.Debug|x64.ActiveCfg = Debug|x64
		{DDD4E23D-5FA9-44FD-8CC7-E1C0A5B38FD1}.Debug|x64.Build.0 = Debug|x64
		{DDD4E23D-5FA9-44FD-8CC7-E1C0A5B38FD1}.Debug|x86.ActiveCfg = Debug|Win32
		{DDD4E23D-5FA9-44FD-8CC7-E1C0A5B38FD1}.Debug|x86.Build.0 = Debug|Win32
		{DDD4E23D-5FA9-44FD-8CC7-E1C0A5B38FD1}.Release|x64.ActiveCfg = Release|x64
		{DDD4E23D-5FA9-44FD-8CC7-E1C0A5B38FD1}.Release|x64.Build.0 = Release|x64
		{DDD4E23D-5FA9-44FD-8CC7-E1C0A5B38FD1}.Release|x86.ActiveCfg = Release|Win32
		{DDD4E23D-5FA9-44FD-8CC7-E1C0A5B38FD1}.Release|x86.Build.0 = Release|Win32
		{BAC935D6-E98C-4702-A490-A78D48032360}.Debug|x64.ActiveCfg = Debug|x64
		{BAC935D6-E98C-4702-A490-A78D48032360}.Debug|x64.Build.0 = Debug|x64
		{BAC935D6-E98C-4702-A490-A78D48032360}.Debug|x86.ActiveCfg = Debug|Win32
		{BAC935D6-E98C-4702-A490-A78D48032360}.Debug|x86.Build.0 = Debug|Win32
		{BAC935D6-E98C-4702-A490-A78D48032360}.Release|x64.ActiveCfg = Release|x64
		{BAC935D6-E98C-4702-A490-A78D48032360}.Release|x64.Build.0 = Release|x64
		{BAC935D6-E98C-4702-A490-A78D48032360}.Release|x86.ActiveCfg = Release|Win32
		{BAC935D6-E98C-4702-A490-A78D48032360}.Release|x86.Build.0 = Release|Win32
		{C1B9621B-0390-4DBD-B513-8E30872F3E4A}.Debug|x64.ActiveCfg = Debug|x64
		{C1B9621B-0390-4DBD-B513-8E30872F3E4A}.Debug|x64.Build.0 = Debug|x64
		{C1B9621B-0390-4DBD-B513-8E30872F3E4A}.Debug|x86.ActiveCfg = Debug|Win32
		{C1B9621B-0390-4DBD-B513-8E30872F3E4A}.Debug|x86.Build.0 = Debug|Win32
		{C1B9621B-0390-4DBD-B513-8E30872F3E4A}.Release|x64.ActiveCfg = Release|x64
		{C1B9621B-0390-4DBD-B513-8E30872F3E4A}.Release|x64.Build.0 = Release|x64
		{C1B9621B-0390-4DBD-B513-8E30872F3E4A}.Release|x86.ActiveCfg = Release|Win32
		{C1B9621B-0390-4DBD-B513-8E30872F3E4A}.Release|x86.Build.0 = Release|Win32
		{A45C121F-22A9-490C-BFE3-CC8965FB435D}.Debug|x64.ActiveCfg = Debug|x64
		{A45C121F-22A9-490C-BFE3-CC8965FB435D}.Debug|x64.Build.0 = Debug|x64
		{A45C121F-22A9-490C-BFE3-CC8965FB435D}.Debug|x86.ActiveCfg = Debug|Win32
		{A45C121F-22A9-490C-BFE3-CC8965FB435D}.Debug|x86.Build.0 = Debug|Win32
		{A45C121F-22A9-490C-BFE3-CC8965FB435D}.Release|x64.ActiveCfg = Release|x64
		{A45C121F-22A9-490C-BFE3-CC8965FB435D}.Release|x64.Build.0 = Release|x64
		{A45C121F-22A9-490C-BFE3-CC8965FB435D}.Release|x86.ActiveCfg = Release|Win32
		{A45C121F-22A9-490C-BFE3-CC8965FB435D}.Release|x86.Build.0 = Release|Win32
		{24B521B2-DD6A-4012-81C8-F1D024E8F09E}.Debug|x64.ActiveCfg = Debug|x64
		{24B521B2-DD6A-4012-81C8-F1D024E8F09E}.Debug|x64.Build.0 = Debug|x64
		{24B521B2-DD6A-4012-81C8-F1D024E8F09E}.Debug|x86.ActiveCfg = Debug|Win32
		{24B521B2-DD6A-4012-81C8-F1D024E8F09E}.Debug|x86.Build.0 = Debug|Win32
		{24B521B2-DD6A-4012-81C8-F1D024E8F09E}.Release|x64.ActiveCfg = Release|x64
		{24B521B2-DD6A-4012-81C8-F1D024E8F09E}.Release|x64.Build.0 = Release|x64
		{24B521B2-DD6A-4012-81C8-F1D024E8F09E}.Release|x86.ActiveCfg = Release|Win32
		{24B521B2-DD6A-4012-81C8-F1D024E8F09E}.Release|x86.Build.0 = Release|Win32
		{9DBCE6B3-8CBD-4A62-BFD1-315A8459C8B0}.Debug|x64.ActiveCfg = Debug|x64
		{9DBCE6B3-8CBD-4A62-BFD1-315A8459C8B0}.Debug|x64.Build.0 = Debug|x64
		{9DBCE6B3-8CBD-4A62-BFD1-315A8459C8B0}.Debug|x86.ActiveCfg = Debug|Win32
		{9DBCE6B3-8CBD-4A62-BFD1-315A8459C8B0}.Debug|x86.Build.0 = Debug|Win32
		{9DBCE6B3-8CBD-4A62-BFD1-315A8459C8B0}.Release|x64.ActiveCfg = Release|x64
		{9DBCE6B3-8CBD-4A62-BFD1-315A8459C8B0}.Release|x64.Build.0 = Release|x64
		{9DBCE6B3-8CBD-4A62-BFD1-315A8459C8B0}.Release|x86.ActiveCfg = Release|Win32
		{9DBCE6B3-8CBD-4A62-BFD1-315A8459C8B0}.Release|x86.Build.0 = Release|Win32
		{3160706F-23B1-4D5F-83DE-7F33577325FB}.Debug|x64.ActiveCfg = Debug|x64
		{3160706F-23B1-4D5F-83DE-7F33577325FB}.Debug|x64.Build.0 = Debug|x64
		{3160706F-23B1-4D5F-83DE-7F33577325FB}.Debug|x86.ActiveCfg = Debug|Win32
		{3160706F-23B1-4D5F-83DE-7F33577325FB}.Debug|x86.Build.0 = Debug|Win32
		{3160706F-23B1-4D5F-83DE-7F33577325FB}.Release|x64.ActiveCfg = Release|x64
		{3160706F-23B1-4D5F-83DE-7F33577325FB}.Release|x64.Build.0 = Release|x64
		{3160706F-23B1-4D5F-83DE-7F33577325FB}.Release|x86.ActiveCfg = Release|Win32
		{3160706F-23B1-4D5F-83DE-7F33577325FB}.Release|x86.Build.0 = Release|Win32
		{35E4A7BF-68CA-4906-AF7D-F230FCD73315}.Debug|x64.ActiveCfg = Debug|x64
		{35E4A7BF-68CA-4906-AF7D-F230FCD73315}.Debug|x64.Build.0 = Debug|x64
		{35E4A7BF-68CA-4906-AF7D-F230FCD73315}.Debug|x86.ActiveCfg = Debug|Win32
		{35E4A7BF-68CA-4906-AF7D-F230FCD73315}.Debug|x86.Build.0 = Debug|Win32
		{35E4A7BF-68CA-4906-AF7D-F230FCD73315}.Release|x64.ActiveCfg = Release|x64
		{35E4A7BF-68CA-4906-AF7D-F230FCD73315}.Release|x64.Build.0 = Release|x64
		{35E4A7BF-68CA-4906-AF7D-F230FCD73315}.Release|x86.ActiveCfg = Release|Win32
		{35E4A7BF-68CA-4906-AF7D-F230FCD73315}.Release|x86.Build.0 = Release|Win32
		{05C7503D-8B84-4862-BED4-DB1188F98496}.Debug|x64.ActiveCfg = Debug|x64
		{05C7503D-8B84-4862-BED4-DB1188F98496}.Debug|x64.Build.0 = Debug|x64
		{05C7503D-8B84-4862-BED4-DB1188F98496}.Debug|x86.ActiveCfg = Debug|Win32
		{05C7503D-8B84-4862-BED4-DB1188F98496}.Debug|x86.Build.0 = Debug|Win32
		{05C7503D-8B84-4862-BED4-DB1188F98496}.Release|x64.ActiveCfg = Release|x64
		{05C7503D-8B84-4862-BED4-DB1188F98496}.Release|x64.Build.0 = Release|x64
		{05C7503D-8B84-4862-BED4-DB1188F98496}.Release|x86.ActiveCfg = Release|Win32
		{05C7503D-8B84-4862-BED4-DB1188F98496}.Release|x86.Build.0 = Release|Win32
		{120042FE-FEBD-4E78-A2FA-351482ADD781}.Debug|x64.ActiveCfg = Debug|x64
		{120042FE-FEBD-4E78-A2FA-351482ADD781}.Debug|x64.Build.0 = Debug|x64
		{120042FE-FEBD-4E78-A2FA-351482ADD781}.Debug|x86.ActiveCfg = Debug|Win32
		{120042FE-FEBD-4E78-A2FA-351482ADD781}.Debug|x86.Build.0 = Debug|Win32
		{120042FE-FEBD-4E78-A2FA-351482ADD781}.Release|x64.ActiveCfg = Release|x64
		{120042FE-FEBD-4E78-A2FA-351482ADD781}.Release|x64.Build.0 = Release|x64
		{120042FE-FEBD-4E78-A2FA-351482ADD781}.Release|x86.ActiveCfg = Release|Win32
		{120042FE-FEBD-4E78-A2FA-351482ADD781}.Release|x86.Build.0 = Release|Win32
		{8CBF0B91-8089-4E78-A1DF-D7BEBFBD2E5A}.Debug|x64.ActiveCfg = Debug|x64
		{8CBF0B91-8089-4E78-A1DF-D7BEBFBD2E5A}.Debug|x64.Build.0 = Debug|x64
		{8CBF0B91-8089-4E78-A1DF-D7BEBFBD2E5A}.Debug|x86.ActiveCfg = Debug|Win32
		{8CBF0B91-8089-4E78-A1DF-D7BEBFBD2E5A}.Debug|x86.Build.0 = Debug|Win32
		{8CBF0B91-8089-4E78-A1DF-D7BEBFBD2E5A}.Release|x64.ActiveCfg = Release|x64
		{8CBF0B91-8089-4E78-A1DF-D7BEBFBD2E5A}.Release|x64.Build.0 = Release|x64
		{8CBF0B91-8089-4E78-A1DF-D7BEBFBD2E5A}.Release|x86.ActiveCfg = Release|Win32
		{8CBF0B91-8089-4E78-A1DF-D7BEBFBD2E5A}.Release|x86.Build.0 = Release|Win32
		{6B5CAC36-2ECA-4B2F-9F56-C5F1EB1CC234}.Debug|x64.ActiveCfg = Debug|x64
		{6B5CAC36-2ECA-4B2F-9F56-C5F1EB1CC234}.Debug|x64.Build.0 = Debug|x64
		{6B5CAC36-2ECA-4B2F-9F56-C5F1EB1CC234}.Debug|x86.ActiveCfg = Debug|Win32
		{6B5CAC36-2ECA-4B2F-9F56-C5F1EB1CC234}.Debug|x86.Build.0 = Debug|Win32
		{6B5CAC36-2ECA-4B2F-9F56-C5F1EB1CC234}.Release|x64.ActiveCfg = Release|x64
		{6B5CAC36-2ECA-4B2F-9F56-C5F1EB1CC234}.Release|x64.Build.0 = Release|x64
		{6B5CAC36-2ECA-4B2F-9F56-C5F1EB1CC234}.Release|x86.ActiveCfg = Release|Win32
		{6B5CAC36-2ECA-4B2F-9F56-C5F1EB1CC234}.Release|x86.Build.0 = Release|Win32
		{980831DF-F379-442A-96F8-9FDF76F07DD6}.Debug|x64.ActiveCfg = Debug|x64
		{980831DF-F379-442A-96F8-9FDF76F07DD6}.Debug|x64.Build.0 = Debug|x64
		{980831DF-F379-442A-96F8-9FDF76F07DD6}.Debug|x86.ActiveCfg = Debug|Win32
		{980831DF-F379-442A-96F8-9FDF76F07DD6}.Debug|x86.Build.0 = Debug|Win32
		{980831DF-F379-442A-96F8-9FDF76F07DD6}.Release|x64.ActiveCfg = Release|x64
		{980831DF-F379-442A-96F8-9FDF76F07DD6}.Release|x64.Build.0 = Release|x64
		{980831DF-F379-442A-96F8-9FDF76F07DD6}.Release|x86.ActiveCfg = Release|Win32
		{980831DF-F379-442A-96F8-9FDF76F07DD6}.Release|x86.Build.0 = Release|Win32
		{E88433BB-496B-4EFB-AF76-369DB3275264}.Debug|x64.ActiveCfg = Debug|x64
		{E88433BB-496B-4EFB-AF76-369DB3275264}.Debug|x64.Build.0 = Debug|x64
		{E88433BB-496B-4EFB-AF76-369DB3275264}.Debug|x86.ActiveCfg = Debug|Win32
		{E88433BB-496B-4EFB-AF76-369DB3275264}.Debug|x86.Build.0 = Debug|Win32
		{E88433BB-496B-4EFB-AF76-369DB3275264}.Release|x64.ActiveCfg = Release|x64
		{E88433BB-496B-4EFB-AF76-369DB3275264}.Release|x64.Build.0 = Release|x64
		{E88433BB-496B-4EFB-AF76-369DB3275264}.Release|x86.ActiveCfg = Release|Win32
		{E88433BB-496B-4EFB-AF76-369DB3275264}.Release|x86.Build.0 = Release|Win32
		{9FA093F1-A096-447A-979A-B9E9D808C82C}.Debug|x64.ActiveCfg = Debug|x64
		{9FA093F1-A096-447A-979A-B9E9D808C82C}.Debug|x64.Build.0 = Debug|x64
		{9FA093F1-A096-447A-979A-B9E9D808C82C}.Debug|x86.ActiveCfg = Debug|Win32
		{9FA093F1-A096-447A-979A-B9E9D808C82C}.Debug|x86.Build.0 = Debug|Win32
		{9FA093F1-A096-447A-979A-B9E9D808C82C}.Release|x64.ActiveCfg = Release|x64
		{9FA093F1-A096-447A-979A-B9E9D808C82C}.Release|x64.Build.0 = Release|x64
		{9FA093F1-A096-447A-979A-B9E9D808C82C}.Release|x86.ActiveCfg = Release|Win32
		{9FA093F1-A096-447A-979A-B9E9D808C82C}.Release|x86.Build.0 = Release|Win32
		{5E1D4E5F-E10C-4BA3-B663-F33014FD21D9}.Debug|x64.ActiveCfg = Debug|x64
		{5E1D4E5F-E10C-4BA3-B663-F33014FD21D9}.Debug|x64.Build.0 = Debug|x64
		{5E1D4E5F-E10C-4BA3-B663-F33014FD21D9}.Debug|x86.ActiveCfg = Debug|Win32
		{5E1D4E5F-E10C-4BA3-B663-F33014FD21D9}.Debug|x86.Build.0 = Debug|Win32
		{5E1D4E5F-E10C-4BA3-B663-F33014FD21D9}.Release|x64.ActiveCfg = Release|x64
		{5E1D4E5F-E10C-4BA3-B663-F33014FD21D9}.Release|x64.Build.0 = Release|x64
		{5E1D4E5F-E10C-4BA3-B663-F33014FD21D9}.Release|x86.ActiveCfg = Release|Win32
		{5E1D4E5F-E10C-4BA3-B663-F33014FD21D9}.Release|x86.Build.0 = Release|Win32
		{AD2A9583-A590-4474-B5F8-D2D0754F8C25}.Debug|x64.ActiveCfg = Debug|x64
		{AD2A9583-A590-4474-B5F8-D2D0754F8C25}.Debug|x64.Build.0 = Debug|x64
		{AD2A9583-A590-4474-B5F8-D2D0754F8C25}.Debug|x86.ActiveCfg = Debug|Win32
		{AD2A9583-A590-4474-B5F8-D2D0754F8C25}.Debug|x86.Build.0 = Debug|Win32
		{AD2A9583-A590-4474-B5F8-D2D0754F8C25}.Release|x64.ActiveCfg = Release|x64
		{AD2A9583-A590-4474-B5F8-D2D0754F8C25}.Release|x64.Build.0 = Release|x64
		{AD2A9583-A590-4474-B5F8-D2D0754F8C25}.Release|x86.ActiveCfg = Release|Win32
		{AD2A9583-A590-4474-B5F8-D2D0754F8C25}.Release|x86.Build.0 = Release|Win32
		{9F9CA101-088C-46BF-BF27-2A10D239A92E}.Debug|x64.ActiveCfg = Debug|x64
		{9F9CA101-088C-46BF-BF27-2A10D239A92E}.Debug|x64.Build.0 = Debug|x64
		{9F9CA101-088C-46BF-BF27-2A10D239A92E}.Debug|x86.ActiveCfg = Debug|Win32
		{9F9CA101-088C-46BF-BF27-2A10D239A92E}.Debug|x86.Build.0 = Debug|Win32
		{9F9CA101-088C-46BF-BF27-2A10D239A92E}.Release|x64.ActiveCfg = Release|x64
		{9F9CA101-088C-46BF-BF27-2A10D239A92E}.Release|x64.Build.0 = Release|x64
		{9F9CA101-088C-46BF-BF27-2A10D239A92E}.Release|x86.ActiveCfg = Release|Win32
		{9F9CA101-088C-46BF-BF27-2A10D239A92E}.Release|x86.Build.0 = Release|Win32
		{8B7DD922-C2B3-45FB-B61B-C5CFB75F55F1}.Debug|x64.ActiveCfg = Debug|x64
		{8B7DD922-C2B3-45FB-B61B-C5CFB75F55F1}.Debug|x64.Build.0 = Debug|x64
		{8B7DD922-C2B3-45FB-B61B-C5CFB75F55F1}.Debug|x86.ActiveCfg = Debug|Win32
		{8B7DD922-C2B3-45FB-B61B-C5CFB75F55F1}.Debug|x86.Build.0 = Debug|Win32
		{8B7DD922-C2B3-45FB-B61B-C5CFB75F55F1}.Release|x64.ActiveCfg = Release|x64
		{8B7DD922-C2B3-45FB-B61B-C5CFB75F55F1}.Release|x64.Build.0 = Release|x64
		{8B7DD922-C2B3-45FB-B61B-C5CFB75F55F1}.Release|x86.ActiveCfg = Release|Win32
		{8B7DD922-C2B3-45FB-B61B-C5CFB75F55F1}.Release|x86.Build.0 = Release|Win32
		{1C3BB32E-8296-4B6B-B565-DF6974A260C3}.Debug|x64.ActiveCfg = Debug|x64
		{1C3BB32E-8296-4B6B-B565-DF6974A260C3}.Debug|x64.Build.0 = Debug|x64
		{1C3BB32E-8296-4B6B-B565-DF6974A260C3}.Debug|x86.ActiveCfg = Debug|Win32
		{1C3BB32E-8296-4B6B-B565-DF6974A260C3}.Debug|x86.Build.0 = Debug|Win32
		{1C3BB32E-8296-4B6B-B565-DF6974A260C3}.Release|x64.ActiveCfg = Release|x64
		{1C3BB32E-8296-4B6B-B565-DF6974A260C3}.Release|x64.Build.0 = Release|x64
		{1C3BB32E-8296-4B6B-B565-DF6974A260C3}.Release|x86.ActiveCfg = Release|Win32
		{1C3BB32E-8296-4B6B-B565-DF6974A260C3}.Release|x86.Build.0 = Release|Win32
		{A2FE10E6-6309-42AF-BC97-0AFFC4D5CD7D}.Debug|x64.ActiveCfg = Debug|x64
		{A2FE10E6-6309-42AF-BC97-0AFFC4D5CD7D}.Debug|x64.Build.0 = Debug|x64
		{A2FE10E6-6309-42AF-BC97-0AFFC4D5CD7D}.Debug|x86.ActiveCfg = Debug|Win32
		{A2FE10E6-6309-42AF-BC97-0AFFC4D5CD7D}.Debug|x86.Build.0 = Debug|Win32
		{A2FE10E6-6309-42AF-BC97-0AFFC4D5CD7D}.Release|x64.ActiveCfg = Release|x64
		{A2FE10E6-6309-42AF-BC97-0AFFC4D5CD7D}.Release|x64.Build.0 = Release|x64
		{A2FE10E6-6309-42AF-BC97-0AFFC4D5CD7D}.Release|x86.ActiveCfg = Release|Win32
		{A2FE10E6-6309-42AF-BC97-0AFFC4D5CD7D}.Release|x86.Build.0 = Release|Win32
		{F73DB4BD-674A-441A-9AB2-9E7BC823DA5D}.Debug|x64.ActiveCfg = Debug|x64
		{F73DB4BD-674A-441A-9AB2-9E7BC823DA5D}.Debug|x64.Build.0 = Debug|x64
		{F73DB4BD-674A-441A-9AB2-9E7BC823DA5D}.Debug|x86.ActiveCfg = Debug|Win32
		{F73DB4BD-674A-441A-9AB2-9E7BC823DA5D}.Debug|x86.Build.0 = Debug|Win32
		{F73DB4BD-674A-441A-9AB2-9E7BC823DA5D}.Release|x64.ActiveCfg = Release|x64
		{F73DB4BD-674A-441A-9AB2-9E7BC823DA5D}.Release|x64.Build.0 = Release|x64
		{F73DB4BD-674A-441A-9AB2-9E7BC823DA5D}.Release|x86.ActiveCfg = Release|Win32
		{F73DB4BD-674A-441A-9AB2-9E7BC823DA5D}.Release|x86.Build.0 = Release|Win32
		{3FE51A66-9E62-4159-A33D-D5E589915CE9}.Debug|x64.ActiveCfg = Debug|x64
		{3FE51A66-9E62-4159-A33D-D5E589915CE9}.Debug|x64.Build.0 = Debug|x64
		{3FE51A66-9E62-4159-A33D-D5E589915CE9}.Debug|x86.ActiveCfg = Debug|Win32
		{3FE51A66-9E62-4159-A33D-D5E589915CE9}.Debug|x86.Build.0 = Debug|Win32
		{3FE51A66-9E62-4159-A33D-D5E589915CE9}.Release|x64.ActiveCfg = Release|x64
		{3FE51A66-9E62-4159-A33D-D5E589915CE9}.Release|x64.Build.0 = Release|x64
		{3FE51A66-9E62-4159-A33D-D5E589915CE9}.Release|x86.ActiveCfg = Release|Win32
		{3FE51A66-9E62-4159-A33D-D5E589915CE9}.Release|x86.Build.0 = Release|Win32
		{413AA133-EBBE-40B3-B003-3356CC3DA856}.Debug|x64.ActiveCfg = Debug|x64
		{413AA133-EBBE-40B3-B003-3356CC3DA856}.Debug|x64.Build.0 = Debug|x64
		{413AA133-EBBE-40B3-B003-3356CC3DA856}.Debug|x86.ActiveCfg = Debug|Win32
		{413AA133-EBBE-40B3-B003-3356CC3DA856}.Debug|x86.Build.0 = Debug|Win32
		{413AA133-EBBE-40B3-B003-3356CC3DA856}.Release|x64.ActiveCfg = Release|x64
		{413AA133-EBBE-40B3-B003-3356CC3DA856}.Release|x64.Build.0 = Release|x64
		{413AA133-EBBE-40B3-B003-3356CC3DA856}.Release|x86.ActiveCfg = Release|Win32
		{413AA133-EBBE-40B3-B003-3356CC3DA856}.Release|x86.Build.0 = Release|Win32
		{09E69C6D-5643-448B-8832-64B23953602E}.Debug|x64.ActiveCfg = Debug|x64
		{09E69C6D-5643-448B-8832-64B23953602E}.Debug|x64.Build.0 = Debug|x64
		{09E69C6D-5643-448B-8832-64B23953602E}.Debug|x86.ActiveCfg = Debug|Win32
		{09E69C6D-5643-448B-8832-64B23953602E}.Debug|x86.Build.0 = Debug|Win32
		{09E69C6D-5643-448B-8832-64B23953602E}.Release|x64.ActiveCfg = Release|x64
		{09E69C6D-5643-448B-8832-64B23953602E}.Release|x64.Build.0 = Release|x64
		{09E69C6D-5643-448B-8832-64B23953602E}.Release|x86.ActiveCfg = Release|Win32
		{09E69C6D-5643-448B-8832-64B23953602E}.Release|x86.Build.0 = Release|Win32
		{5CA45C92-0666-4C96-B9D8-5962E67DE055}.Debug|x64.ActiveCfg = Debug|x64
		{5CA45C92-0666-4C96-B9D8-5962E67DE055}.Debug|x64.Build.0 = Debug|x64
		{5CA45C92-0666-4C96-B9D8-5962E67DE055}.Debug|x86.ActiveCfg = Debug|Win32
		{5CA45C92-0666-4C96-B9D8-5962E67DE055}.Debug|x86.Build.0 = Debug|Win32
		{5CA45C92-0666-4C96-B9D8-5962E67DE055}.Release|x64.ActiveCfg = Release|x64
		{5CA45C92-0666-4C96-B9D8-5962E67DE055}.Release|x64.Build.0 = Release|x64
		{5CA45C92-0666-4C96-B9D8-5962E67DE055}.Release|x86.ActiveCfg = Release|Win32
		{5CA45C92-0666-4C96-B9D8-5962E67DE055}.Release|x86.Build.0 = Release|Win32
		{AA108F9C-1500-479F-A91C-8F01254EDB0B}.Debug|x64.ActiveCfg = Debug|x64
		{AA108F9C-1500-479F-A91C-8F01254EDB0B}.Debug|x64.Build.0 = Debug|x64
		{AA108F9C-1500-479F-A91C-8F01254EDB0B}.Debug|x86.ActiveCfg = Debug|Win32
		{AA108F9C-1500-479F-A91C-8F01254EDB0B}.Debug|x86.Build.0 = Debug|Win32
		{AA108F9C-1500-479F-A91C-8F01254EDB0B}.Release|x64.ActiveCfg = Release|x64
		{AA108F9C-1500-479F-A91C-8F01254EDB0B}.Release|x64.Build.0 = Release|x64
		{AA108F9C-1500-479F-A91C-8F01254EDB0B}.Release|x86.ActiveCfg = Release|Win32
		{AA108F9C-1500-479F-A91C-8F01254EDB0B}.Release|x86.Build.0 = Release|Win32
		{D89051CF-A9FA-4FDD-9957-C163AA695306}.Debug|x64.ActiveCfg = Debug|x64
		{D89051CF-A9FA-4FDD-9957-C163AA695306}.Debug|x64.Build.0 = Debug|x64
		{D89051CF-A9FA-4FDD-9957-C163AA695306}.Debug|x86.ActiveCfg = Debug|Win32
		{D89051CF-A9FA-4FDD-9957-C163AA695306}.Debug|x86.Build.0 = Debug|Win32
		{D89051CF-A9FA-4FDD-9957-C163AA695306}.Release|x64.ActiveCfg = Release|x64
		{D89051CF-A9FA-4FDD-9957-C163AA695306}.Release|x64.Build.0 = Release|x64
		{D89051CF-A9FA-4FDD-9957-C163AA695306}.Release|x86.ActiveCfg = Release|Win32
		{D89051CF-A9FA-4FDD-9957-C163AA695306}.Release|x86.Build.0 = Release|Win32
		{2942F596-3AD9-46DC-865B-F84BECFE8BDB}.Debug|x64.ActiveCfg = Debug|x64
		{2942F596-3AD9-46DC-865B-F84BECFE8BDB}.Debug|x64.Build.0 = Debug|x64
		{2942F596-3AD9-46DC-865B-F84BECFE8BDB}.Debug|x86.ActiveCfg = Debug|Win32
		{2942F596-3AD9-46DC-865B-F84BECFE8BDB}.Debug|x86.Build.0 = Debug|Win32
		{2942F596-3AD9-46DC-865B-F84BECFE8BDB}.Release|x64.ActiveCfg = Release|x64
		{2942F596-3AD9-46DC-865B-F84BECFE8BDB}.Release|x64.Build.0 = Release|x64
		{2942F596-3AD9-46DC-865B-F84BECFE8BDB}.Release|x86.ActiveCfg = Release|Win32
		{2942F596-3AD9-46DC-865B-F84BECFE8BDB}.Release|x86.Build.0 = Release|Win32
		{587C2B17-CB09-4CD4-B809-84A499B9B89F}.Debug|x64.ActiveCfg = Debug|x64
		{587C2B17-CB09-4CD4-B809-84A499B9B89F}.Debug|x64.Build.0 = Debug|x64
		{587C2B17-CB09-4CD4-B809-84A499B9B89F}.Debug|x86.ActiveCfg = Debug|Win32
		{587C2B17-CB09-4CD4-B809-84A499B9B89F}.Debug|x86.Build.0 = Debug|Win32
		{587C2B17-CB09-4CD4-B809-84A499B9B89F}.Release|x64.ActiveCfg = Release|x64
		{587C2B17-CB09-4CD4-B809-84A499B9B89F}.Release|x64.Build.0 = Release|x64
		{587C2B17-CB09-4CD4-B809-84A499B9B89F}.Release|x86.ActiveCfg = Release|Win32
		{587C2B17-CB09-4CD4-B809-84A499B9B89F}.Release|x86.Build.0 = Release|Win32
		{81BB800D-2F94-4523-AB00-983D9688FA24}.Debug|x64.ActiveCfg = Debug|x64
		{81BB800D-2F94-4523-AB00-983D9688FA24}.Debug|x64.Build.0 = Debug|x64
		{81BB800D-2F94-4523-AB00-983D9688FA24}.Debug|x86.ActiveCfg = Debug|Win32
		{81BB800D-2F94-4523-AB00-983D9688FA24}.Debug|x86.Build.0 = Debug|Win32
		{81BB800D-2F94-4523-AB00-983D9688FA24}.Release|x64.ActiveCfg = Release|x64
		{81BB800D-2F94-4523-AB00-983D9688FA24}.Release|x64.Build.0 = Release|x64
		{81BB800D-2F94-4523-AB00-983D9688FA24}.Release|x86.ActiveCfg = Release|Win32
		{81BB800D-2F94-4523-AB00-983D9688FA24}.Release|x86.Build.0 = Release|Win32
		{897AA571-0923-4A69-A222-FE7ECF5B884C}.Debug|x64.ActiveCfg = Debug|x64
		{897AA571-0923-4A69-A222-FE7ECF5B884C}.Debug|x64.Build.0 = Debug|x64
		{897AA571-0923-4A69-A222-FE7ECF5B884C}.Debug|x86.ActiveCfg = Debug|Win32
		{897AA571-0923-4A69-A222-FE7ECF5B884C}.Debug|x86.Build.0 = Debug|Win32
		{897AA571-0923-4A69-A222-FE7ECF5B884C}.Release|x64.ActiveCfg = Release|x64
		{897AA571-0923-4A69-A222-FE7ECF5B884C}.Release|x64.Build.0 = Release|x64
		{897AA571-0923-4A69-A222-FE7ECF5B884C}.Release|x86.ActiveCfg = Release|Win32
		{897AA571-0923-4A69-A222-FE7ECF5B884C}.Release|x86.Build.0 = Release|Win32
		{14F4308A-C7D1-4533-A0A1-72DB74C78BB7}.Debug|x64.ActiveCfg = Debug|x64
		{14F4308A-C7D1-4533-A0A1-72DB74C78BB7}.Debug|x64.Build.0 = Debug|x64
		{14F4308A-C7D1-4533-A0A1-72DB74C78BB7}.Debug|x86.ActiveCfg = Debug|Win32
		{14F4308A-C7D1-4533-A0A1-72DB74C78BB7}.Debug|x86.Build.0 = Debug|Win32
		{14F4308A-C7D1-4533-A0A1-72DB74C78BB7}.Release|x64.ActiveCfg = Release|x64
		{14F4308A-C7D1-4533-A0A1-72DB74C78BB7}.Release|x64.Build.0 = Release|x64
		{14F4308A-C7D1-4533-A0A1-72DB74C78BB7}.Release|x86.ActiveCfg = Release|Win32
		{14F4308A-C7D1-4533-A0A1-72DB74C78BB7}.Release|x86.Build.0 = Release|Win32
		{4B06F4AA-FC6B-4FF1-A939-20994E9FD7E3}.Debug|x64.ActiveCfg = Debug|x64
		{4B06F4AA-FC6B-4FF1-A939-20994E9FD7E3}.Debug|x64.Build.0 = Debug|x64
		{4B06F4AA-FC6B-4FF1-A939-20994E9FD7E3}.Debug|x86.ActiveCfg = Debug|Win32
		{4B06F4AA-FC6B-4FF1-A939-20994E9FD7E3}.Debug|x86.Build.0 = Debug|Win32
		{4B06F4AA-FC6B-4FF1-A939-20994E9FD7E3}.Release|x64.ActiveCfg = Release|x64
		{4B06F4AA-FC6B-4FF1-A939-20994E9FD7E3}.Release|x64.Build.0 = Release|x64
		{4B06F4AA-FC6B-4FF1-A939-20994E9FD7E3}.Release|x86.ActiveCfg = Release|Win32
		{4B06F4AA-FC6B-4FF1-A939-20994E9FD7E3}.Release|x86.Build.0 = Release|Win32
		{83DBF906-D144-4920-9207-E1038B26C88D}.Debug|x64.ActiveCfg = Debug|x64
		{83DBF906-D144-4920-9207-E1038B26C88D}.Debug|x64.Build.0 = Debug|x64
		{83DBF906-D144-4920-9207-E1038B26C88D}.Debug|x86.ActiveCfg = Debug|Win32
		{83DBF906-D144-4920-9207-E1038B26C88D}.Debug|x86.Build.0 = Debug|Win32
		{83DBF906-D144-4920-9207-E1038B26C88D}.Release|x64.ActiveCfg = Release|x64
		{83DBF906-D144-4920-9207-E1038B26C88D}.Release|x64.Build.0 = Release|x64
		{83DBF906-D144-4920-9207-E1038B26C88D}.Release|x86.ActiveCfg = Release|Win32
		{83DBF906-D144-4920-9207-E1038B26C88D}.Release|x86.Build.0 = Release|Win32
		{E89B6DE9-E7F3-4FF8-92F8-D71E7BAC87E7}.Debug|x64.ActiveCfg = Debug|x64
		{E89B6DE9-E7F3-4FF8-92F8-D71E7BAC87E7}.Debug|x64.Build.0 = Debug|x64
		{E89B6DE9-E7F3-4FF8-92F8-D71E7BAC87E7}.Debug|x86.ActiveCfg = Debug|Win32
		{E89B6DE9-E7F3-4FF8-92F8-D71E7BAC87E7}.Debug|x86.Build.0 = Debug|Win32
		{E89B6DE9-E7F3-4FF8-92F8-D71E7BAC87E7}.Release|x64.ActiveCfg = Release|x64
		{E89B6DE9-E7F3-4FF8-92F8-D71E7BAC87E7}.Release|x64.Build.0 = Release|x64
		{E89B6DE9-E7F3-4FF8-92F8-D71E7BAC87E7}.Release|x86.ActiveCfg = Release|Win32
		{E89B6DE9-E7F3-4FF8-92F8-D71E7BAC87E7}.Release|x86.Build.0 = Release|Win32
		{AC35D4B2-8AFD-4C45-AFF7-423BD2EF6107}.Debug|x64.ActiveCfg = Debug|x64
		{AC35D4B2-8AFD-4C45-AFF7-423BD2EF6107}.Debug|x64.Build.0 = Debug|x64
		{AC35D4B2-8AFD-4C45-AFF7-423BD2EF6107}.Debug|x86.ActiveCfg = Debug|Win32
		{AC35D4B2-8AFD-4C45-AFF7-423BD2EF6107}.Debug|x86.Build.0 = Debug|Win32
		{AC35D4B2-8AFD-4C45-AFF7-423BD2EF6107}.Release|x64.ActiveCfg = Release|x64
		{AC35D4B2-8AFD-4C45-AFF7-423BD2EF6107}.Release|x64.Build.0 = Release|x64
		{AC35D4B2-8AFD-4C45-AFF7-423BD2EF6107}.Release|x86.ActiveCfg = Release|Win32
		{AC35D4B2-8AFD-4C45-AFF7-423BD2EF6107}.Release|x86.Build.0 = Release|Win32
		{5730A80F-A173-4F10-BF32-31BFF25BB49A}.Debug|x64.ActiveCfg = Debug|x64
		{5730A80F-A173-4F10-BF32-31BFF25BB49A}.Debug|x64.Build.0 = Debug|x64
		{5730A80F-A173-4F10-BF32-31BFF25BB49A}.Debug|x86.ActiveCfg = Debug|Win32
		{5730A80F-A173-4F10-BF32-31BFF25BB49A}.Debug|x86.Build.0 = Debug|Win32
		{5730A80F-A173-4F10-BF32-31BFF25BB49A}.Release|x64.ActiveCfg = Release|x64
		{5730A80F-A173-4F10-BF32-31BFF25BB49A}.Release|x64.Build.0 = Release|x64
		{5730A80F-A173-4F10-BF32-31BFF25BB49A}.Release|x86.ActiveCfg = Release|Win32
		{5730A80F-A173-4F10-BF32-31BFF25BB49A}.Release|x86.Build.0 = Release|Win32
		{1B5F26AE-3D52-4594-85AD-E566C5B809AD}.Debug|x64.ActiveCfg = Debug|x64
		{1B5F26AE-3D52-4594-85AD-E566C5B809AD}.Debug|x64.Build.0 = Debug|x64
		{1B5F26AE-3D52-4594-85AD-E566C5B809AD}.Debug|x86.ActiveCfg = Debug|Win32
		{1B5F26AE-3D52-4594-85AD-E566C5B809AD}.Debug|x86.Build.0 = Debug|Win32
		{1B5F26AE-3D52-4594-85AD-E566C5B809AD}.Release|x64.ActiveCfg = Release|x64
		{1B5F26AE-3D52-4594-85AD-E566C5B809AD}.Release|x64.Build.0 = Release|x64
		{1B5F26AE-3D52-4594-85AD-E566C5B809AD}.Release|x86.ActiveCfg = Release|Win32
		{1B5F26AE-3D52-4594-85AD-E566C5B809AD}.Release|x86.Build.0 = Release|Win32
		{A666EC43-6FC6-4EC9-B7A8-2BB7ED7A6F6E}.Debug|x64.ActiveCfg = Debug|x64
		{A666EC43-6FC6-4EC9-B7A8-2BB7ED7A6F6E}.Debug|x64.Build.0 = Debug|x64
		{A666EC43-6FC6-4EC9-B7A8-2BB7ED7A6F6E}.Debug|x86.ActiveCfg = Debug|Win32
		{A666EC43-6FC6-4EC9-B7A8-2BB7ED7A6F6E}.Debug|x86.Build.0 = Debug|Win32
		{A666EC43-6FC6-4EC9-B7A8-2BB7ED7A6F6E}.Release|x64.ActiveCfg = Release|x64
		{A666EC43-6FC6-4EC9-B7A8-2BB7ED7A6F6E}.Release|x64.Build.0 = Release|x64
		{A666EC43-6FC6-4EC9-B7A8-2BB7ED7A6F6E}.Release|x86.ActiveCfg = Release|Win32
		{A666EC43-6FC6-4EC9-B7A8-2BB7ED7A6F6E}.Release|x86.Build.0 = Release|Win32
		{B4931B20-A005-4195-8A9A-5C7DB8447979}.Debug|x64.ActiveCfg = Debug|x64
		{B4931B20-A005-4195-8A9A-5C7DB8447979}.Debug|x64.Build.0 = Debug|x64
		{B4931B20-A005-4195-8A9A-5C7DB8447979}.Debug|x86.ActiveCfg = Debug|Win32
		{B4931B20-A005-4195-8A9A-5C7DB8447979}.Debug|x86.Build.0 = Debug|Win32
		{B4931B20-A005-4195-8A9A-5C7DB8447979}.Release|x64.ActiveCfg = Release|x64
		{B4931B20-A005-4195-8A9A-5C7DB8447979}.Release|x64.Build.0 = Release|x64
		{B4931B20-A005-4195-8A9A-5C7DB8447979}.Release|x86.ActiveCfg = Release|Win32
		{B4931B20-A005-4195-8A9A-5C7DB8447979}.Release|x86.Build.0 = Release|Win32
		{6EEEC1BB-0DFE-46F4-818C-89D7D0BFB0AF}.Debug|x64.ActiveCfg = Debug|x64
		{6EEEC1BB-0DFE-46F4-818C-89D7D0BFB0AF}.Debug|x64.Build.0 = Debug|x64
		{6EEEC1BB-0DFE-46F4-818C-89D7D0BFB0AF}.Debug|x86.ActiveCfg = Debug|Win32
		{6EEEC1BB-0DFE-46F4-818C-89D7D0BFB0AF}.Debug|x86.Build.0 = Debug|Win32
		{6EEEC1BB-0DFE-46F4-818C-89D7D0BFB0AF}.Release|x64.ActiveCfg = Release|x64
		{6EEEC1BB-0DFE-46F4-818C-89D7D0BFB0AF}.Release|x64.Build.0 = Release|x64
		{6EEEC1BB-0DFE-46F4-818C-89D7D0BFB0AF}.Release|x86.ActiveCfg = Release|Win32
		{6EEEC1BB-0DFE-46F4-818C-89D7D0BFB0AF}.Release|x86.Build.0 = Release|Win32
		{639C83DB-AD7F-4FEA-ACA7-06C89227019B}.Debug|x64.ActiveCfg = Debug|x64
		{639C83DB-AD7F-4FEA-ACA7-06C89227019B}.Debug|x64.Build.0 = Debug|x64
		{639C83DB-AD7F-4FEA-ACA7-06C89227019B}.Debug|x86.ActiveCfg = Debug|Win32
		{639C83DB-AD7F-4FEA-ACA7-06C89227019B}.Debug|x86.Build.0 = Debug|Win32
		{639C83DB-AD7F-4FEA-ACA7-06C89227019B}.Release|x64.ActiveCfg = Release|x64
		{639C83DB-AD7F-4FEA-ACA7-06C89227019B}.Release|x64.Build.0 = Release|x64
		{639C83DB-AD7F-4FEA-ACA7-06C89227019B}.Release|x86.ActiveCfg = Release|Win32
		{639C83DB-AD7F-4FEA-ACA7-06C89227019B}.Release|x86.Build.0 = Release|Win32
		{1B3796DC-8A47-4E76-A7B9-2B0EE9A0128D}.Debug|x64.ActiveCfg = Debug|x64
		{1B3796DC-8A47-4E76-A7B9-2B0EE9A0128D}.Debug|x64.Build.0 = Debug|x64
		{1B3796DC-8A47-4E76-A7B9-2B0EE9A0128D}.Debug|x86.ActiveCfg = Debug|Win32
		{1B3796DC-8A47-4E76-A7B9-2B0EE9A0128D}.Debug|x86.Build.0 = Debug|Win32
		{1B3796DC-8A47-4E76-A7B9-2B0EE9A0128D}.Release|x64.ActiveCfg = Release|x64
		{1B3796DC-8A47-4E76-A7B9-2B0EE9A0128D}.Release|x64.Build.0 = Release|x64
		{1B3796DC-8A47-4E76-A7B9-2B0EE9A0128D}.Release|x86.ActiveCfg = Release|Win32
		{1B3796DC-8A47-4E76-A7B9-2B0EE9A0128D}.Release|x86.Build.0 = Release|Win32
		{FFAB625D-99DC-4D1B-8E3F-3ECB8F53AAF3}.Debug|x64.ActiveCfg = Debug|x64
		{FFAB625D-99DC-4D1B-8E3F-3ECB8F53AAF3}.Debug|x64.Build.0 = Debug|x64
		{FFAB625D-99DC-4D1B-8E3F-3ECB8F53AAF3}.Debug|x86.ActiveCfg = Debug|Win32
		{FFAB625D-99DC-4D1B-8E3F-3ECB8F53AAF3}.Debug|x86.Build.0 = Debug|Win32
		{FFAB625D-99DC-4D1B-8E3F-3ECB8F53AAF3}.Release|x64.ActiveCfg = Release|x64
		{FFAB625D-99DC-4D1B-8E3F-3ECB8F53AAF3}.Release|x64.Build.0 = Release|x64
		{FFAB625D-99DC-4D1B-8E3F-3ECB8F53AAF3}.Release|x86.ActiveCfg = Release|Win32
		{FFAB625D-99DC-4D1B-8E3F-3ECB8F53AAF3}.Release|x86.Build.0 = Release|Win32
		{C6E35C59-3C74-4DFD-BF89-47247024395D}.Debug|x64.ActiveCfg = Debug|x64
		{C6E35C59-3C74-4DFD-BF89-47247024395D}.Debug|x64.Build.0 = Debug|x64
		{C6E35C59-3C74-4DFD-BF89-47247024395D}.Debug|x86.ActiveCfg = Debug|Win32
		{C6E35C59-3C74-4DFD-BF89-47247024395D}.Debug|x86.Build.0 = Debug|Win32
		{C6E35C59-3C74-4DFD-BF89-47247024395D}.Release|x64.ActiveCfg = Release|x64
		{C6E35C59-3C74-4DFD-BF89-47247024395D}.Release|x64.Build.0 = Release|x64
		{C6E35C59-3C74-4DFD-BF89-47247024395D}.Release|x86.ActiveCfg = Release|Win32
		{C6E35C59-3C74-4DFD-BF89-47247024395D}.Release|x86.Build.0 = Release|Win32
		{C00B1E95-C3E7-4312-B166-BED8E80240F7}.Debug|x64.ActiveCfg = Debug|x64
		{C00B1E95-C3E7-4312-B166-BED8E80240F7}.Debug|x64.Build.0 = Debug|x64
		{C00B1E95-C3E7-4312-B166-BED8E80240F7}.Debug|x86.ActiveCfg = Debug|Win32
		{C00B1E95-C3E7-4312-B166-BED8E80240F7}.Debug|x86.Build.0 = Debug|Win32
		{C00B1E95-C3E7-4312-B166-BED8E80240F7}.Release|x64.ActiveCfg = Release|x64
		{C00B1E95-C3E7-4312-B166-BED8E80240F7}.Release|x64.Build.0 = Release|x64
		{C00B1E95-C3E7-4312-B166-BED8E80240F7}.Release|x86.ActiveCfg = Release|Win32
		{C00B1E95-C3E7-4312-B166-BED8E80240F7}.Release|x86.Build.0 = Release|Win32
		{2F0B44A9-F642-4900-A230-8E14687D3014}.Debug|x64.ActiveCfg = Debug|x64
		{2F0B44A9-F642-4900-A230-8E14687D3014}.Debug|x64.Build.0 = Debug|x64
		{2F0B44A9-F642-4900-A230-8E14687D3014}.Debug|x86.ActiveCfg = Debug|Win32
		{2F0B44A9-F642-4900-A230-8E14687D3014}.Debug|x86.Build.0 = Debug|Win32
		{2F0B44A9-F642-4900-A230-8E14687D3014}.Release|x64.ActiveCfg = Release|x64
		{2F0B44A9-F642-4900-A230-8E14687D3014}.Release|x64.Build.0 = Release|x64
		{2F0B44A9-F642-4900-A230-8E14687D3014}.Release|x86.ActiveCfg = Release|Win32
		{2F0B44A9-F642-4900-A230-8E14687D3014}.Release|x86.Build.0 = Release|Win32
		{9710D0E6-CE03-447E-9DB7-00982363C58A}.Debug|x64.ActiveCfg = Debug|x64
		{9710D0E6-CE03-447E-9DB7-00982363C58A}.Debug|x64.Build.0 = Debug|x64
		{9710D0E6-CE03-447E-9DB7-00982363C58A}.Debug|x86.ActiveCfg = Debug|Win32
		{9710D0E6-CE03-447E-9DB7-00982363C58A}.Debug|x86.Build.0 = Debug|Win32
		{9710D0E6-CE03-447E-9DB7-00982363C58A}.Release|x64.ActiveCfg = Release|x64
		{9710D0E6-CE03-447E-9DB7-00982363C58A}.Release|x64.Build.0 = Release|x64
		{9710D0E6-CE03-447E-9DB7-00982363C58A}.Release|x86.ActiveCfg = Release|Win32
		{9710D0E6-CE03-447E-9DB7-00982363C58A}.Release|x86.Build.0 = Release|Win32
		{2415BDA5-98A9-4C06-B9E5-08A0C9E67522}.Debug|x64.ActiveCfg = Debug|x64
		{2415BDA5-98A9-4C06-B9E5-08A0C9E67522}.Debug|x64.Build.0 = Debug|x64
		{2415BDA5-98A9-4C06-B9E5-08A0C9E67522}.Debug|x86.ActiveCfg = Debug|Win32
		{2415BDA5-98A9-4C06-B9E5-08A0C9E67522}.Debug|x86.Build.0 = Debug|Win32
		{2415BDA5-98A9-4C06-B9E5-08A0C9E67522}.Release|x64.ActiveCfg = Release|x64
		{2415BDA5-98A9-4C06-B9E5-08A0C9E67522}.Release|x64.Build.0 = Release|x64
		{2415BDA5-98A9-4C06-B9E5-08A0C9E67522}.Release|x86.ActiveCfg = Release|Win32
		{2415BDA5-98A9-4C06-B9E5-08A0C9E67522}.Release|x86.Build.0 = Release|Win32
		{B45D7ED4-4AD6-42D6-B685-F29F1EF31BD7}.Debug|x64.ActiveCfg = Debug|x64
		{B45D7ED4-4AD6-42D6-B685-F29F1EF31BD7}.Debug|x64.Build.0 = Debug|x64
		{B45D7ED4-4AD6-42D6-B685-F29F1EF31BD7}.Debug|x86.ActiveCfg = Debug|Win32
		{B45D7ED4-4AD6-42D6-B685-F29F1EF31BD7}.Debug|x86.Build.0 = Debug|Win32
		{B45D7ED4-4AD6-42D6-B685-F29F1EF31BD7}.Release|x64.ActiveCfg = Release|x64
		{B45D7ED4-4AD6-42D6-B685-F29F1EF31BD7}.Release|x64.Build.0 = Release|x64
		{B45D7ED4-4AD6-42D6-B685-F29F1EF31BD7}.Release|x86.ActiveCfg = Release|Win32
		{B45D7ED4-4AD6-42D6-B685-F29F1EF31BD7}.Release|x86.Build.0 = Release|Win32
	EndGlobalSection
	GlobalSection(SolutionProperties) = preSolution
		HideSolutionNode = FALSE
	EndGlobalSection
	GlobalSection(ExtensibilityGlobals) = postSolution
		SolutionGuid = {B9D22980-1648-49F1-B5C8-C5B338451791}
	EndGlobalSection
EndGlobal
