<?xml version="1.0" encoding="utf-8"?>
<Project ToolsVersion="4.0" xmlns="http://schemas.microsoft.com/developer/msbuild/2003">
  <ItemGroup>
    <Filter Include="Source Files">
      <UniqueIdentifier>{4FC737F1-C7A5-4376-A066-2A32D752A2FF}</UniqueIdentifier>
      <Extensions>cpp;c;cc;cxx;def;odl;idl;hpj;bat;asm;asmx</Extensions>
    </Filter>
    <Filter Include="Header Files">
      <UniqueIdentifier>{93995380-89BD-4b04-88EB-625FBE52EBFB}</UniqueIdentifier>
      <Extensions>h;hh;hpp;hxx;hm;inl;inc;xsd</Extensions>
    </Filter>
    <Filter Include="Resource Files">
      <UniqueIdentifier>{67DA6AB6-F800-4c08-8B7A-83BB121AAD01}</UniqueIdentifier>
      <Extensions>rc;ico;cur;bmp;dlg;rc2;rct;bin;rgs;gif;jpg;jpeg;jpe;resx;tiff;tif;png;wav;mfcribbon-ms</Extensions>
    </Filter>
    <Filter Include="engine">
      <UniqueIdentifier>{49da7b73-583e-4225-97c8-143aba12123d}</UniqueIdentifier>
    </Filter>
    <Filter Include="engine\input">
      <UniqueIdentifier>{469aa0e3-fa6d-47f7-a375-e2e85aba88e8}</UniqueIdentifier>
    </Filter>
    <Filter Include="stb">
      <UniqueIdentifier>{1f21af6d-638f-41e7-90f6-911dc8462924}</UniqueIdentifier>
    </Filter>
    <Filter Include="Source Files\States">
      <UniqueIdentifier>{0b93ccf1-9d20-4bf7-b2a4-e9de3699f5b3}</UniqueIdentifier>
    </Filter>
    <Filter Include="Source Files\Objects">
      <UniqueIdentifier>{55b24c36-0035-4e3b-9bb9-f4266adc63ee}</UniqueIdentifier>
    </Filter>
    <Filter Include="engine\ai">
      <UniqueIdentifier>{b492ddde-01e5-4226-aabe-2cf7384f8c57}</UniqueIdentifier>
    </Filter>
  </ItemGroup>
  <ItemGroup>
    <ClInclude Include="engine\input\Event.h">
      <Filter>engine\input</Filter>
    </ClInclude>
    <ClInclude Include="engine\input\KeyBorad.h">
      <Filter>engine\input</Filter>
    </ClInclude>
    <ClInclude Include="engine\input\Mouse.h">
      <Filter>engine\input</Filter>
    </ClInclude>
    <ClInclude Include="engine\AssetManger.h">
      <Filter>engine</Filter>
    </ClInclude>
    <ClInclude Include="engine\Batchrenderer.h">
      <Filter>engine</Filter>
    </ClInclude>
    <ClInclude Include="engine\Clock.h">
      <Filter>engine</Filter>
    </ClInclude>
    <ClInclude Include="engine\Extension.h">
      <Filter>engine</Filter>
    </ClInclude>
    <ClInclude Include="engine\Quad.h">
      <Filter>engine</Filter>
    </ClInclude>
    <ClInclude Include="engine\Random.h">
      <Filter>engine</Filter>
    </ClInclude>
    <ClInclude Include="engine\Shader.h">
      <Filter>engine</Filter>
    </ClInclude>
    <ClInclude Include="engine\Spritesheet.h">
      <Filter>engine</Filter>
    </ClInclude>
    <ClInclude Include="engine\Texture.h">
      <Filter>engine</Filter>
    </ClInclude>
    <ClInclude Include="engine\Timer.h">
      <Filter>engine</Filter>
    </ClInclude>
    <ClInclude Include="engine\Vector.h">
      <Filter>engine</Filter>
    </ClInclude>
    <ClInclude Include="Application.h">
      <Filter>Header Files</Filter>
    </ClInclude>
    <ClInclude Include="Constants.h">
      <Filter>Header Files</Filter>
    </ClInclude>
    <ClInclude Include="MapLoader.h">
      <Filter>Header Files</Filter>
    </ClInclude>
    <ClInclude Include="stb\stb_image.h">
      <Filter>stb</Filter>
    </ClInclude>
    <ClInclude Include="stb\stb_image_write.h">
      <Filter>stb</Filter>
    </ClInclude>
    <ClInclude Include="engine\input\EventDispatcher.h">
      <Filter>engine\input</Filter>
    </ClInclude>
    <ClInclude Include="engine\input\MouseEventListener.h">
      <Filter>engine\input</Filter>
    </ClInclude>
    <ClInclude Include="Game.h">
      <Filter>Source Files\States</Filter>
    </ClInclude>
    <ClInclude Include="StateMachine.h">
      <Filter>Source Files\States</Filter>
    </ClInclude>
    <ClInclude Include="Camera.h">
      <Filter>Header Files</Filter>
    </ClInclude>
    <ClInclude Include="CameraMapController.h">
      <Filter>Header Files</Filter>
    </ClInclude>
    <ClInclude Include="IsoLayer.h">
      <Filter>Header Files</Filter>
    </ClInclude>
    <ClInclude Include="IsoObject.h">
      <Filter>Header Files</Filter>
    </ClInclude>
    <ClInclude Include="engine\input\KeyboardEventListener.h">
      <Filter>engine\input</Filter>
    </ClInclude>
    <ClInclude Include="IsoMap.h">
      <Filter>Header Files</Filter>
    </ClInclude>
    <ClInclude Include="GameMap.h">
      <Filter>Header Files</Filter>
    </ClInclude>
    <ClInclude Include="GameMapCell.h">
      <Filter>Header Files</Filter>
    </ClInclude>
    <ClInclude Include="GameConstants.h">
      <Filter>Header Files</Filter>
    </ClInclude>
    <ClInclude Include="GameObject.h">
      <Filter>Source Files\Objects</Filter>
    </ClInclude>
    <ClInclude Include="Unit.h">
      <Filter>Source Files\Objects</Filter>
    </ClInclude>
    <ClInclude Include="ObjectData.h">
      <Filter>Source Files\Objects</Filter>
    </ClInclude>
    <ClInclude Include="Structure.h">
      <Filter>Source Files\Objects</Filter>
    </ClInclude>
    <ClInclude Include="Cell2D.h">
      <Filter>Header Files</Filter>
    </ClInclude>
    <ClInclude Include="IsometricMouse.h">
      <Filter>Header Files</Filter>
    </ClInclude>
    <ClInclude Include="Base.h">
      <Filter>Source Files\Objects</Filter>
    </ClInclude>
    <ClInclude Include="GameObjectAction.h">
      <Filter>Header Files</Filter>
    </ClInclude>
    <ClInclude Include="IPathMap.h">
      <Filter>engine\ai</Filter>
    </ClInclude>
    <ClInclude Include="Pathfinder.h">
      <Filter>engine\ai</Filter>
    </ClInclude>
    <ClInclude Include="PathNode.h">
      <Filter>engine\ai</Filter>
    </ClInclude>
    <ClInclude Include="ObjectPath.h">
      <Filter>Header Files</Filter>
    </ClInclude>
  </ItemGroup>
  <ItemGroup>
    <ClCompile Include="engine\input\KeyBoard.cpp">
      <Filter>engine\input</Filter>
    </ClCompile>
    <ClCompile Include="engine\input\Mouse.cpp">
      <Filter>engine\input</Filter>
    </ClCompile>
    <ClCompile Include="engine\Batchrenderer.cpp">
      <Filter>engine</Filter>
    </ClCompile>
    <ClCompile Include="engine\Extension.cpp">
      <Filter>engine</Filter>
    </ClCompile>
    <ClCompile Include="engine\Quad.cpp">
      <Filter>engine</Filter>
    </ClCompile>
    <ClCompile Include="engine\Random.cpp">
      <Filter>engine</Filter>
    </ClCompile>
    <ClCompile Include="engine\Shader.cpp">
      <Filter>engine</Filter>
    </ClCompile>
    <ClCompile Include="engine\Spritesheet.cpp">
      <Filter>engine</Filter>
    </ClCompile>
    <ClCompile Include="engine\Texture.cpp">
      <Filter>engine</Filter>
    </ClCompile>
    <ClCompile Include="engine\Timer.cpp">
      <Filter>engine</Filter>
    </ClCompile>
    <ClCompile Include="engine\Vector.cpp">
      <Filter>engine</Filter>
    </ClCompile>
    <ClCompile Include="Application.cpp">
      <Filter>Source Files</Filter>
    </ClCompile>
    <ClCompile Include="main.cpp">
      <Filter>Source Files</Filter>
    </ClCompile>
    <ClCompile Include="MapLoader.cpp">
      <Filter>Source Files</Filter>
    </ClCompile>
    <ClCompile Include="engine\input\EventDispatcher.cpp">
      <Filter>engine\input</Filter>
    </ClCompile>
    <ClCompile Include="engine\input\MouseEventListener.cpp">
      <Filter>engine\input</Filter>
    </ClCompile>
    <ClCompile Include="Game.cpp">
      <Filter>Source Files\States</Filter>
    </ClCompile>
    <ClCompile Include="StateMachine.cpp">
      <Filter>Source Files\States</Filter>
    </ClCompile>
    <ClCompile Include="Camera.cpp">
      <Filter>Source Files</Filter>
    </ClCompile>
    <ClCompile Include="CameraMapController.cpp">
      <Filter>Source Files</Filter>
    </ClCompile>
    <ClCompile Include="IsoObject.cpp">
      <Filter>Source Files</Filter>
    </ClCompile>
    <ClCompile Include="IsoLayer.cpp">
      <Filter>Source Files</Filter>
    </ClCompile>
    <ClCompile Include="engine\input\KeyboardEventListener.cpp">
      <Filter>engine\input</Filter>
    </ClCompile>
    <ClCompile Include="IsoMap.cpp">
      <Filter>Source Files</Filter>
    </ClCompile>
    <ClCompile Include="GameMap.cpp">
      <Filter>Source Files</Filter>
    </ClCompile>
    <ClCompile Include="GameMapCell.cpp">
      <Filter>Source Files</Filter>
    </ClCompile>
    <ClCompile Include="GameObject.cpp">
      <Filter>Source Files\Objects</Filter>
    </ClCompile>
    <ClCompile Include="Unit.cpp">
      <Filter>Source Files\Objects</Filter>
    </ClCompile>
    <ClCompile Include="ObjectData.cpp">
      <Filter>Source Files\Objects</Filter>
    </ClCompile>
    <ClCompile Include="Structure.cpp">
      <Filter>Source Files\Objects</Filter>
    </ClCompile>
    <ClCompile Include="IsometricMouse.cpp">
      <Filter>Source Files</Filter>
    </ClCompile>
    <ClCompile Include="Base.cpp">
      <Filter>Source Files\Objects</Filter>
    </ClCompile>
    <ClCompile Include="Pathfinder.cpp">
      <Filter>engine\ai</Filter>
    </ClCompile>
    <ClCompile Include="ObjectPath.cpp">
      <Filter>Source Files</Filter>
    </ClCompile>
  </ItemGroup>
</Project>