<?xml version="1.0" encoding="utf-8"?>
<Project ToolsVersion="4.0" xmlns="http://schemas.microsoft.com/developer/msbuild/2003">
  <ItemGroup>
    <Filter Include="Source Files">
      <UniqueIdentifier>{4FC737F1-C7A5-4376-A066-2A32D752A2FF}</UniqueIdentifier>
      <Extensions>cpp;c;cc;cxx;def;odl;idl;hpj;bat;asm;asmx</Extensions>
    </Filter>
    <Filter Include="Header Files">
      <UniqueIdentifier>{93995380-89BD-4b04-88EB-625FBE52EBFB}</UniqueIdentifier>
      <Extensions>h;hh;hpp;hxx;hm;inl;inc;xsd</Extensions>
    </Filter>
    <Filter Include="Resource Files">
      <UniqueIdentifier>{67DA6AB6-F800-4c08-8B7A-83BB121AAD01}</UniqueIdentifier>
      <Extensions>rc;ico;cur;bmp;dlg;rc2;rct;bin;rgs;gif;jpg;jpeg;jpe;resx;tiff;tif;png;wav;mfcribbon-ms</Extensions>
    </Filter>
    <Filter Include="compat">
      <UniqueIdentifier>{354279b3-559c-4708-b170-4378ba81fec3}</UniqueIdentifier>
    </Filter>
    <Filter Include="Object Files">
      <UniqueIdentifier>{07dcb4ef-c7fa-4e65-ae94-aa4705635f5e}</UniqueIdentifier>
    </Filter>
  </ItemGroup>
  <ItemGroup>
    <ClCompile Include="..\libmpg64\src\libmpg123\dct64.c">
      <Filter>Source Files</Filter>
    </ClCompile>
    <ClCompile Include="..\libmpg64\src\libmpg123\dct64_i386.c">
      <Filter>Source Files</Filter>
    </ClCompile>
    <ClCompile Include="..\libmpg64\src\libmpg123\equalizer.c">
      <Filter>Source Files</Filter>
    </ClCompile>
    <ClCompile Include="..\libmpg64\src\libmpg123\feature.c">
      <Filter>Source Files</Filter>
    </ClCompile>
    <ClCompile Include="..\libmpg64\src\libmpg123\format.c">
      <Filter>Source Files</Filter>
    </ClCompile>
    <ClCompile Include="..\libmpg64\src\libmpg123\frame.c">
      <Filter>Source Files</Filter>
    </ClCompile>
    <ClCompile Include="..\libmpg64\src\libmpg123\icy.c">
      <Filter>Source Files</Filter>
    </ClCompile>
    <ClCompile Include="..\libmpg64\src\libmpg123\icy2utf8.c">
      <Filter>Source Files</Filter>
    </ClCompile>
    <ClCompile Include="..\libmpg64\src\libmpg123\id3.c">
      <Filter>Source Files</Filter>
    </ClCompile>
    <ClCompile Include="..\libmpg64\src\libmpg123\index.c">
      <Filter>Source Files</Filter>
    </ClCompile>
    <ClCompile Include="..\libmpg64\src\libmpg123\layer1.c">
      <Filter>Source Files</Filter>
    </ClCompile>
    <ClCompile Include="..\libmpg64\src\libmpg123\layer2.c">
      <Filter>Source Files</Filter>
    </ClCompile>
    <ClCompile Include="..\libmpg64\src\libmpg123\layer3.c">
      <Filter>Source Files</Filter>
    </ClCompile>
    <ClCompile Include="..\libmpg64\src\libmpg123\lfs_alias.c">
      <Filter>Source Files</Filter>
    </ClCompile>
    <ClCompile Include="..\libmpg64\src\libmpg123\libmpg123.c">
      <Filter>Source Files</Filter>
    </ClCompile>
    <ClCompile Include="..\libmpg64\src\libmpg123\ntom.c">
      <Filter>Source Files</Filter>
    </ClCompile>
    <ClCompile Include="..\libmpg64\src\libmpg123\optimize.c">
      <Filter>Source Files</Filter>
    </ClCompile>
    <ClCompile Include="..\libmpg64\src\libmpg123\parse.c">
      <Filter>Source Files</Filter>
    </ClCompile>
    <ClCompile Include="..\libmpg64\src\libmpg123\readers.c">
      <Filter>Source Files</Filter>
    </ClCompile>
    <ClCompile Include="..\libmpg64\src\libmpg123\stringbuf.c">
      <Filter>Source Files</Filter>
    </ClCompile>
    <ClCompile Include="..\libmpg64\src\libmpg123\synth.c">
      <Filter>Source Files</Filter>
    </ClCompile>
    <ClCompile Include="..\libmpg64\src\libmpg123\synth_8bit.c">
      <Filter>Source Files</Filter>
    </ClCompile>
    <ClCompile Include="..\libmpg64\src\libmpg123\synth_real.c">
      <Filter>Source Files</Filter>
    </ClCompile>
    <ClCompile Include="..\libmpg64\src\libmpg123\synth_s32.c">
      <Filter>Source Files</Filter>
    </ClCompile>
    <ClCompile Include="..\libmpg64\src\libmpg123\tabinit.c">
      <Filter>Source Files</Filter>
    </ClCompile>
    <ClCompile Include="..\libmpg64\src\compat\compat.c">
      <Filter>compat</Filter>
    </ClCompile>
    <ClCompile Include="..\libmpg64\src\compat\compat_str.c">
      <Filter>compat</Filter>
    </ClCompile>
  </ItemGroup>
  <ItemGroup>
    <Object Include="dct36_sse.S.obj">
      <Filter>Object Files</Filter>
    </Object>
    <Object Include="dct64_sse_float.S.obj">
      <Filter>Object Files</Filter>
    </Object>
    <Object Include="synth_sse_accurate.S.obj">
      <Filter>Object Files</Filter>
    </Object>
    <Object Include="synth_sse_float.S.obj">
      <Filter>Object Files</Filter>
    </Object>
    <Object Include="synth_sse_s32.S.obj">
      <Filter>Object Files</Filter>
    </Object>
    <Object Include="synth_stereo_sse_accurate.S.obj">
      <Filter>Object Files</Filter>
    </Object>
    <Object Include="synth_stereo_sse_float.S.obj">
      <Filter>Object Files</Filter>
    </Object>
    <Object Include="synth_stereo_sse_s32.S.obj">
      <Filter>Object Files</Filter>
    </Object>
    <Object Include="tabinit_mmx.S.obj">
      <Filter>Object Files</Filter>
    </Object>
  </ItemGroup>
</Project>