<?xml version="1.0" encoding="utf-8"?>
<Project ToolsVersion="4.0" xmlns="http://schemas.microsoft.com/developer/msbuild/2003">
  <ItemGroup>
    <Filter Include="Source Files">
      <UniqueIdentifier>{4FC737F1-C7A5-4376-A066-2A32D752A2FF}</UniqueIdentifier>
      <Extensions>cpp;c;cc;cxx;def;odl;idl;hpj;bat;asm;asmx</Extensions>
    </Filter>
    <Filter Include="Header Files">
      <UniqueIdentifier>{93995380-89BD-4b04-88EB-625FBE52EBFB}</UniqueIdentifier>
      <Extensions>h;hh;hpp;hxx;hm;inl;inc;xsd</Extensions>
    </Filter>
    <Filter Include="Resource Files">
      <UniqueIdentifier>{67DA6AB6-F800-4c08-8B7A-83BB121AAD01}</UniqueIdentifier>
      <Extensions>rc;ico;cur;bmp;dlg;rc2;rct;bin;rgs;gif;jpg;jpeg;jpe;resx;tiff;tif;png;wav;mfcribbon-ms</Extensions>
    </Filter>
    <Filter Include="engine">
      <UniqueIdentifier>{2efd8a16-e806-4f62-8bd3-723bc7319ef6}</UniqueIdentifier>
    </Filter>
    <Filter Include="stb">
      <UniqueIdentifier>{613c780e-4a23-4357-9d12-fc7ca5f7fe92}</UniqueIdentifier>
    </Filter>
    <Filter Include="engine\animation">
      <UniqueIdentifier>{566e4df6-4ec5-49ee-90e0-a138e8d81162}</UniqueIdentifier>
    </Filter>
    <Filter Include="engine\collision">
      <UniqueIdentifier>{476cfd64-c65d-4f32-a15b-daf9c7f56c16}</UniqueIdentifier>
    </Filter>
    <Filter Include="engine\sound">
      <UniqueIdentifier>{2a74e703-efb0-4148-8147-3be18612f386}</UniqueIdentifier>
    </Filter>
    <Filter Include="engine\ui">
      <UniqueIdentifier>{766d9778-c463-42d7-9a46-709ccf4d1772}</UniqueIdentifier>
    </Filter>
    <Filter Include="box2d">
      <UniqueIdentifier>{dce9d654-adaf-42ad-ba82-ab1b4a36d0b8}</UniqueIdentifier>
    </Filter>
  </ItemGroup>
  <ItemGroup>
    <ClCompile Include="engine\animation\Animator.cpp">
      <Filter>engine\animation</Filter>
    </ClCompile>
    <ClCompile Include="engine\collision\Collision.cpp">
      <Filter>engine\collision</Filter>
    </ClCompile>
    <ClCompile Include="engine\ui\Text.cpp">
      <Filter>engine\ui</Filter>
    </ClCompile>
    <ClCompile Include="engine\sound\MusicBuffer.cpp">
      <Filter>engine\sound</Filter>
    </ClCompile>
    <ClCompile Include="engine\sound\SoundBuffer.cpp">
      <Filter>engine\sound</Filter>
    </ClCompile>
    <ClCompile Include="engine\sound\SoundDevice.cpp">
      <Filter>engine\sound</Filter>
    </ClCompile>
    <ClCompile Include="engine\sound\SoundEffectsPlayer.cpp">
      <Filter>engine\sound</Filter>
    </ClCompile>
    <ClCompile Include="engine\Batchrenderer.cpp">
      <Filter>engine</Filter>
    </ClCompile>
    <ClCompile Include="engine\CharacterSet.cpp">
      <Filter>engine</Filter>
    </ClCompile>
    <ClCompile Include="engine\Extension.cpp">
      <Filter>engine</Filter>
    </ClCompile>
    <ClCompile Include="engine\Quad.cpp">
      <Filter>engine</Filter>
    </ClCompile>
    <ClCompile Include="engine\Random.cpp">
      <Filter>engine</Filter>
    </ClCompile>
    <ClCompile Include="engine\Shader.cpp">
      <Filter>engine</Filter>
    </ClCompile>
    <ClCompile Include="engine\Spritesheet.cpp">
      <Filter>engine</Filter>
    </ClCompile>
    <ClCompile Include="engine\Spritesheet_old.cpp">
      <Filter>engine</Filter>
    </ClCompile>
    <ClCompile Include="engine\Texture.cpp">
      <Filter>engine</Filter>
    </ClCompile>
    <ClCompile Include="engine\Timer.cpp">
      <Filter>engine</Filter>
    </ClCompile>
    <ClCompile Include="engine\Vector.cpp">
      <Filter>engine</Filter>
    </ClCompile>
    <ClCompile Include="Application.cpp">
      <Filter>Source Files</Filter>
    </ClCompile>
    <ClCompile Include="main.cpp">
      <Filter>Source Files</Filter>
    </ClCompile>
    <ClCompile Include="StateMachine.cpp">
      <Filter>Source Files</Filter>
    </ClCompile>
  </ItemGroup>
  <ItemGroup>
    <ClInclude Include="stb\stb_image.h">
      <Filter>stb</Filter>
    </ClInclude>
    <ClInclude Include="engine\animation\Animator.h">
      <Filter>engine\animation</Filter>
    </ClInclude>
    <ClInclude Include="engine\collision\Collider.h">
      <Filter>engine\collision</Filter>
    </ClInclude>
    <ClInclude Include="engine\collision\Collision.h">
      <Filter>engine\collision</Filter>
    </ClInclude>
    <ClInclude Include="engine\ui\Text.h">
      <Filter>engine\ui</Filter>
    </ClInclude>
    <ClInclude Include="engine\sound\MusicBuffer.h">
      <Filter>engine\sound</Filter>
    </ClInclude>
    <ClInclude Include="engine\sound\SoundBuffer.h">
      <Filter>engine\sound</Filter>
    </ClInclude>
    <ClInclude Include="engine\sound\SoundDevice.h">
      <Filter>engine\sound</Filter>
    </ClInclude>
    <ClInclude Include="engine\sound\SoundEffectsPlayer.h">
      <Filter>engine\sound</Filter>
    </ClInclude>
    <ClInclude Include="engine\AssetManger.h">
      <Filter>engine</Filter>
    </ClInclude>
    <ClInclude Include="engine\Batchrenderer.h">
      <Filter>engine</Filter>
    </ClInclude>
    <ClInclude Include="engine\CharacterSet.h">
      <Filter>engine</Filter>
    </ClInclude>
    <ClInclude Include="engine\Clock.h">
      <Filter>engine</Filter>
    </ClInclude>
    <ClInclude Include="engine\Extension.h">
      <Filter>engine</Filter>
    </ClInclude>
    <ClInclude Include="engine\Quad.h">
      <Filter>engine</Filter>
    </ClInclude>
    <ClInclude Include="engine\Random.h">
      <Filter>engine</Filter>
    </ClInclude>
    <ClInclude Include="engine\Shader.h">
      <Filter>engine</Filter>
    </ClInclude>
    <ClInclude Include="engine\Spritesheet.h">
      <Filter>engine</Filter>
    </ClInclude>
    <ClInclude Include="engine\Spritesheet_old.h">
      <Filter>engine</Filter>
    </ClInclude>
    <ClInclude Include="engine\Texture.h">
      <Filter>engine</Filter>
    </ClInclude>
    <ClInclude Include="engine\Timer.h">
      <Filter>engine</Filter>
    </ClInclude>
    <ClInclude Include="engine\Vector.h">
      <Filter>engine</Filter>
    </ClInclude>
    <ClInclude Include="Constants.h">
      <Filter>Header Files</Filter>
    </ClInclude>
    <ClInclude Include="StateMachine.h">
      <Filter>Header Files</Filter>
    </ClInclude>
    <ClInclude Include="Application.h">
      <Filter>Header Files</Filter>
    </ClInclude>
  </ItemGroup>
</Project>