<?xml version="1.0" encoding="utf-8"?>
<Project ToolsVersion="4.0" xmlns="http://schemas.microsoft.com/developer/msbuild/2003">
  <ItemGroup>
    <Filter Include="Source Files">
      <UniqueIdentifier>{4FC737F1-C7A5-4376-A066-2A32D752A2FF}</UniqueIdentifier>
      <Extensions>cpp;c;cc;cxx;def;odl;idl;hpj;bat;asm;asmx</Extensions>
    </Filter>
    <Filter Include="Header Files">
      <UniqueIdentifier>{93995380-89BD-4b04-88EB-625FBE52EBFB}</UniqueIdentifier>
      <Extensions>h;hh;hpp;hxx;hm;inl;inc;xsd</Extensions>
    </Filter>
    <Filter Include="Resource Files">
      <UniqueIdentifier>{67DA6AB6-F800-4c08-8B7A-83BB121AAD01}</UniqueIdentifier>
      <Extensions>rc;ico;cur;bmp;dlg;rc2;rct;bin;rgs;gif;jpg;jpeg;jpe;resx;tiff;tif;png;wav;mfcribbon-ms</Extensions>
    </Filter>
    <Filter Include="engine">
      <UniqueIdentifier>{2efd8a16-e806-4f62-8bd3-723bc7319ef6}</UniqueIdentifier>
    </Filter>
    <Filter Include="stb">
      <UniqueIdentifier>{613c780e-4a23-4357-9d12-fc7ca5f7fe92}</UniqueIdentifier>
    </Filter>
    <Filter Include="engine\animation">
      <UniqueIdentifier>{566e4df6-4ec5-49ee-90e0-a138e8d81162}</UniqueIdentifier>
    </Filter>
    <Filter Include="engine\collision">
      <UniqueIdentifier>{476cfd64-c65d-4f32-a15b-daf9c7f56c16}</UniqueIdentifier>
    </Filter>
    <Filter Include="engine\sound">
      <UniqueIdentifier>{2a74e703-efb0-4148-8147-3be18612f386}</UniqueIdentifier>
    </Filter>
    <Filter Include="engine\ui">
      <UniqueIdentifier>{766d9778-c463-42d7-9a46-709ccf4d1772}</UniqueIdentifier>
    </Filter>
    <Filter Include="box2d">
      <UniqueIdentifier>{dce9d654-adaf-42ad-ba82-ab1b4a36d0b8}</UniqueIdentifier>
    </Filter>
    <Filter Include="nlohmann">
      <UniqueIdentifier>{3026cb4d-da0e-4a92-9192-d6ab72ff9d3c}</UniqueIdentifier>
    </Filter>
    <Filter Include="box2d\collision">
      <UniqueIdentifier>{45a365fd-8b59-4e5f-8510-6339ca49b0b3}</UniqueIdentifier>
    </Filter>
    <Filter Include="box2d\common">
      <UniqueIdentifier>{167f981c-7681-4973-aa93-7ba711fbd4e6}</UniqueIdentifier>
    </Filter>
    <Filter Include="box2d\dynamics">
      <UniqueIdentifier>{c826d19c-4b00-40cd-8aec-68f8b631e52d}</UniqueIdentifier>
    </Filter>
    <Filter Include="box2d\rope">
      <UniqueIdentifier>{7cc63c52-b943-4dd8-b09f-a747d5737d8f}</UniqueIdentifier>
    </Filter>
    <Filter Include="Source Files\Effects">
      <UniqueIdentifier>{0685fd47-e77e-4f02-8224-d09706b08a79}</UniqueIdentifier>
    </Filter>
    <Filter Include="Source Files\Entities">
      <UniqueIdentifier>{1d67922e-5184-4441-af71-7e7e7a5f0048}</UniqueIdentifier>
    </Filter>
    <Filter Include="Source Files\Objects">
      <UniqueIdentifier>{9abf56bd-619e-43e5-8258-0f5a179dbaaa}</UniqueIdentifier>
    </Filter>
    <Filter Include="Source Files\States">
      <UniqueIdentifier>{4e0ac0a0-c1b1-415c-bfc0-750b62370b6b}</UniqueIdentifier>
    </Filter>
    <Filter Include="Source Files\States\Machine">
      <UniqueIdentifier>{639f0bb5-4f82-4fa1-9c96-177c9a79cbb0}</UniqueIdentifier>
    </Filter>
    <Filter Include="Source Files\States\State">
      <UniqueIdentifier>{9d4133de-44e0-45f0-9821-1f29aa76551f}</UniqueIdentifier>
    </Filter>
    <Filter Include="Source Files\UI">
      <UniqueIdentifier>{8947ee8f-f620-4c5d-8067-9609a5e35436}</UniqueIdentifier>
    </Filter>
  </ItemGroup>
  <ItemGroup>
    <ClCompile Include="engine\animation\Animator.cpp">
      <Filter>engine\animation</Filter>
    </ClCompile>
    <ClCompile Include="engine\collision\Collision.cpp">
      <Filter>engine\collision</Filter>
    </ClCompile>
    <ClCompile Include="engine\ui\Text.cpp">
      <Filter>engine\ui</Filter>
    </ClCompile>
    <ClCompile Include="engine\sound\MusicBuffer.cpp">
      <Filter>engine\sound</Filter>
    </ClCompile>
    <ClCompile Include="engine\sound\SoundBuffer.cpp">
      <Filter>engine\sound</Filter>
    </ClCompile>
    <ClCompile Include="engine\sound\SoundDevice.cpp">
      <Filter>engine\sound</Filter>
    </ClCompile>
    <ClCompile Include="engine\sound\SoundEffectsPlayer.cpp">
      <Filter>engine\sound</Filter>
    </ClCompile>
    <ClCompile Include="engine\Batchrenderer.cpp">
      <Filter>engine</Filter>
    </ClCompile>
    <ClCompile Include="engine\CharacterSet.cpp">
      <Filter>engine</Filter>
    </ClCompile>
    <ClCompile Include="engine\Extension.cpp">
      <Filter>engine</Filter>
    </ClCompile>
    <ClCompile Include="engine\Quad.cpp">
      <Filter>engine</Filter>
    </ClCompile>
    <ClCompile Include="engine\Random.cpp">
      <Filter>engine</Filter>
    </ClCompile>
    <ClCompile Include="engine\Shader.cpp">
      <Filter>engine</Filter>
    </ClCompile>
    <ClCompile Include="engine\Spritesheet.cpp">
      <Filter>engine</Filter>
    </ClCompile>
    <ClCompile Include="engine\Spritesheet_old.cpp">
      <Filter>engine</Filter>
    </ClCompile>
    <ClCompile Include="engine\Texture.cpp">
      <Filter>engine</Filter>
    </ClCompile>
    <ClCompile Include="engine\Timer.cpp">
      <Filter>engine</Filter>
    </ClCompile>
    <ClCompile Include="engine\Vector.cpp">
      <Filter>engine</Filter>
    </ClCompile>
    <ClCompile Include="Application.cpp">
      <Filter>Source Files</Filter>
    </ClCompile>
    <ClCompile Include="main.cpp">
      <Filter>Source Files</Filter>
    </ClCompile>
    <ClCompile Include="Level.cpp">
      <Filter>Source Files</Filter>
    </ClCompile>
    <ClCompile Include="box2d-2.4.1\src\collision\b2_broad_phase.cpp">
      <Filter>box2d\collision</Filter>
    </ClCompile>
    <ClCompile Include="box2d-2.4.1\src\collision\b2_chain_shape.cpp">
      <Filter>box2d\collision</Filter>
    </ClCompile>
    <ClCompile Include="box2d-2.4.1\src\collision\b2_circle_shape.cpp">
      <Filter>box2d\collision</Filter>
    </ClCompile>
    <ClCompile Include="box2d-2.4.1\src\collision\b2_collide_circle.cpp">
      <Filter>box2d\collision</Filter>
    </ClCompile>
    <ClCompile Include="box2d-2.4.1\src\collision\b2_collide_edge.cpp">
      <Filter>box2d\collision</Filter>
    </ClCompile>
    <ClCompile Include="box2d-2.4.1\src\collision\b2_collide_polygon.cpp">
      <Filter>box2d\collision</Filter>
    </ClCompile>
    <ClCompile Include="box2d-2.4.1\src\collision\b2_collision.cpp">
      <Filter>box2d\collision</Filter>
    </ClCompile>
    <ClCompile Include="box2d-2.4.1\src\collision\b2_distance.cpp">
      <Filter>box2d\collision</Filter>
    </ClCompile>
    <ClCompile Include="box2d-2.4.1\src\collision\b2_dynamic_tree.cpp">
      <Filter>box2d\collision</Filter>
    </ClCompile>
    <ClCompile Include="box2d-2.4.1\src\collision\b2_edge_shape.cpp">
      <Filter>box2d\collision</Filter>
    </ClCompile>
    <ClCompile Include="box2d-2.4.1\src\collision\b2_polygon_shape.cpp">
      <Filter>box2d\collision</Filter>
    </ClCompile>
    <ClCompile Include="box2d-2.4.1\src\collision\b2_time_of_impact.cpp">
      <Filter>box2d\collision</Filter>
    </ClCompile>
    <ClCompile Include="box2d-2.4.1\src\common\b2_block_allocator.cpp">
      <Filter>box2d\common</Filter>
    </ClCompile>
    <ClCompile Include="box2d-2.4.1\src\common\b2_draw.cpp">
      <Filter>box2d\common</Filter>
    </ClCompile>
    <ClCompile Include="box2d-2.4.1\src\common\b2_math.cpp">
      <Filter>box2d\common</Filter>
    </ClCompile>
    <ClCompile Include="box2d-2.4.1\src\common\b2_settings.cpp">
      <Filter>box2d\common</Filter>
    </ClCompile>
    <ClCompile Include="box2d-2.4.1\src\common\b2_stack_allocator.cpp">
      <Filter>box2d\common</Filter>
    </ClCompile>
    <ClCompile Include="box2d-2.4.1\src\common\b2_timer.cpp">
      <Filter>box2d\common</Filter>
    </ClCompile>
    <ClCompile Include="box2d-2.4.1\src\dynamics\b2_body.cpp">
      <Filter>box2d\dynamics</Filter>
    </ClCompile>
    <ClCompile Include="box2d-2.4.1\src\dynamics\b2_chain_circle_contact.cpp">
      <Filter>box2d\dynamics</Filter>
    </ClCompile>
    <ClCompile Include="box2d-2.4.1\src\dynamics\b2_chain_polygon_contact.cpp">
      <Filter>box2d\dynamics</Filter>
    </ClCompile>
    <ClCompile Include="box2d-2.4.1\src\dynamics\b2_circle_contact.cpp">
      <Filter>box2d\dynamics</Filter>
    </ClCompile>
    <ClCompile Include="box2d-2.4.1\src\dynamics\b2_contact.cpp">
      <Filter>box2d\dynamics</Filter>
    </ClCompile>
    <ClCompile Include="box2d-2.4.1\src\dynamics\b2_contact_manager.cpp">
      <Filter>box2d\dynamics</Filter>
    </ClCompile>
    <ClCompile Include="box2d-2.4.1\src\dynamics\b2_contact_solver.cpp">
      <Filter>box2d\dynamics</Filter>
    </ClCompile>
    <ClCompile Include="box2d-2.4.1\src\dynamics\b2_distance_joint.cpp">
      <Filter>box2d\dynamics</Filter>
    </ClCompile>
    <ClCompile Include="box2d-2.4.1\src\dynamics\b2_edge_circle_contact.cpp">
      <Filter>box2d\dynamics</Filter>
    </ClCompile>
    <ClCompile Include="box2d-2.4.1\src\dynamics\b2_edge_polygon_contact.cpp">
      <Filter>box2d\dynamics</Filter>
    </ClCompile>
    <ClCompile Include="box2d-2.4.1\src\dynamics\b2_fixture.cpp">
      <Filter>box2d\dynamics</Filter>
    </ClCompile>
    <ClCompile Include="box2d-2.4.1\src\dynamics\b2_friction_joint.cpp">
      <Filter>box2d\dynamics</Filter>
    </ClCompile>
    <ClCompile Include="box2d-2.4.1\src\dynamics\b2_gear_joint.cpp">
      <Filter>box2d\dynamics</Filter>
    </ClCompile>
    <ClCompile Include="box2d-2.4.1\src\dynamics\b2_island.cpp">
      <Filter>box2d\dynamics</Filter>
    </ClCompile>
    <ClCompile Include="box2d-2.4.1\src\dynamics\b2_joint.cpp">
      <Filter>box2d\dynamics</Filter>
    </ClCompile>
    <ClCompile Include="box2d-2.4.1\src\dynamics\b2_motor_joint.cpp">
      <Filter>box2d\dynamics</Filter>
    </ClCompile>
    <ClCompile Include="box2d-2.4.1\src\dynamics\b2_mouse_joint.cpp">
      <Filter>box2d\dynamics</Filter>
    </ClCompile>
    <ClCompile Include="box2d-2.4.1\src\dynamics\b2_polygon_circle_contact.cpp">
      <Filter>box2d\dynamics</Filter>
    </ClCompile>
    <ClCompile Include="box2d-2.4.1\src\dynamics\b2_polygon_contact.cpp">
      <Filter>box2d\dynamics</Filter>
    </ClCompile>
    <ClCompile Include="box2d-2.4.1\src\dynamics\b2_prismatic_joint.cpp">
      <Filter>box2d\dynamics</Filter>
    </ClCompile>
    <ClCompile Include="box2d-2.4.1\src\dynamics\b2_pulley_joint.cpp">
      <Filter>box2d\dynamics</Filter>
    </ClCompile>
    <ClCompile Include="box2d-2.4.1\src\dynamics\b2_revolute_joint.cpp">
      <Filter>box2d\dynamics</Filter>
    </ClCompile>
    <ClCompile Include="box2d-2.4.1\src\dynamics\b2_weld_joint.cpp">
      <Filter>box2d\dynamics</Filter>
    </ClCompile>
    <ClCompile Include="box2d-2.4.1\src\dynamics\b2_wheel_joint.cpp">
      <Filter>box2d\dynamics</Filter>
    </ClCompile>
    <ClCompile Include="box2d-2.4.1\src\dynamics\b2_world.cpp">
      <Filter>box2d\dynamics</Filter>
    </ClCompile>
    <ClCompile Include="box2d-2.4.1\src\dynamics\b2_world_callbacks.cpp">
      <Filter>box2d\dynamics</Filter>
    </ClCompile>
    <ClCompile Include="box2d-2.4.1\src\rope\b2_rope.cpp">
      <Filter>box2d\rope</Filter>
    </ClCompile>
    <ClCompile Include="CharacterController.cpp">
      <Filter>Source Files</Filter>
    </ClCompile>
    <ClCompile Include="CharacterController_cs.cpp">
      <Filter>Source Files</Filter>
    </ClCompile>
    <ClCompile Include="MovingPlatform.cpp">
      <Filter>Source Files</Filter>
    </ClCompile>
    <ClCompile Include="CollisionHandler.cpp">
      <Filter>Source Files</Filter>
    </ClCompile>
    <ClCompile Include="ViewEffect.cpp">
      <Filter>Source Files\Effects</Filter>
    </ClCompile>
    <ClCompile Include="CharacterController_old.cpp">
      <Filter>Source Files</Filter>
    </ClCompile>
    <ClCompile Include="Entity.cpp">
      <Filter>Source Files\Entities</Filter>
    </ClCompile>
    <ClCompile Include="Object.cpp">
      <Filter>Source Files\Objects</Filter>
    </ClCompile>
    <ClCompile Include="RenderableObject.cpp">
      <Filter>Source Files\Objects</Filter>
    </ClCompile>
    <ClCompile Include="Barnacle.cpp">
      <Filter>Source Files\Entities</Filter>
    </ClCompile>
    <ClCompile Include="Player.cpp">
      <Filter>Source Files\Entities</Filter>
    </ClCompile>
    <ClCompile Include="StateMachine.cpp">
      <Filter>Source Files\States\Machine</Filter>
    </ClCompile>
    <ClCompile Include="Game.cpp">
      <Filter>Source Files\States\State</Filter>
    </ClCompile>
    <ClCompile Include="Menu.cpp">
      <Filter>Source Files\States\State</Filter>
    </ClCompile>
    <ClCompile Include="LevelSelect.cpp">
      <Filter>Source Files\States\State</Filter>
    </ClCompile>
    <ClCompile Include="Button.cpp">
      <Filter>Source Files\UI</Filter>
    </ClCompile>
    <ClCompile Include="MapLoader.cpp">
      <Filter>Source Files</Filter>
    </ClCompile>
    <ClCompile Include="Button_ls.cpp">
      <Filter>Source Files\UI</Filter>
    </ClCompile>
  </ItemGroup>
  <ItemGroup>
    <ClInclude Include="stb\stb_image.h">
      <Filter>stb</Filter>
    </ClInclude>
    <ClInclude Include="engine\animation\Animator.h">
      <Filter>engine\animation</Filter>
    </ClInclude>
    <ClInclude Include="engine\collision\Collider.h">
      <Filter>engine\collision</Filter>
    </ClInclude>
    <ClInclude Include="engine\collision\Collision.h">
      <Filter>engine\collision</Filter>
    </ClInclude>
    <ClInclude Include="engine\ui\Text.h">
      <Filter>engine\ui</Filter>
    </ClInclude>
    <ClInclude Include="engine\sound\MusicBuffer.h">
      <Filter>engine\sound</Filter>
    </ClInclude>
    <ClInclude Include="engine\sound\SoundBuffer.h">
      <Filter>engine\sound</Filter>
    </ClInclude>
    <ClInclude Include="engine\sound\SoundDevice.h">
      <Filter>engine\sound</Filter>
    </ClInclude>
    <ClInclude Include="engine\sound\SoundEffectsPlayer.h">
      <Filter>engine\sound</Filter>
    </ClInclude>
    <ClInclude Include="engine\AssetManger.h">
      <Filter>engine</Filter>
    </ClInclude>
    <ClInclude Include="engine\Batchrenderer.h">
      <Filter>engine</Filter>
    </ClInclude>
    <ClInclude Include="engine\CharacterSet.h">
      <Filter>engine</Filter>
    </ClInclude>
    <ClInclude Include="engine\Clock.h">
      <Filter>engine</Filter>
    </ClInclude>
    <ClInclude Include="engine\Extension.h">
      <Filter>engine</Filter>
    </ClInclude>
    <ClInclude Include="engine\Quad.h">
      <Filter>engine</Filter>
    </ClInclude>
    <ClInclude Include="engine\Random.h">
      <Filter>engine</Filter>
    </ClInclude>
    <ClInclude Include="engine\Shader.h">
      <Filter>engine</Filter>
    </ClInclude>
    <ClInclude Include="engine\Spritesheet.h">
      <Filter>engine</Filter>
    </ClInclude>
    <ClInclude Include="engine\Spritesheet_old.h">
      <Filter>engine</Filter>
    </ClInclude>
    <ClInclude Include="engine\Texture.h">
      <Filter>engine</Filter>
    </ClInclude>
    <ClInclude Include="engine\Timer.h">
      <Filter>engine</Filter>
    </ClInclude>
    <ClInclude Include="engine\Vector.h">
      <Filter>engine</Filter>
    </ClInclude>
    <ClInclude Include="Constants.h">
      <Filter>Header Files</Filter>
    </ClInclude>
    <ClInclude Include="Application.h">
      <Filter>Header Files</Filter>
    </ClInclude>
    <ClInclude Include="nlohmann\json.hpp">
      <Filter>nlohmann</Filter>
    </ClInclude>
    <ClInclude Include="Level.h">
      <Filter>Header Files</Filter>
    </ClInclude>
    <ClInclude Include="box2d-2.4.1\src\dynamics\b2_chain_circle_contact.h">
      <Filter>box2d\dynamics</Filter>
    </ClInclude>
    <ClInclude Include="box2d-2.4.1\src\dynamics\b2_chain_polygon_contact.h">
      <Filter>box2d\dynamics</Filter>
    </ClInclude>
    <ClInclude Include="box2d-2.4.1\src\dynamics\b2_circle_contact.h">
      <Filter>box2d\dynamics</Filter>
    </ClInclude>
    <ClInclude Include="box2d-2.4.1\src\dynamics\b2_contact_solver.h">
      <Filter>box2d\dynamics</Filter>
    </ClInclude>
    <ClInclude Include="box2d-2.4.1\src\dynamics\b2_edge_circle_contact.h">
      <Filter>box2d\dynamics</Filter>
    </ClInclude>
    <ClInclude Include="box2d-2.4.1\src\dynamics\b2_edge_polygon_contact.h">
      <Filter>box2d\dynamics</Filter>
    </ClInclude>
    <ClInclude Include="box2d-2.4.1\src\dynamics\b2_island.h">
      <Filter>box2d\dynamics</Filter>
    </ClInclude>
    <ClInclude Include="box2d-2.4.1\src\dynamics\b2_polygon_circle_contact.h">
      <Filter>box2d\dynamics</Filter>
    </ClInclude>
    <ClInclude Include="box2d-2.4.1\src\dynamics\b2_polygon_contact.h">
      <Filter>box2d\dynamics</Filter>
    </ClInclude>
    <ClInclude Include="CharacterController.h">
      <Filter>Header Files</Filter>
    </ClInclude>
    <ClInclude Include="CharacterController_cs.h">
      <Filter>Header Files</Filter>
    </ClInclude>
    <ClInclude Include="MovingPlatform.h">
      <Filter>Header Files</Filter>
    </ClInclude>
    <ClInclude Include="CollisionHandler.h">
      <Filter>Header Files</Filter>
    </ClInclude>
    <ClInclude Include="ViewEffect.h">
      <Filter>Source Files\Effects</Filter>
    </ClInclude>
    <ClInclude Include="CharacterController_old.h">
      <Filter>Header Files</Filter>
    </ClInclude>
    <ClInclude Include="ContactFilter.h">
      <Filter>Header Files</Filter>
    </ClInclude>
    <ClInclude Include="Entity.h">
      <Filter>Source Files\Entities</Filter>
    </ClInclude>
    <ClInclude Include="Object.h">
      <Filter>Source Files\Objects</Filter>
    </ClInclude>
    <ClInclude Include="RenderableObject.h">
      <Filter>Source Files\Objects</Filter>
    </ClInclude>
    <ClInclude Include="stb\stb_image_write.h">
      <Filter>stb</Filter>
    </ClInclude>
    <ClInclude Include="Barnacle.h">
      <Filter>Source Files\Entities</Filter>
    </ClInclude>
    <ClInclude Include="Player.h">
      <Filter>Source Files\Entities</Filter>
    </ClInclude>
    <ClInclude Include="StateMachine.h">
      <Filter>Source Files\States\Machine</Filter>
    </ClInclude>
    <ClInclude Include="Game.h">
      <Filter>Source Files\States\State</Filter>
    </ClInclude>
    <ClInclude Include="Menu.h">
      <Filter>Source Files\States\State</Filter>
    </ClInclude>
    <ClInclude Include="LevelSelect.h">
      <Filter>Source Files\States\State</Filter>
    </ClInclude>
    <ClInclude Include="Button.h">
      <Filter>Source Files\UI</Filter>
    </ClInclude>
    <ClInclude Include="MapLoader.h">
      <Filter>Header Files</Filter>
    </ClInclude>
    <ClInclude Include="Button_ls.h">
      <Filter>Source Files\UI</Filter>
    </ClInclude>
  </ItemGroup>
</Project>