<?xml version="1.0" encoding="utf-8"?>
<Project ToolsVersion="4.0" xmlns="http://schemas.microsoft.com/developer/msbuild/2003">
  <ItemGroup>
    <Filter Include="Source Files">
      <UniqueIdentifier>{4FC737F1-C7A5-4376-A066-2A32D752A2FF}</UniqueIdentifier>
      <Extensions>cpp;c;cc;cxx;def;odl;idl;hpj;bat;asm;asmx</Extensions>
    </Filter>
    <Filter Include="Header Files">
      <UniqueIdentifier>{93995380-89BD-4b04-88EB-625FBE52EBFB}</UniqueIdentifier>
      <Extensions>h;hh;hpp;hxx;hm;inl;inc;xsd</Extensions>
    </Filter>
    <Filter Include="box2d">
      <UniqueIdentifier>{d7cda3b3-0030-4260-b75e-14b4b5bf79c7}</UniqueIdentifier>
    </Filter>
    <Filter Include="engine">
      <UniqueIdentifier>{24c43c03-bde2-4c9b-b71e-d0f0cb0c7b6d}</UniqueIdentifier>
    </Filter>
    <Filter Include="box2d\collision">
      <UniqueIdentifier>{6f00dfeb-636c-4c57-a5c5-31e50b4f648b}</UniqueIdentifier>
    </Filter>
    <Filter Include="box2d\common">
      <UniqueIdentifier>{7eae19f9-81bb-4f9a-b208-2359fba5ff3c}</UniqueIdentifier>
    </Filter>
    <Filter Include="box2d\dynamics">
      <UniqueIdentifier>{972fb57d-172f-4190-a6f6-59cedacb41e5}</UniqueIdentifier>
    </Filter>
    <Filter Include="box2d\rope">
      <UniqueIdentifier>{4b0d1ae3-c2d8-49ff-a3a1-d3f8659cfef6}</UniqueIdentifier>
    </Filter>
    <Filter Include="nlohmann">
      <UniqueIdentifier>{ef684649-861b-4237-a788-9e5f6ccd6adf}</UniqueIdentifier>
    </Filter>
  </ItemGroup>
  <ItemGroup>
    <ClCompile Include="box2d-2.4.1\src\collision\b2_broad_phase.cpp">
      <Filter>box2d\collision</Filter>
    </ClCompile>
    <ClCompile Include="box2d-2.4.1\src\collision\b2_chain_shape.cpp">
      <Filter>box2d\collision</Filter>
    </ClCompile>
    <ClCompile Include="box2d-2.4.1\src\collision\b2_circle_shape.cpp">
      <Filter>box2d\collision</Filter>
    </ClCompile>
    <ClCompile Include="box2d-2.4.1\src\collision\b2_collide_circle.cpp">
      <Filter>box2d\collision</Filter>
    </ClCompile>
    <ClCompile Include="box2d-2.4.1\src\collision\b2_collide_edge.cpp">
      <Filter>box2d\collision</Filter>
    </ClCompile>
    <ClCompile Include="box2d-2.4.1\src\collision\b2_collide_polygon.cpp">
      <Filter>box2d\collision</Filter>
    </ClCompile>
    <ClCompile Include="box2d-2.4.1\src\collision\b2_collision.cpp">
      <Filter>box2d\collision</Filter>
    </ClCompile>
    <ClCompile Include="box2d-2.4.1\src\collision\b2_distance.cpp">
      <Filter>box2d\collision</Filter>
    </ClCompile>
    <ClCompile Include="box2d-2.4.1\src\collision\b2_dynamic_tree.cpp">
      <Filter>box2d\collision</Filter>
    </ClCompile>
    <ClCompile Include="box2d-2.4.1\src\collision\b2_edge_shape.cpp">
      <Filter>box2d\collision</Filter>
    </ClCompile>
    <ClCompile Include="box2d-2.4.1\src\collision\b2_polygon_shape.cpp">
      <Filter>box2d\collision</Filter>
    </ClCompile>
    <ClCompile Include="box2d-2.4.1\src\collision\b2_time_of_impact.cpp">
      <Filter>box2d\collision</Filter>
    </ClCompile>
    <ClCompile Include="box2d-2.4.1\src\common\b2_block_allocator.cpp">
      <Filter>box2d\common</Filter>
    </ClCompile>
    <ClCompile Include="box2d-2.4.1\src\common\b2_draw.cpp">
      <Filter>box2d\common</Filter>
    </ClCompile>
    <ClCompile Include="box2d-2.4.1\src\common\b2_math.cpp">
      <Filter>box2d\common</Filter>
    </ClCompile>
    <ClCompile Include="box2d-2.4.1\src\common\b2_settings.cpp">
      <Filter>box2d\common</Filter>
    </ClCompile>
    <ClCompile Include="box2d-2.4.1\src\common\b2_stack_allocator.cpp">
      <Filter>box2d\common</Filter>
    </ClCompile>
    <ClCompile Include="box2d-2.4.1\src\common\b2_timer.cpp">
      <Filter>box2d\common</Filter>
    </ClCompile>
    <ClCompile Include="box2d-2.4.1\src\dynamics\b2_body.cpp">
      <Filter>box2d\dynamics</Filter>
    </ClCompile>
    <ClCompile Include="box2d-2.4.1\src\dynamics\b2_chain_circle_contact.cpp">
      <Filter>box2d\dynamics</Filter>
    </ClCompile>
    <ClCompile Include="box2d-2.4.1\src\dynamics\b2_chain_polygon_contact.cpp">
      <Filter>box2d\dynamics</Filter>
    </ClCompile>
    <ClCompile Include="box2d-2.4.1\src\dynamics\b2_circle_contact.cpp">
      <Filter>box2d\dynamics</Filter>
    </ClCompile>
    <ClCompile Include="box2d-2.4.1\src\dynamics\b2_contact.cpp">
      <Filter>box2d\dynamics</Filter>
    </ClCompile>
    <ClCompile Include="box2d-2.4.1\src\dynamics\b2_contact_manager.cpp">
      <Filter>box2d\dynamics</Filter>
    </ClCompile>
    <ClCompile Include="box2d-2.4.1\src\dynamics\b2_contact_solver.cpp">
      <Filter>box2d\dynamics</Filter>
    </ClCompile>
    <ClCompile Include="box2d-2.4.1\src\dynamics\b2_distance_joint.cpp">
      <Filter>box2d\dynamics</Filter>
    </ClCompile>
    <ClCompile Include="box2d-2.4.1\src\dynamics\b2_edge_circle_contact.cpp">
      <Filter>box2d\dynamics</Filter>
    </ClCompile>
    <ClCompile Include="box2d-2.4.1\src\dynamics\b2_edge_polygon_contact.cpp">
      <Filter>box2d\dynamics</Filter>
    </ClCompile>
    <ClCompile Include="box2d-2.4.1\src\dynamics\b2_fixture.cpp">
      <Filter>box2d\dynamics</Filter>
    </ClCompile>
    <ClCompile Include="box2d-2.4.1\src\dynamics\b2_friction_joint.cpp">
      <Filter>box2d\dynamics</Filter>
    </ClCompile>
    <ClCompile Include="box2d-2.4.1\src\dynamics\b2_gear_joint.cpp">
      <Filter>box2d\dynamics</Filter>
    </ClCompile>
    <ClCompile Include="box2d-2.4.1\src\dynamics\b2_island.cpp">
      <Filter>box2d\dynamics</Filter>
    </ClCompile>
    <ClCompile Include="box2d-2.4.1\src\dynamics\b2_joint.cpp">
      <Filter>box2d\dynamics</Filter>
    </ClCompile>
    <ClCompile Include="box2d-2.4.1\src\dynamics\b2_motor_joint.cpp">
      <Filter>box2d\dynamics</Filter>
    </ClCompile>
    <ClCompile Include="box2d-2.4.1\src\dynamics\b2_mouse_joint.cpp">
      <Filter>box2d\dynamics</Filter>
    </ClCompile>
    <ClCompile Include="box2d-2.4.1\src\dynamics\b2_polygon_circle_contact.cpp">
      <Filter>box2d\dynamics</Filter>
    </ClCompile>
    <ClCompile Include="box2d-2.4.1\src\dynamics\b2_polygon_contact.cpp">
      <Filter>box2d\dynamics</Filter>
    </ClCompile>
    <ClCompile Include="box2d-2.4.1\src\dynamics\b2_prismatic_joint.cpp">
      <Filter>box2d\dynamics</Filter>
    </ClCompile>
    <ClCompile Include="box2d-2.4.1\src\dynamics\b2_pulley_joint.cpp">
      <Filter>box2d\dynamics</Filter>
    </ClCompile>
    <ClCompile Include="box2d-2.4.1\src\dynamics\b2_revolute_joint.cpp">
      <Filter>box2d\dynamics</Filter>
    </ClCompile>
    <ClCompile Include="box2d-2.4.1\src\dynamics\b2_weld_joint.cpp">
      <Filter>box2d\dynamics</Filter>
    </ClCompile>
    <ClCompile Include="box2d-2.4.1\src\dynamics\b2_wheel_joint.cpp">
      <Filter>box2d\dynamics</Filter>
    </ClCompile>
    <ClCompile Include="box2d-2.4.1\src\dynamics\b2_world.cpp">
      <Filter>box2d\dynamics</Filter>
    </ClCompile>
    <ClCompile Include="box2d-2.4.1\src\dynamics\b2_world_callbacks.cpp">
      <Filter>box2d\dynamics</Filter>
    </ClCompile>
    <ClCompile Include="box2d-2.4.1\src\rope\b2_rope.cpp">
      <Filter>box2d\rope</Filter>
    </ClCompile>
    <ClCompile Include="Application.cpp">
      <Filter>Source Files</Filter>
    </ClCompile>
    <ClCompile Include="CharacterController.cpp">
      <Filter>Source Files</Filter>
    </ClCompile>
    <ClCompile Include="CharacterController_cs.cpp">
      <Filter>Source Files</Filter>
    </ClCompile>
    <ClCompile Include="CharacterController_old.cpp">
      <Filter>Source Files</Filter>
    </ClCompile>
    <ClCompile Include="Level.cpp">
      <Filter>Source Files</Filter>
    </ClCompile>
    <ClCompile Include="main.cpp">
      <Filter>Source Files</Filter>
    </ClCompile>
    <ClCompile Include="MovingPlatform.cpp">
      <Filter>Source Files</Filter>
    </ClCompile>
    <ClCompile Include="engine\Vector.cpp">
      <Filter>engine</Filter>
    </ClCompile>
    <ClCompile Include="engine\Extension.cpp">
      <Filter>engine</Filter>
    </ClCompile>
  </ItemGroup>
  <ItemGroup>
    <ClInclude Include="box2d-2.4.1\src\dynamics\b2_chain_circle_contact.h">
      <Filter>box2d\dynamics</Filter>
    </ClInclude>
    <ClInclude Include="box2d-2.4.1\src\dynamics\b2_chain_polygon_contact.h">
      <Filter>box2d\dynamics</Filter>
    </ClInclude>
    <ClInclude Include="box2d-2.4.1\src\dynamics\b2_circle_contact.h">
      <Filter>box2d\dynamics</Filter>
    </ClInclude>
    <ClInclude Include="box2d-2.4.1\src\dynamics\b2_contact_solver.h">
      <Filter>box2d\dynamics</Filter>
    </ClInclude>
    <ClInclude Include="box2d-2.4.1\src\dynamics\b2_edge_circle_contact.h">
      <Filter>box2d\dynamics</Filter>
    </ClInclude>
    <ClInclude Include="box2d-2.4.1\src\dynamics\b2_edge_polygon_contact.h">
      <Filter>box2d\dynamics</Filter>
    </ClInclude>
    <ClInclude Include="box2d-2.4.1\src\dynamics\b2_island.h">
      <Filter>box2d\dynamics</Filter>
    </ClInclude>
    <ClInclude Include="box2d-2.4.1\src\dynamics\b2_polygon_circle_contact.h">
      <Filter>box2d\dynamics</Filter>
    </ClInclude>
    <ClInclude Include="box2d-2.4.1\src\dynamics\b2_polygon_contact.h">
      <Filter>box2d\dynamics</Filter>
    </ClInclude>
    <ClInclude Include="nlohmann\json.hpp">
      <Filter>nlohmann</Filter>
    </ClInclude>
    <ClInclude Include="Application.h">
      <Filter>Header Files</Filter>
    </ClInclude>
    <ClInclude Include="CharacterController.h">
      <Filter>Header Files</Filter>
    </ClInclude>
    <ClInclude Include="CharacterController_cs.h">
      <Filter>Header Files</Filter>
    </ClInclude>
    <ClInclude Include="CharacterController_old.h">
      <Filter>Header Files</Filter>
    </ClInclude>
    <ClInclude Include="Constants.h">
      <Filter>Header Files</Filter>
    </ClInclude>
    <ClInclude Include="Level.h">
      <Filter>Header Files</Filter>
    </ClInclude>
    <ClInclude Include="MovingPlatform.h">
      <Filter>Header Files</Filter>
    </ClInclude>
    <ClInclude Include="engine\Clock.h">
      <Filter>engine</Filter>
    </ClInclude>
    <ClInclude Include="engine\Vector.h">
      <Filter>engine</Filter>
    </ClInclude>
    <ClInclude Include="engine\Extension.h">
      <Filter>engine</Filter>
    </ClInclude>
  </ItemGroup>
</Project>